// !$*UTF8*$!
{
	archiveVersion = 1;
	classes = {
	};
	objectVersion = 50;
	objects = {

/* Begin PBXBuildFile section */
		4D252A16272F98C700FE8982 /* FeedImage.swift in Sources */ = {isa = PBXBuildFile; fileRef = 4D252A15272F98C700FE8982 /* FeedImage.swift */; };
		4D252A18272F991B00FE8982 /* FeedLoader.swift in Sources */ = {isa = PBXBuildFile; fileRef = 4D252A17272F991B00FE8982 /* FeedLoader.swift */; };
		4D252A1B272F9A0700FE8982 /* LoadFeedFromRemoteUseCaseTests.swift in Sources */ = {isa = PBXBuildFile; fileRef = 4D252A1A272F9A0700FE8982 /* LoadFeedFromRemoteUseCaseTests.swift */; };
		4D49A2042758686400260696 /* UIView+Shimmering.swift in Sources */ = {isa = PBXBuildFile; fileRef = 4D49A2032758686400260696 /* UIView+Shimmering.swift */; };
		4D6C612A2730E60B00AB0C2F /* RemoteFeedLoader.swift in Sources */ = {isa = PBXBuildFile; fileRef = 4D6C61292730E60B00AB0C2F /* RemoteFeedLoader.swift */; };
		4D846D7A27682B630015052C /* FeedViewControllerTests+Localization.swift in Sources */ = {isa = PBXBuildFile; fileRef = 4D846D7927682B630015052C /* FeedViewControllerTests+Localization.swift */; };
		4D846D7C27682C530015052C /* UIImage+TestHelpers.swift in Sources */ = {isa = PBXBuildFile; fileRef = 4D846D7B27682C530015052C /* UIImage+TestHelpers.swift */; };
		4D846D7E27682C700015052C /* UIButton+TestHelpers.swift in Sources */ = {isa = PBXBuildFile; fileRef = 4D846D7D27682C700015052C /* UIButton+TestHelpers.swift */; };
		4D846D8027682CA80015052C /* UIRefreshControl+TestHelpers.swift in Sources */ = {isa = PBXBuildFile; fileRef = 4D846D7F27682CA80015052C /* UIRefreshControl+TestHelpers.swift */; };
		4D846D82276831530015052C /* FeedImageCell+TestHelpers.swift in Sources */ = {isa = PBXBuildFile; fileRef = 4D846D81276831530015052C /* FeedImageCell+TestHelpers.swift */; };
		4D846D842768318B0015052C /* FeedViewController+TestHelpers.swift in Sources */ = {isa = PBXBuildFile; fileRef = 4D846D832768318B0015052C /* FeedViewController+TestHelpers.swift */; };
		4D846D86276831F80015052C /* FeedViewControllerTests+LoaderSpy.swift in Sources */ = {isa = PBXBuildFile; fileRef = 4D846D85276831F80015052C /* FeedViewControllerTests+LoaderSpy.swift */; };
		4D846D882768326D0015052C /* FeedViewControllerTests+Assertions.swift in Sources */ = {isa = PBXBuildFile; fileRef = 4D846D872768326D0015052C /* FeedViewControllerTests+Assertions.swift */; };
		4D846D8A276832F90015052C /* UIControl+TestHelpers.swift in Sources */ = {isa = PBXBuildFile; fileRef = 4D846D89276832F90015052C /* UIControl+TestHelpers.swift */; };
		4D846D8B276834E90015052C /* Feed.strings in Resources */ = {isa = PBXBuildFile; fileRef = 4D846D8D276834E90015052C /* Feed.strings */; };
		4D846D92276837440015052C /* FeedLocalizationTests.swift in Sources */ = {isa = PBXBuildFile; fileRef = 4D846D91276837440015052C /* FeedLocalizationTests.swift */; };
		4D9BDBFD272F983A006D6EC7 /* EssentialFeed.framework in Frameworks */ = {isa = PBXBuildFile; fileRef = 4D9BDBF3272F9839006D6EC7 /* EssentialFeed.framework */; };
		4D9BDC04272F983A006D6EC7 /* EssentialFeed.h in Headers */ = {isa = PBXBuildFile; fileRef = 4D9BDBF6272F9839006D6EC7 /* EssentialFeed.h */; settings = {ATTRIBUTES = (Public, ); }; };
		4D9C2DC127449E85001EA560 /* FeedStoreSpecs.swift in Sources */ = {isa = PBXBuildFile; fileRef = 4D9C2DC027449E85001EA560 /* FeedStoreSpecs.swift */; };
		4D9C2DC327449FAB001EA560 /* XCTestCase+FeedStoreSpecs.swift in Sources */ = {isa = PBXBuildFile; fileRef = 4D9C2DC227449FAB001EA560 /* XCTestCase+FeedStoreSpecs.swift */; };
		4D9C2DC72744A8C2001EA560 /* XCTestCase+FailableRetrieveFeedStoreSpecs.swift in Sources */ = {isa = PBXBuildFile; fileRef = 4D9C2DC62744A8C2001EA560 /* XCTestCase+FailableRetrieveFeedStoreSpecs.swift */; };
		4D9C6F8E27697F5900ECAD8B /* MainQueueDispatchDecorator.swift in Sources */ = {isa = PBXBuildFile; fileRef = 4D9C6F8D27697F5900ECAD8B /* MainQueueDispatchDecorator.swift */; };
		4D9C6F9027697FBD00ECAD8B /* FeedViewAdapter.swift in Sources */ = {isa = PBXBuildFile; fileRef = 4D9C6F8F27697FBD00ECAD8B /* FeedViewAdapter.swift */; };
		4D9C6F9227697FE300ECAD8B /* FeedImageDataLoaderPresentationAdapter.swift in Sources */ = {isa = PBXBuildFile; fileRef = 4D9C6F9127697FE300ECAD8B /* FeedImageDataLoaderPresentationAdapter.swift */; };
		4D9C6F9427697FFC00ECAD8B /* WeakRefVirtualProxy.swift in Sources */ = {isa = PBXBuildFile; fileRef = 4D9C6F9327697FFC00ECAD8B /* WeakRefVirtualProxy.swift */; };
		4D9C6F962769801100ECAD8B /* FeedLoaderPresentationAdapter.swift in Sources */ = {isa = PBXBuildFile; fileRef = 4D9C6F952769801100ECAD8B /* FeedLoaderPresentationAdapter.swift */; };
		4D9E0B53274B55A000D676FF /* EssentialFeed.framework in Frameworks */ = {isa = PBXBuildFile; fileRef = 4D9BDBF3272F9839006D6EC7 /* EssentialFeed.framework */; };
		4D9E97232745D38800AF9B88 /* XCTestCase+FailableInsertionFeedStoreSpecs.swift in Sources */ = {isa = PBXBuildFile; fileRef = 4D9E97222745D38800AF9B88 /* XCTestCase+FailableInsertionFeedStoreSpecs.swift */; };
		4D9E97252745D4DB00AF9B88 /* XCTestCase+FailableDeletionFeedStoreSpecs.swift in Sources */ = {isa = PBXBuildFile; fileRef = 4D9E97242745D4DB00AF9B88 /* XCTestCase+FailableDeletionFeedStoreSpecs.swift */; };
		4D9E97272745E7C600AF9B88 /* CoreDataFeedStoreTests.swift in Sources */ = {isa = PBXBuildFile; fileRef = 4D9E97262745E7C600AF9B88 /* CoreDataFeedStoreTests.swift */; };
		4D9E972A2745EAE500AF9B88 /* FeedStore.xcdatamodeld in Sources */ = {isa = PBXBuildFile; fileRef = 4D9E97282745EAE500AF9B88 /* FeedStore.xcdatamodeld */; };
		4D9E972C2745F25A00AF9B88 /* CoreDataFeedStore.swift in Sources */ = {isa = PBXBuildFile; fileRef = 4D9E972B2745F25A00AF9B88 /* CoreDataFeedStore.swift */; };
		4D9E972F274606F700AF9B88 /* CoreDataHelpers.swift in Sources */ = {isa = PBXBuildFile; fileRef = 4D9E972E274606F700AF9B88 /* CoreDataHelpers.swift */; };
		4D9E97312746084B00AF9B88 /* ManagedCache.swift in Sources */ = {isa = PBXBuildFile; fileRef = 4D9E97302746084B00AF9B88 /* ManagedCache.swift */; };
		4D9E97332746088900AF9B88 /* ManagedFeedImage.swift in Sources */ = {isa = PBXBuildFile; fileRef = 4D9E97322746088900AF9B88 /* ManagedFeedImage.swift */; };
		4DA00F7427360A0C009496D6 /* HTTPClient.swift in Sources */ = {isa = PBXBuildFile; fileRef = 4DA00F7327360A0C009496D6 /* HTTPClient.swift */; };
		4DA00F7627360A54009496D6 /* FeedItemMapper.swift in Sources */ = {isa = PBXBuildFile; fileRef = 4DA00F7527360A54009496D6 /* FeedItemMapper.swift */; };
		4DA078832740A86E0087273A /* ValidateFeedCacheUseCaseTests.swift in Sources */ = {isa = PBXBuildFile; fileRef = 4DA078822740A86E0087273A /* ValidateFeedCacheUseCaseTests.swift */; };
		4DA078852741EB690087273A /* FeedCacheTestHelper.swift in Sources */ = {isa = PBXBuildFile; fileRef = 4DA078842741EB690087273A /* FeedCacheTestHelper.swift */; };
		4DA078872741EC3E0087273A /* SharedTestHelpers.swift in Sources */ = {isa = PBXBuildFile; fileRef = 4DA078862741EC3E0087273A /* SharedTestHelpers.swift */; };
		4DA078892741FDF20087273A /* FeedCachePolicy.swift in Sources */ = {isa = PBXBuildFile; fileRef = 4DA078882741FDF20087273A /* FeedCachePolicy.swift */; };
		4DA124FB2738E2570024ECCF /* XCTTestCase+MemoryLeakTracking.swift in Sources */ = {isa = PBXBuildFile; fileRef = 4DA124FA2738E2570024ECCF /* XCTTestCase+MemoryLeakTracking.swift */; };
		4DA658E0274B3182004E8F78 /* FeedUIIntegrationTests.swift in Sources */ = {isa = PBXBuildFile; fileRef = 4DA658DF274B3182004E8F78 /* FeedUIIntegrationTests.swift */; };
		4DA658E1274B381E004E8F78 /* XCTTestCase+MemoryLeakTracking.swift in Sources */ = {isa = PBXBuildFile; fileRef = 4DA124FA2738E2570024ECCF /* XCTTestCase+MemoryLeakTracking.swift */; };
		4DA658E3274B47AA004E8F78 /* FeedViewController.swift in Sources */ = {isa = PBXBuildFile; fileRef = 4DA658E2274B47AA004E8F78 /* FeedViewController.swift */; };
		4DA964812759B0A200652715 /* FeedImageDataLoader.swift in Sources */ = {isa = PBXBuildFile; fileRef = 4DA964802759B0A200652715 /* FeedImageDataLoader.swift */; };
		4DA964852759BB5900652715 /* FeedImageCellController.swift in Sources */ = {isa = PBXBuildFile; fileRef = 4DA964842759BB5900652715 /* FeedImageCellController.swift */; };
		4DA964882759C1C200652715 /* FeedUIComposer.swift in Sources */ = {isa = PBXBuildFile; fileRef = 4DA964872759C1C200652715 /* FeedUIComposer.swift */; };
		4DAB3619276C29C500221D11 /* ErrorView.swift in Sources */ = {isa = PBXBuildFile; fileRef = 4DAB3618276C29C500221D11 /* ErrorView.swift */; };
		4DAF9E76273F445600D54018 /* LocalFeedLoader.swift in Sources */ = {isa = PBXBuildFile; fileRef = 4DAF9E75273F445600D54018 /* LocalFeedLoader.swift */; };
		4DAF9E78273F455300D54018 /* FeedStore.swift in Sources */ = {isa = PBXBuildFile; fileRef = 4DAF9E77273F455300D54018 /* FeedStore.swift */; };
		4DAF9E7A273F517E00D54018 /* RemoteFeedItem.swift in Sources */ = {isa = PBXBuildFile; fileRef = 4DAF9E79273F517E00D54018 /* RemoteFeedItem.swift */; };
		4DAF9E7E273F528600D54018 /* LocalFeedImage.swift in Sources */ = {isa = PBXBuildFile; fileRef = 4DAF9E7D273F528600D54018 /* LocalFeedImage.swift */; };
		4DAF9E80273F5EAF00D54018 /* LoadFeedFromCacheUseCaseTests.swift in Sources */ = {isa = PBXBuildFile; fileRef = 4DAF9E7F273F5EAF00D54018 /* LoadFeedFromCacheUseCaseTests.swift */; };
		4DAF9E83273F609500D54018 /* FeedStoreSpy.swift in Sources */ = {isa = PBXBuildFile; fileRef = 4DAF9E82273F609500D54018 /* FeedStoreSpy.swift */; };
		4DB5F6C027376B75007425A4 /* URLSessionHTTPClientTests.swift in Sources */ = {isa = PBXBuildFile; fileRef = 4DB5F6BF27376B75007425A4 /* URLSessionHTTPClientTests.swift */; };
		4DB6A399275EFF1400206CCE /* FeedLoadingViewModel.swift in Sources */ = {isa = PBXBuildFile; fileRef = 4DB6A398275EFF1400206CCE /* FeedLoadingViewModel.swift */; };
		4DB6A39B275EFF2500206CCE /* FeedViewModel.swift in Sources */ = {isa = PBXBuildFile; fileRef = 4DB6A39A275EFF2500206CCE /* FeedViewModel.swift */; };
		4DB6A39D275F011100206CCE /* FeedImagePresenter.swift in Sources */ = {isa = PBXBuildFile; fileRef = 4DB6A39C275F011100206CCE /* FeedImagePresenter.swift */; };
		4DB6FF04273B50AC0016EBA4 /* URLSessionHTTPClient.swift in Sources */ = {isa = PBXBuildFile; fileRef = 4DB6FF03273B50AC0016EBA4 /* URLSessionHTTPClient.swift */; };
		4DB6FF0C273B59F00016EBA4 /* EssentialFeedAPIEndToEndTests.swift in Sources */ = {isa = PBXBuildFile; fileRef = 4DB6FF0B273B59F00016EBA4 /* EssentialFeedAPIEndToEndTests.swift */; };
		4DB6FF0D273B59F00016EBA4 /* EssentialFeed.framework in Frameworks */ = {isa = PBXBuildFile; fileRef = 4D9BDBF3272F9839006D6EC7 /* EssentialFeed.framework */; };
		4DB6FF13273B66B70016EBA4 /* XCTTestCase+MemoryLeakTracking.swift in Sources */ = {isa = PBXBuildFile; fileRef = 4DA124FA2738E2570024ECCF /* XCTTestCase+MemoryLeakTracking.swift */; };
		4DB8DE212761853E0091EF34 /* Feed.storyboard in Resources */ = {isa = PBXBuildFile; fileRef = 4DB8DE202761853E0091EF34 /* Feed.storyboard */; };
		4DB8DE23276185B30091EF34 /* Feed.xcassets in Resources */ = {isa = PBXBuildFile; fileRef = 4DB8DE22276185B30091EF34 /* Feed.xcassets */; };
		4DB8DE252761983B0091EF34 /* UITableView+Dequeueing.swift in Sources */ = {isa = PBXBuildFile; fileRef = 4DB8DE242761983B0091EF34 /* UITableView+Dequeueing.swift */; };
		4DB8DE2727619A6F0091EF34 /* UIImageView+Animations.swift in Sources */ = {isa = PBXBuildFile; fileRef = 4DB8DE2627619A6F0091EF34 /* UIImageView+Animations.swift */; };
		4DBDD7E8275DA803006887D7 /* FeedPresenter.swift in Sources */ = {isa = PBXBuildFile; fileRef = 4DBDD7E7275DA803006887D7 /* FeedPresenter.swift */; };
		4DC08EEB276065C200B1358D /* FeedImageViewModel.swift in Sources */ = {isa = PBXBuildFile; fileRef = 4DC08EEA276065C200B1358D /* FeedImageViewModel.swift */; };
		4DC92DEB273DFBDC00DFE9EB /* CacheFeedUseCaseTests.swift in Sources */ = {isa = PBXBuildFile; fileRef = 4DC92DEA273DFBDC00DFE9EB /* CacheFeedUseCaseTests.swift */; };
		4DD9FD5D274B187E003761C7 /* EssentialFeediOS.framework in Frameworks */ = {isa = PBXBuildFile; fileRef = 4DD9FD55274B187E003761C7 /* EssentialFeediOS.framework */; };
		4DDCD8AB274725A8001C124E /* EssentialFeedCacheIntegrationTests.swift in Sources */ = {isa = PBXBuildFile; fileRef = 4DDCD8AA274725A8001C124E /* EssentialFeedCacheIntegrationTests.swift */; };
		4DDCD8AC274725A8001C124E /* EssentialFeed.framework in Frameworks */ = {isa = PBXBuildFile; fileRef = 4D9BDBF3272F9839006D6EC7 /* EssentialFeed.framework */; };
		4DDCD8B227472988001C124E /* XCTTestCase+MemoryLeakTracking.swift in Sources */ = {isa = PBXBuildFile; fileRef = 4DA124FA2738E2570024ECCF /* XCTTestCase+MemoryLeakTracking.swift */; };
		4DDCD8B327472E2D001C124E /* FeedCacheTestHelper.swift in Sources */ = {isa = PBXBuildFile; fileRef = 4DA078842741EB690087273A /* FeedCacheTestHelper.swift */; };
		4DDCD8B427472E38001C124E /* SharedTestHelpers.swift in Sources */ = {isa = PBXBuildFile; fileRef = 4DA078862741EC3E0087273A /* SharedTestHelpers.swift */; };
		4DF6B76A27545F5E003A34FD /* FeedImageCell.swift in Sources */ = {isa = PBXBuildFile; fileRef = 4DF6B76927545F5E003A34FD /* FeedImageCell.swift */; };
/* End PBXBuildFile section */

/* Begin PBXContainerItemProxy section */
		4D9BDBFE272F983A006D6EC7 /* PBXContainerItemProxy */ = {
			isa = PBXContainerItemProxy;
			containerPortal = 4D9BDBEA272F9839006D6EC7 /* Project object */;
			proxyType = 1;
			remoteGlobalIDString = 4D9BDBF2272F9839006D6EC7;
			remoteInfo = EssentialFeed;
		};
		4DB6FF0E273B59F00016EBA4 /* PBXContainerItemProxy */ = {
			isa = PBXContainerItemProxy;
			containerPortal = 4D9BDBEA272F9839006D6EC7 /* Project object */;
			proxyType = 1;
			remoteGlobalIDString = 4D9BDBF2272F9839006D6EC7;
			remoteInfo = EssentialFeed;
		};
		4DD9FD5E274B187E003761C7 /* PBXContainerItemProxy */ = {
			isa = PBXContainerItemProxy;
			containerPortal = 4D9BDBEA272F9839006D6EC7 /* Project object */;
			proxyType = 1;
			remoteGlobalIDString = 4DD9FD54274B187E003761C7;
			remoteInfo = EssentialFeediOS;
		};
		4DDCD8AD274725A8001C124E /* PBXContainerItemProxy */ = {
			isa = PBXContainerItemProxy;
			containerPortal = 4D9BDBEA272F9839006D6EC7 /* Project object */;
			proxyType = 1;
			remoteGlobalIDString = 4D9BDBF2272F9839006D6EC7;
			remoteInfo = EssentialFeed;
		};
/* End PBXContainerItemProxy section */

/* Begin PBXFileReference section */
		4D252A15272F98C700FE8982 /* FeedImage.swift */ = {isa = PBXFileReference; lastKnownFileType = sourcecode.swift; path = FeedImage.swift; sourceTree = "<group>"; };
		4D252A17272F991B00FE8982 /* FeedLoader.swift */ = {isa = PBXFileReference; lastKnownFileType = sourcecode.swift; path = FeedLoader.swift; sourceTree = "<group>"; };
		4D252A1A272F9A0700FE8982 /* LoadFeedFromRemoteUseCaseTests.swift */ = {isa = PBXFileReference; lastKnownFileType = sourcecode.swift; path = LoadFeedFromRemoteUseCaseTests.swift; sourceTree = "<group>"; };
		4D49A2032758686400260696 /* UIView+Shimmering.swift */ = {isa = PBXFileReference; lastKnownFileType = sourcecode.swift; path = "UIView+Shimmering.swift"; sourceTree = "<group>"; };
		4D6C61292730E60B00AB0C2F /* RemoteFeedLoader.swift */ = {isa = PBXFileReference; lastKnownFileType = sourcecode.swift; path = RemoteFeedLoader.swift; sourceTree = "<group>"; };
		4D846D7927682B630015052C /* FeedViewControllerTests+Localization.swift */ = {isa = PBXFileReference; lastKnownFileType = sourcecode.swift; path = "FeedViewControllerTests+Localization.swift"; sourceTree = "<group>"; };
		4D846D7B27682C530015052C /* UIImage+TestHelpers.swift */ = {isa = PBXFileReference; lastKnownFileType = sourcecode.swift; path = "UIImage+TestHelpers.swift"; sourceTree = "<group>"; };
		4D846D7D27682C700015052C /* UIButton+TestHelpers.swift */ = {isa = PBXFileReference; lastKnownFileType = sourcecode.swift; path = "UIButton+TestHelpers.swift"; sourceTree = "<group>"; };
		4D846D7F27682CA80015052C /* UIRefreshControl+TestHelpers.swift */ = {isa = PBXFileReference; lastKnownFileType = sourcecode.swift; path = "UIRefreshControl+TestHelpers.swift"; sourceTree = "<group>"; };
		4D846D81276831530015052C /* FeedImageCell+TestHelpers.swift */ = {isa = PBXFileReference; lastKnownFileType = sourcecode.swift; path = "FeedImageCell+TestHelpers.swift"; sourceTree = "<group>"; };
		4D846D832768318B0015052C /* FeedViewController+TestHelpers.swift */ = {isa = PBXFileReference; lastKnownFileType = sourcecode.swift; path = "FeedViewController+TestHelpers.swift"; sourceTree = "<group>"; };
		4D846D85276831F80015052C /* FeedViewControllerTests+LoaderSpy.swift */ = {isa = PBXFileReference; lastKnownFileType = sourcecode.swift; path = "FeedViewControllerTests+LoaderSpy.swift"; sourceTree = "<group>"; };
		4D846D872768326D0015052C /* FeedViewControllerTests+Assertions.swift */ = {isa = PBXFileReference; lastKnownFileType = sourcecode.swift; path = "FeedViewControllerTests+Assertions.swift"; sourceTree = "<group>"; };
		4D846D89276832F90015052C /* UIControl+TestHelpers.swift */ = {isa = PBXFileReference; lastKnownFileType = sourcecode.swift; path = "UIControl+TestHelpers.swift"; sourceTree = "<group>"; };
		4D846D8C276834E90015052C /* en */ = {isa = PBXFileReference; lastKnownFileType = text.plist.strings; name = en; path = en.lproj/Feed.strings; sourceTree = "<group>"; };
		4D846D8E2768353E0015052C /* pt-BR */ = {isa = PBXFileReference; lastKnownFileType = text.plist.strings; name = "pt-BR"; path = "pt-BR.lproj/Feed.strings"; sourceTree = "<group>"; };
		4D846D8F2768358C0015052C /* el */ = {isa = PBXFileReference; lastKnownFileType = text.plist.strings; name = el; path = el.lproj/Feed.strings; sourceTree = "<group>"; };
		4D846D91276837440015052C /* FeedLocalizationTests.swift */ = {isa = PBXFileReference; lastKnownFileType = sourcecode.swift; path = FeedLocalizationTests.swift; sourceTree = "<group>"; };
		4D9BDBF3272F9839006D6EC7 /* EssentialFeed.framework */ = {isa = PBXFileReference; explicitFileType = wrapper.framework; includeInIndex = 0; path = EssentialFeed.framework; sourceTree = BUILT_PRODUCTS_DIR; };
		4D9BDBF6272F9839006D6EC7 /* EssentialFeed.h */ = {isa = PBXFileReference; lastKnownFileType = sourcecode.c.h; path = EssentialFeed.h; sourceTree = "<group>"; };
		4D9BDBF7272F9839006D6EC7 /* Info.plist */ = {isa = PBXFileReference; lastKnownFileType = text.plist.xml; path = Info.plist; sourceTree = "<group>"; };
		4D9BDBFC272F983A006D6EC7 /* EssentialFeedTests.xctest */ = {isa = PBXFileReference; explicitFileType = wrapper.cfbundle; includeInIndex = 0; path = EssentialFeedTests.xctest; sourceTree = BUILT_PRODUCTS_DIR; };
		4D9BDC03272F983A006D6EC7 /* Info.plist */ = {isa = PBXFileReference; lastKnownFileType = text.plist.xml; path = Info.plist; sourceTree = "<group>"; };
		4D9C2DC027449E85001EA560 /* FeedStoreSpecs.swift */ = {isa = PBXFileReference; lastKnownFileType = sourcecode.swift; path = FeedStoreSpecs.swift; sourceTree = "<group>"; };
		4D9C2DC227449FAB001EA560 /* XCTestCase+FeedStoreSpecs.swift */ = {isa = PBXFileReference; lastKnownFileType = sourcecode.swift; path = "XCTestCase+FeedStoreSpecs.swift"; sourceTree = "<group>"; };
		4D9C2DC62744A8C2001EA560 /* XCTestCase+FailableRetrieveFeedStoreSpecs.swift */ = {isa = PBXFileReference; lastKnownFileType = sourcecode.swift; path = "XCTestCase+FailableRetrieveFeedStoreSpecs.swift"; sourceTree = "<group>"; };
		4D9C6F8D27697F5900ECAD8B /* MainQueueDispatchDecorator.swift */ = {isa = PBXFileReference; lastKnownFileType = sourcecode.swift; path = MainQueueDispatchDecorator.swift; sourceTree = "<group>"; };
		4D9C6F8F27697FBD00ECAD8B /* FeedViewAdapter.swift */ = {isa = PBXFileReference; lastKnownFileType = sourcecode.swift; path = FeedViewAdapter.swift; sourceTree = "<group>"; };
		4D9C6F9127697FE300ECAD8B /* FeedImageDataLoaderPresentationAdapter.swift */ = {isa = PBXFileReference; lastKnownFileType = sourcecode.swift; path = FeedImageDataLoaderPresentationAdapter.swift; sourceTree = "<group>"; };
		4D9C6F9327697FFC00ECAD8B /* WeakRefVirtualProxy.swift */ = {isa = PBXFileReference; lastKnownFileType = sourcecode.swift; path = WeakRefVirtualProxy.swift; sourceTree = "<group>"; };
		4D9C6F952769801100ECAD8B /* FeedLoaderPresentationAdapter.swift */ = {isa = PBXFileReference; lastKnownFileType = sourcecode.swift; path = FeedLoaderPresentationAdapter.swift; sourceTree = "<group>"; };
		4D9E97222745D38800AF9B88 /* XCTestCase+FailableInsertionFeedStoreSpecs.swift */ = {isa = PBXFileReference; lastKnownFileType = sourcecode.swift; path = "XCTestCase+FailableInsertionFeedStoreSpecs.swift"; sourceTree = "<group>"; };
		4D9E97242745D4DB00AF9B88 /* XCTestCase+FailableDeletionFeedStoreSpecs.swift */ = {isa = PBXFileReference; lastKnownFileType = sourcecode.swift; path = "XCTestCase+FailableDeletionFeedStoreSpecs.swift"; sourceTree = "<group>"; };
		4D9E97262745E7C600AF9B88 /* CoreDataFeedStoreTests.swift */ = {isa = PBXFileReference; lastKnownFileType = sourcecode.swift; path = CoreDataFeedStoreTests.swift; sourceTree = "<group>"; };
		4D9E97292745EAE500AF9B88 /* FeedStore.xcdatamodel */ = {isa = PBXFileReference; lastKnownFileType = wrapper.xcdatamodel; path = FeedStore.xcdatamodel; sourceTree = "<group>"; };
		4D9E972B2745F25A00AF9B88 /* CoreDataFeedStore.swift */ = {isa = PBXFileReference; lastKnownFileType = sourcecode.swift; path = CoreDataFeedStore.swift; sourceTree = "<group>"; };
		4D9E972E274606F700AF9B88 /* CoreDataHelpers.swift */ = {isa = PBXFileReference; lastKnownFileType = sourcecode.swift; path = CoreDataHelpers.swift; sourceTree = "<group>"; };
		4D9E97302746084B00AF9B88 /* ManagedCache.swift */ = {isa = PBXFileReference; lastKnownFileType = sourcecode.swift; path = ManagedCache.swift; sourceTree = "<group>"; };
		4D9E97322746088900AF9B88 /* ManagedFeedImage.swift */ = {isa = PBXFileReference; lastKnownFileType = sourcecode.swift; path = ManagedFeedImage.swift; sourceTree = "<group>"; };
		4DA00F7327360A0C009496D6 /* HTTPClient.swift */ = {isa = PBXFileReference; lastKnownFileType = sourcecode.swift; path = HTTPClient.swift; sourceTree = "<group>"; };
		4DA00F7527360A54009496D6 /* FeedItemMapper.swift */ = {isa = PBXFileReference; lastKnownFileType = sourcecode.swift; path = FeedItemMapper.swift; sourceTree = "<group>"; };
		4DA078822740A86E0087273A /* ValidateFeedCacheUseCaseTests.swift */ = {isa = PBXFileReference; lastKnownFileType = sourcecode.swift; path = ValidateFeedCacheUseCaseTests.swift; sourceTree = "<group>"; };
		4DA078842741EB690087273A /* FeedCacheTestHelper.swift */ = {isa = PBXFileReference; lastKnownFileType = sourcecode.swift; path = FeedCacheTestHelper.swift; sourceTree = "<group>"; };
		4DA078862741EC3E0087273A /* SharedTestHelpers.swift */ = {isa = PBXFileReference; lastKnownFileType = sourcecode.swift; path = SharedTestHelpers.swift; sourceTree = "<group>"; };
		4DA078882741FDF20087273A /* FeedCachePolicy.swift */ = {isa = PBXFileReference; lastKnownFileType = sourcecode.swift; path = FeedCachePolicy.swift; sourceTree = "<group>"; };
		4DA124FA2738E2570024ECCF /* XCTTestCase+MemoryLeakTracking.swift */ = {isa = PBXFileReference; lastKnownFileType = sourcecode.swift; path = "XCTTestCase+MemoryLeakTracking.swift"; sourceTree = "<group>"; };
		4DA658DF274B3182004E8F78 /* FeedUIIntegrationTests.swift */ = {isa = PBXFileReference; lastKnownFileType = sourcecode.swift; path = FeedUIIntegrationTests.swift; sourceTree = "<group>"; };
		4DA658E2274B47AA004E8F78 /* FeedViewController.swift */ = {isa = PBXFileReference; lastKnownFileType = sourcecode.swift; path = FeedViewController.swift; sourceTree = "<group>"; };
		4DA964802759B0A200652715 /* FeedImageDataLoader.swift */ = {isa = PBXFileReference; lastKnownFileType = sourcecode.swift; path = FeedImageDataLoader.swift; sourceTree = "<group>"; };
		4DA964842759BB5900652715 /* FeedImageCellController.swift */ = {isa = PBXFileReference; lastKnownFileType = sourcecode.swift; path = FeedImageCellController.swift; sourceTree = "<group>"; };
		4DA964872759C1C200652715 /* FeedUIComposer.swift */ = {isa = PBXFileReference; lastKnownFileType = sourcecode.swift; path = FeedUIComposer.swift; sourceTree = "<group>"; };
		4DAB3618276C29C500221D11 /* ErrorView.swift */ = {isa = PBXFileReference; lastKnownFileType = sourcecode.swift; path = ErrorView.swift; sourceTree = "<group>"; };
		4DAF9E75273F445600D54018 /* LocalFeedLoader.swift */ = {isa = PBXFileReference; lastKnownFileType = sourcecode.swift; path = LocalFeedLoader.swift; sourceTree = "<group>"; };
		4DAF9E77273F455300D54018 /* FeedStore.swift */ = {isa = PBXFileReference; lastKnownFileType = sourcecode.swift; path = FeedStore.swift; sourceTree = "<group>"; };
		4DAF9E79273F517E00D54018 /* RemoteFeedItem.swift */ = {isa = PBXFileReference; lastKnownFileType = sourcecode.swift; path = RemoteFeedItem.swift; sourceTree = "<group>"; };
		4DAF9E7D273F528600D54018 /* LocalFeedImage.swift */ = {isa = PBXFileReference; lastKnownFileType = sourcecode.swift; path = LocalFeedImage.swift; sourceTree = "<group>"; };
		4DAF9E7F273F5EAF00D54018 /* LoadFeedFromCacheUseCaseTests.swift */ = {isa = PBXFileReference; lastKnownFileType = sourcecode.swift; path = LoadFeedFromCacheUseCaseTests.swift; sourceTree = "<group>"; };
		4DAF9E82273F609500D54018 /* FeedStoreSpy.swift */ = {isa = PBXFileReference; lastKnownFileType = sourcecode.swift; path = FeedStoreSpy.swift; sourceTree = "<group>"; };
		4DB5F6BF27376B75007425A4 /* URLSessionHTTPClientTests.swift */ = {isa = PBXFileReference; lastKnownFileType = sourcecode.swift; path = URLSessionHTTPClientTests.swift; sourceTree = "<group>"; };
		4DB6A398275EFF1400206CCE /* FeedLoadingViewModel.swift */ = {isa = PBXFileReference; lastKnownFileType = sourcecode.swift; path = FeedLoadingViewModel.swift; sourceTree = "<group>"; };
		4DB6A39A275EFF2500206CCE /* FeedViewModel.swift */ = {isa = PBXFileReference; lastKnownFileType = sourcecode.swift; path = FeedViewModel.swift; sourceTree = "<group>"; };
		4DB6A39C275F011100206CCE /* FeedImagePresenter.swift */ = {isa = PBXFileReference; lastKnownFileType = sourcecode.swift; path = FeedImagePresenter.swift; sourceTree = "<group>"; };
		4DB6FF03273B50AC0016EBA4 /* URLSessionHTTPClient.swift */ = {isa = PBXFileReference; lastKnownFileType = sourcecode.swift; path = URLSessionHTTPClient.swift; sourceTree = "<group>"; };
		4DB6FF09273B59F00016EBA4 /* EssentialFeedAPIEndToEndTests.xctest */ = {isa = PBXFileReference; explicitFileType = wrapper.cfbundle; includeInIndex = 0; path = EssentialFeedAPIEndToEndTests.xctest; sourceTree = BUILT_PRODUCTS_DIR; };
		4DB6FF0B273B59F00016EBA4 /* EssentialFeedAPIEndToEndTests.swift */ = {isa = PBXFileReference; lastKnownFileType = sourcecode.swift; path = EssentialFeedAPIEndToEndTests.swift; sourceTree = "<group>"; };
		4DB6FF1A273B680A0016EBA4 /* EssentialFeedCITests.swift */ = {isa = PBXFileReference; lastKnownFileType = sourcecode.swift; path = EssentialFeedCITests.swift; sourceTree = "<group>"; };
		4DB8DE202761853E0091EF34 /* Feed.storyboard */ = {isa = PBXFileReference; lastKnownFileType = file.storyboard; path = Feed.storyboard; sourceTree = "<group>"; };
		4DB8DE22276185B30091EF34 /* Feed.xcassets */ = {isa = PBXFileReference; lastKnownFileType = folder.assetcatalog; path = Feed.xcassets; sourceTree = "<group>"; };
		4DB8DE242761983B0091EF34 /* UITableView+Dequeueing.swift */ = {isa = PBXFileReference; lastKnownFileType = sourcecode.swift; path = "UITableView+Dequeueing.swift"; sourceTree = "<group>"; };
		4DB8DE2627619A6F0091EF34 /* UIImageView+Animations.swift */ = {isa = PBXFileReference; lastKnownFileType = sourcecode.swift; path = "UIImageView+Animations.swift"; sourceTree = "<group>"; };
		4DBDD7E7275DA803006887D7 /* FeedPresenter.swift */ = {isa = PBXFileReference; lastKnownFileType = sourcecode.swift; path = FeedPresenter.swift; sourceTree = "<group>"; };
		4DC08EEA276065C200B1358D /* FeedImageViewModel.swift */ = {isa = PBXFileReference; lastKnownFileType = sourcecode.swift; path = FeedImageViewModel.swift; sourceTree = "<group>"; };
		4DC92DEA273DFBDC00DFE9EB /* CacheFeedUseCaseTests.swift */ = {isa = PBXFileReference; lastKnownFileType = sourcecode.swift; path = CacheFeedUseCaseTests.swift; sourceTree = "<group>"; };
		4DD9FD55274B187E003761C7 /* EssentialFeediOS.framework */ = {isa = PBXFileReference; explicitFileType = wrapper.framework; includeInIndex = 0; path = EssentialFeediOS.framework; sourceTree = BUILT_PRODUCTS_DIR; };
		4DD9FD5C274B187E003761C7 /* EssentialFeediOSTests.xctest */ = {isa = PBXFileReference; explicitFileType = wrapper.cfbundle; includeInIndex = 0; path = EssentialFeediOSTests.xctest; sourceTree = BUILT_PRODUCTS_DIR; };
		4DDCD8A8274725A8001C124E /* EssentialFeedCacheIntegrationTests.xctest */ = {isa = PBXFileReference; explicitFileType = wrapper.cfbundle; includeInIndex = 0; path = EssentialFeedCacheIntegrationTests.xctest; sourceTree = BUILT_PRODUCTS_DIR; };
		4DDCD8AA274725A8001C124E /* EssentialFeedCacheIntegrationTests.swift */ = {isa = PBXFileReference; lastKnownFileType = sourcecode.swift; path = EssentialFeedCacheIntegrationTests.swift; sourceTree = "<group>"; };
		4DF6B76927545F5E003A34FD /* FeedImageCell.swift */ = {isa = PBXFileReference; lastKnownFileType = sourcecode.swift; path = FeedImageCell.swift; sourceTree = "<group>"; };
/* End PBXFileReference section */

/* Begin PBXFrameworksBuildPhase section */
		4D9BDBF0272F9839006D6EC7 /* Frameworks */ = {
			isa = PBXFrameworksBuildPhase;
			buildActionMask = 2147483647;
			files = (
			);
			runOnlyForDeploymentPostprocessing = 0;
		};
		4D9BDBF9272F983A006D6EC7 /* Frameworks */ = {
			isa = PBXFrameworksBuildPhase;
			buildActionMask = 2147483647;
			files = (
				4D9BDBFD272F983A006D6EC7 /* EssentialFeed.framework in Frameworks */,
			);
			runOnlyForDeploymentPostprocessing = 0;
		};
		4DB6FF06273B59F00016EBA4 /* Frameworks */ = {
			isa = PBXFrameworksBuildPhase;
			buildActionMask = 2147483647;
			files = (
				4DB6FF0D273B59F00016EBA4 /* EssentialFeed.framework in Frameworks */,
			);
			runOnlyForDeploymentPostprocessing = 0;
		};
		4DD9FD52274B187E003761C7 /* Frameworks */ = {
			isa = PBXFrameworksBuildPhase;
			buildActionMask = 2147483647;
			files = (
				4D9E0B53274B55A000D676FF /* EssentialFeed.framework in Frameworks */,
			);
			runOnlyForDeploymentPostprocessing = 0;
		};
		4DD9FD59274B187E003761C7 /* Frameworks */ = {
			isa = PBXFrameworksBuildPhase;
			buildActionMask = 2147483647;
			files = (
				4DD9FD5D274B187E003761C7 /* EssentialFeediOS.framework in Frameworks */,
			);
			runOnlyForDeploymentPostprocessing = 0;
		};
		4DDCD8A5274725A8001C124E /* Frameworks */ = {
			isa = PBXFrameworksBuildPhase;
			buildActionMask = 2147483647;
			files = (
				4DDCD8AC274725A8001C124E /* EssentialFeed.framework in Frameworks */,
			);
			runOnlyForDeploymentPostprocessing = 0;
		};
/* End PBXFrameworksBuildPhase section */

/* Begin PBXGroup section */
		4D2111F9275B191300FBE1DE /* Feed Presentation */ = {
			isa = PBXGroup;
			children = (
				4DBDD7E7275DA803006887D7 /* FeedPresenter.swift */,
				4DB6A398275EFF1400206CCE /* FeedLoadingViewModel.swift */,
				4DB6A39A275EFF2500206CCE /* FeedViewModel.swift */,
				4DB6A39C275F011100206CCE /* FeedImagePresenter.swift */,
				4DC08EEA276065C200B1358D /* FeedImageViewModel.swift */,
				4D846D8D276834E90015052C /* Feed.strings */,
			);
			path = "Feed Presentation";
			sourceTree = "<group>";
		};
		4D252A19272F999400FE8982 /* Feed Feature */ = {
			isa = PBXGroup;
			children = (
				4D252A15272F98C700FE8982 /* FeedImage.swift */,
				4D252A17272F991B00FE8982 /* FeedLoader.swift */,
			);
			path = "Feed Feature";
			sourceTree = "<group>";
		};
		4D6C61282730E5E800AB0C2F /* Feed API */ = {
			isa = PBXGroup;
			children = (
				4D6C61292730E60B00AB0C2F /* RemoteFeedLoader.swift */,
				4DA00F7327360A0C009496D6 /* HTTPClient.swift */,
				4DA00F7527360A54009496D6 /* FeedItemMapper.swift */,
				4DB6FF03273B50AC0016EBA4 /* URLSessionHTTPClient.swift */,
				4DAF9E79273F517E00D54018 /* RemoteFeedItem.swift */,
			);
			path = "Feed API";
			sourceTree = "<group>";
		};
		4D846D7527682AEF0015052C /* Feed UI */ = {
			isa = PBXGroup;
			children = (
				4D846D7827682B150015052C /* Helpers */,
				4DA658DF274B3182004E8F78 /* FeedUIIntegrationTests.swift */,
			);
			path = "Feed UI";
			sourceTree = "<group>";
		};
		4D846D7827682B150015052C /* Helpers */ = {
			isa = PBXGroup;
			children = (
				4D846D7B27682C530015052C /* UIImage+TestHelpers.swift */,
				4D846D7D27682C700015052C /* UIButton+TestHelpers.swift */,
				4D846D7F27682CA80015052C /* UIRefreshControl+TestHelpers.swift */,
				4D846D89276832F90015052C /* UIControl+TestHelpers.swift */,
				4D846D7927682B630015052C /* FeedViewControllerTests+Localization.swift */,
				4D846D81276831530015052C /* FeedImageCell+TestHelpers.swift */,
				4D846D832768318B0015052C /* FeedViewController+TestHelpers.swift */,
				4D846D85276831F80015052C /* FeedViewControllerTests+LoaderSpy.swift */,
				4D846D872768326D0015052C /* FeedViewControllerTests+Assertions.swift */,
			);
			path = Helpers;
			sourceTree = "<group>";
		};
		4D846D902768372F0015052C /* Feed Presentation */ = {
			isa = PBXGroup;
			children = (
				4D846D91276837440015052C /* FeedLocalizationTests.swift */,
			);
			path = "Feed Presentation";
			sourceTree = "<group>";
		};
		4D9BDBE9272F9839006D6EC7 = {
			isa = PBXGroup;
			children = (
				4D9BDBF5272F9839006D6EC7 /* EssentialFeed */,
				4D9BDC00272F983A006D6EC7 /* EssentialFeedTests */,
				4DB6FF0A273B59F00016EBA4 /* EssentialFeedAPIEndToEndTests */,
				4DB6FF19273B680A0016EBA4 /* EssentialFeedCITests */,
				4DDCD8A9274725A8001C124E /* EssentialFeedCacheIntegrationTests */,
				4DD9FD56274B187E003761C7 /* EssentialFeediOS */,
				4DD9FD60274B187E003761C7 /* EssentialFeediOSTests */,
				4D9BDBF4272F9839006D6EC7 /* Products */,
				4D9E0B52274B55A000D676FF /* Frameworks */,
			);
			sourceTree = "<group>";
		};
		4D9BDBF4272F9839006D6EC7 /* Products */ = {
			isa = PBXGroup;
			children = (
				4D9BDBF3272F9839006D6EC7 /* EssentialFeed.framework */,
				4D9BDBFC272F983A006D6EC7 /* EssentialFeedTests.xctest */,
				4DB6FF09273B59F00016EBA4 /* EssentialFeedAPIEndToEndTests.xctest */,
				4DDCD8A8274725A8001C124E /* EssentialFeedCacheIntegrationTests.xctest */,
				4DD9FD55274B187E003761C7 /* EssentialFeediOS.framework */,
				4DD9FD5C274B187E003761C7 /* EssentialFeediOSTests.xctest */,
			);
			name = Products;
			sourceTree = "<group>";
		};
		4D9BDBF5272F9839006D6EC7 /* EssentialFeed */ = {
			isa = PBXGroup;
			children = (
				4DAF9E74273F444300D54018 /* Feed Cache */,
				4D252A19272F999400FE8982 /* Feed Feature */,
				4D6C61282730E5E800AB0C2F /* Feed API */,
				4D9BDBF6272F9839006D6EC7 /* EssentialFeed.h */,
				4D9BDBF7272F9839006D6EC7 /* Info.plist */,
			);
			path = EssentialFeed;
			sourceTree = "<group>";
		};
		4D9BDC00272F983A006D6EC7 /* EssentialFeedTests */ = {
			isa = PBXGroup;
			children = (
				4DA124F92738E2180024ECCF /* Helpers */,
				4DC92DE9273DFBBC00DFE9EB /* Feed Cache */,
				4DA00F77273612DF009496D6 /* Feed API */,
				4D9BDC03272F983A006D6EC7 /* Info.plist */,
			);
			path = EssentialFeedTests;
			sourceTree = "<group>";
		};
		4D9C2DC52744A898001EA560 /* FeedStoreSpecs */ = {
			isa = PBXGroup;
			children = (
				4D9C2DC027449E85001EA560 /* FeedStoreSpecs.swift */,
				4D9C2DC227449FAB001EA560 /* XCTestCase+FeedStoreSpecs.swift */,
				4D9C2DC62744A8C2001EA560 /* XCTestCase+FailableRetrieveFeedStoreSpecs.swift */,
				4D9E97222745D38800AF9B88 /* XCTestCase+FailableInsertionFeedStoreSpecs.swift */,
				4D9E97242745D4DB00AF9B88 /* XCTestCase+FailableDeletionFeedStoreSpecs.swift */,
			);
			path = FeedStoreSpecs;
			sourceTree = "<group>";
		};
		4D9E0B52274B55A000D676FF /* Frameworks */ = {
			isa = PBXGroup;
			children = (
			);
			name = Frameworks;
			sourceTree = "<group>";
		};
		4D9E972D2746063500AF9B88 /* Infrastructure */ = {
			isa = PBXGroup;
			children = (
				4D9E972B2745F25A00AF9B88 /* CoreDataFeedStore.swift */,
				4D9E97282745EAE500AF9B88 /* FeedStore.xcdatamodeld */,
			);
			path = Infrastructure;
			sourceTree = "<group>";
		};
		4DA00F77273612DF009496D6 /* Feed API */ = {
			isa = PBXGroup;
			children = (
				4DB5F6BF27376B75007425A4 /* URLSessionHTTPClientTests.swift */,
				4D252A1A272F9A0700FE8982 /* LoadFeedFromRemoteUseCaseTests.swift */,
			);
			path = "Feed API";
			sourceTree = "<group>";
		};
		4DA124F92738E2180024ECCF /* Helpers */ = {
			isa = PBXGroup;
			children = (
				4DA124FA2738E2570024ECCF /* XCTTestCase+MemoryLeakTracking.swift */,
				4DA078862741EC3E0087273A /* SharedTestHelpers.swift */,
			);
			path = Helpers;
			sourceTree = "<group>";
		};
		4DA9647C2759B03700652715 /* Feed Image Loader */ = {
			isa = PBXGroup;
			children = (
				4DA964802759B0A200652715 /* FeedImageDataLoader.swift */,
			);
			path = "Feed Image Loader";
			sourceTree = "<group>";
		};
		4DA9647D2759B04700652715 /* Feed UI */ = {
			isa = PBXGroup;
			children = (
				4D2111F9275B191300FBE1DE /* Feed Presentation */,
				4DA964862759C1B500652715 /* Composers */,
				4DA9647E2759B05200652715 /* Controllers */,
				4DA9647F2759B06100652715 /* Views */,
				4DB8DE202761853E0091EF34 /* Feed.storyboard */,
				4DB8DE22276185B30091EF34 /* Feed.xcassets */,
			);
			path = "Feed UI";
			sourceTree = "<group>";
		};
		4DA9647E2759B05200652715 /* Controllers */ = {
			isa = PBXGroup;
			children = (
				4DA658E2274B47AA004E8F78 /* FeedViewController.swift */,
				4DA964842759BB5900652715 /* FeedImageCellController.swift */,
			);
			path = Controllers;
			sourceTree = "<group>";
		};
		4DA9647F2759B06100652715 /* Views */ = {
			isa = PBXGroup;
			children = (
				4DAB361A276C30CE00221D11 /* Helpers */,
				4DF6B76927545F5E003A34FD /* FeedImageCell.swift */,
				4DAB3618276C29C500221D11 /* ErrorView.swift */,
			);
			path = Views;
			sourceTree = "<group>";
		};
		4DA964862759C1B500652715 /* Composers */ = {
			isa = PBXGroup;
			children = (
				4DA964872759C1C200652715 /* FeedUIComposer.swift */,
				4D9C6F8D27697F5900ECAD8B /* MainQueueDispatchDecorator.swift */,
				4D9C6F8F27697FBD00ECAD8B /* FeedViewAdapter.swift */,
				4D9C6F9127697FE300ECAD8B /* FeedImageDataLoaderPresentationAdapter.swift */,
				4D9C6F9327697FFC00ECAD8B /* WeakRefVirtualProxy.swift */,
				4D9C6F952769801100ECAD8B /* FeedLoaderPresentationAdapter.swift */,
			);
			path = Composers;
			sourceTree = "<group>";
		};
		4DAB361A276C30CE00221D11 /* Helpers */ = {
			isa = PBXGroup;
			children = (
				4D49A2032758686400260696 /* UIView+Shimmering.swift */,
				4DB8DE242761983B0091EF34 /* UITableView+Dequeueing.swift */,
				4DB8DE2627619A6F0091EF34 /* UIImageView+Animations.swift */,
			);
			path = Helpers;
			sourceTree = "<group>";
		};
		4DAF9E74273F444300D54018 /* Feed Cache */ = {
			isa = PBXGroup;
			children = (
				4D9E972D2746063500AF9B88 /* Infrastructure */,
				4DAF9E75273F445600D54018 /* LocalFeedLoader.swift */,
				4DAF9E77273F455300D54018 /* FeedStore.swift */,
				4DAF9E7D273F528600D54018 /* LocalFeedImage.swift */,
				4DA078882741FDF20087273A /* FeedCachePolicy.swift */,
				4D9E972E274606F700AF9B88 /* CoreDataHelpers.swift */,
				4D9E97302746084B00AF9B88 /* ManagedCache.swift */,
				4D9E97322746088900AF9B88 /* ManagedFeedImage.swift */,
			);
			path = "Feed Cache";
			sourceTree = "<group>";
		};
		4DAF9E81273F608200D54018 /* Helpers */ = {
			isa = PBXGroup;
			children = (
				4DAF9E82273F609500D54018 /* FeedStoreSpy.swift */,
				4DA078842741EB690087273A /* FeedCacheTestHelper.swift */,
			);
			path = Helpers;
			sourceTree = "<group>";
		};
		4DB6FF0A273B59F00016EBA4 /* EssentialFeedAPIEndToEndTests */ = {
			isa = PBXGroup;
			children = (
				4DB6FF0B273B59F00016EBA4 /* EssentialFeedAPIEndToEndTests.swift */,
			);
			path = EssentialFeedAPIEndToEndTests;
			sourceTree = "<group>";
		};
		4DB6FF19273B680A0016EBA4 /* EssentialFeedCITests */ = {
			isa = PBXGroup;
			children = (
				4DB6FF1A273B680A0016EBA4 /* EssentialFeedCITests.swift */,
			);
			path = EssentialFeedCITests;
			sourceTree = "<group>";
		};
		4DC92DE9273DFBBC00DFE9EB /* Feed Cache */ = {
			isa = PBXGroup;
			children = (
				4D9C2DC52744A898001EA560 /* FeedStoreSpecs */,
				4DAF9E81273F608200D54018 /* Helpers */,
				4DC92DEA273DFBDC00DFE9EB /* CacheFeedUseCaseTests.swift */,
				4DAF9E7F273F5EAF00D54018 /* LoadFeedFromCacheUseCaseTests.swift */,
				4DA078822740A86E0087273A /* ValidateFeedCacheUseCaseTests.swift */,
				4D9E97262745E7C600AF9B88 /* CoreDataFeedStoreTests.swift */,
			);
			path = "Feed Cache";
			sourceTree = "<group>";
		};
		4DD9FD56274B187E003761C7 /* EssentialFeediOS */ = {
			isa = PBXGroup;
			children = (
				4DA9647C2759B03700652715 /* Feed Image Loader */,
				4DA9647D2759B04700652715 /* Feed UI */,
			);
			path = EssentialFeediOS;
			sourceTree = "<group>";
		};
		4DD9FD60274B187E003761C7 /* EssentialFeediOSTests */ = {
			isa = PBXGroup;
			children = (
				4D846D902768372F0015052C /* Feed Presentation */,
				4D846D7527682AEF0015052C /* Feed UI */,
			);
			path = EssentialFeediOSTests;
			sourceTree = "<group>";
		};
		4DDCD8A9274725A8001C124E /* EssentialFeedCacheIntegrationTests */ = {
			isa = PBXGroup;
			children = (
				4DDCD8AA274725A8001C124E /* EssentialFeedCacheIntegrationTests.swift */,
			);
			path = EssentialFeedCacheIntegrationTests;
			sourceTree = "<group>";
		};
/* End PBXGroup section */

/* Begin PBXHeadersBuildPhase section */
		4D9BDBEE272F9839006D6EC7 /* Headers */ = {
			isa = PBXHeadersBuildPhase;
			buildActionMask = 2147483647;
			files = (
				4D9BDC04272F983A006D6EC7 /* EssentialFeed.h in Headers */,
			);
			runOnlyForDeploymentPostprocessing = 0;
		};
		4DD9FD50274B187E003761C7 /* Headers */ = {
			isa = PBXHeadersBuildPhase;
			buildActionMask = 2147483647;
			files = (
			);
			runOnlyForDeploymentPostprocessing = 0;
		};
/* End PBXHeadersBuildPhase section */

/* Begin PBXNativeTarget section */
		4D9BDBF2272F9839006D6EC7 /* EssentialFeed */ = {
			isa = PBXNativeTarget;
			buildConfigurationList = 4D9BDC07272F983A006D6EC7 /* Build configuration list for PBXNativeTarget "EssentialFeed" */;
			buildPhases = (
				4D9BDBEE272F9839006D6EC7 /* Headers */,
				4D9BDBEF272F9839006D6EC7 /* Sources */,
				4D9BDBF0272F9839006D6EC7 /* Frameworks */,
				4D9BDBF1272F9839006D6EC7 /* Resources */,
			);
			buildRules = (
			);
			dependencies = (
			);
			name = EssentialFeed;
			productName = EssentialFeed;
			productReference = 4D9BDBF3272F9839006D6EC7 /* EssentialFeed.framework */;
			productType = "com.apple.product-type.framework";
		};
		4D9BDBFB272F983A006D6EC7 /* EssentialFeedTests */ = {
			isa = PBXNativeTarget;
			buildConfigurationList = 4D9BDC0A272F983A006D6EC7 /* Build configuration list for PBXNativeTarget "EssentialFeedTests" */;
			buildPhases = (
				4D9BDBF8272F983A006D6EC7 /* Sources */,
				4D9BDBF9272F983A006D6EC7 /* Frameworks */,
				4D9BDBFA272F983A006D6EC7 /* Resources */,
			);
			buildRules = (
			);
			dependencies = (
				4D9BDBFF272F983A006D6EC7 /* PBXTargetDependency */,
			);
			name = EssentialFeedTests;
			productName = EssentialFeedTests;
			productReference = 4D9BDBFC272F983A006D6EC7 /* EssentialFeedTests.xctest */;
			productType = "com.apple.product-type.bundle.unit-test";
		};
		4DB6FF08273B59F00016EBA4 /* EssentialFeedAPIEndToEndTests */ = {
			isa = PBXNativeTarget;
			buildConfigurationList = 4DB6FF10273B59F00016EBA4 /* Build configuration list for PBXNativeTarget "EssentialFeedAPIEndToEndTests" */;
			buildPhases = (
				4DB6FF05273B59F00016EBA4 /* Sources */,
				4DB6FF06273B59F00016EBA4 /* Frameworks */,
				4DB6FF07273B59F00016EBA4 /* Resources */,
			);
			buildRules = (
			);
			dependencies = (
				4DB6FF0F273B59F00016EBA4 /* PBXTargetDependency */,
			);
			name = EssentialFeedAPIEndToEndTests;
			productName = EssentialFeedAPIEndToEndTests;
			productReference = 4DB6FF09273B59F00016EBA4 /* EssentialFeedAPIEndToEndTests.xctest */;
			productType = "com.apple.product-type.bundle.unit-test";
		};
		4DD9FD54274B187E003761C7 /* EssentialFeediOS */ = {
			isa = PBXNativeTarget;
			buildConfigurationList = 4DD9FD64274B187E003761C7 /* Build configuration list for PBXNativeTarget "EssentialFeediOS" */;
			buildPhases = (
				4DD9FD50274B187E003761C7 /* Headers */,
				4DD9FD51274B187E003761C7 /* Sources */,
				4DD9FD52274B187E003761C7 /* Frameworks */,
				4DD9FD53274B187E003761C7 /* Resources */,
			);
			buildRules = (
			);
			dependencies = (
			);
			name = EssentialFeediOS;
			productName = EssentialFeediOS;
			productReference = 4DD9FD55274B187E003761C7 /* EssentialFeediOS.framework */;
			productType = "com.apple.product-type.framework";
		};
		4DD9FD5B274B187E003761C7 /* EssentialFeediOSTests */ = {
			isa = PBXNativeTarget;
			buildConfigurationList = 4DD9FD67274B187E003761C7 /* Build configuration list for PBXNativeTarget "EssentialFeediOSTests" */;
			buildPhases = (
				4DD9FD58274B187E003761C7 /* Sources */,
				4DD9FD59274B187E003761C7 /* Frameworks */,
				4DD9FD5A274B187E003761C7 /* Resources */,
			);
			buildRules = (
			);
			dependencies = (
				4DD9FD5F274B187E003761C7 /* PBXTargetDependency */,
			);
			name = EssentialFeediOSTests;
			productName = EssentialFeediOSTests;
			productReference = 4DD9FD5C274B187E003761C7 /* EssentialFeediOSTests.xctest */;
			productType = "com.apple.product-type.bundle.unit-test";
		};
		4DDCD8A7274725A8001C124E /* EssentialFeedCacheIntegrationTests */ = {
			isa = PBXNativeTarget;
			buildConfigurationList = 4DDCD8B1274725A8001C124E /* Build configuration list for PBXNativeTarget "EssentialFeedCacheIntegrationTests" */;
			buildPhases = (
				4DDCD8A4274725A8001C124E /* Sources */,
				4DDCD8A5274725A8001C124E /* Frameworks */,
				4DDCD8A6274725A8001C124E /* Resources */,
			);
			buildRules = (
			);
			dependencies = (
				4DDCD8AE274725A8001C124E /* PBXTargetDependency */,
			);
			name = EssentialFeedCacheIntegrationTests;
			productName = EssentialFeedCacheIntegrationTests;
			productReference = 4DDCD8A8274725A8001C124E /* EssentialFeedCacheIntegrationTests.xctest */;
			productType = "com.apple.product-type.bundle.unit-test";
		};
/* End PBXNativeTarget section */

/* Begin PBXProject section */
		4D9BDBEA272F9839006D6EC7 /* Project object */ = {
			isa = PBXProject;
			attributes = {
				LastSwiftUpdateCheck = 1310;
				LastUpgradeCheck = 1310;
				TargetAttributes = {
					4D9BDBF2272F9839006D6EC7 = {
						CreatedOnToolsVersion = 12.5.1;
						LastSwiftMigration = 1300;
					};
					4D9BDBFB272F983A006D6EC7 = {
						CreatedOnToolsVersion = 12.5.1;
					};
					4DB6FF08273B59F00016EBA4 = {
						CreatedOnToolsVersion = 13.1;
					};
					4DD9FD54274B187E003761C7 = {
						CreatedOnToolsVersion = 13.1;
						LastSwiftMigration = 1310;
					};
					4DD9FD5B274B187E003761C7 = {
						CreatedOnToolsVersion = 13.1;
						LastSwiftMigration = 1310;
					};
					4DDCD8A7274725A8001C124E = {
						CreatedOnToolsVersion = 13.1;
					};
				};
			};
			buildConfigurationList = 4D9BDBED272F9839006D6EC7 /* Build configuration list for PBXProject "EssentialFeed" */;
			compatibilityVersion = "Xcode 9.3";
			developmentRegion = en;
			hasScannedForEncodings = 0;
			knownRegions = (
				en,
				Base,
				"pt-BR",
				el,
			);
			mainGroup = 4D9BDBE9272F9839006D6EC7;
			productRefGroup = 4D9BDBF4272F9839006D6EC7 /* Products */;
			projectDirPath = "";
			projectRoot = "";
			targets = (
				4D9BDBF2272F9839006D6EC7 /* EssentialFeed */,
				4D9BDBFB272F983A006D6EC7 /* EssentialFeedTests */,
				4DB6FF08273B59F00016EBA4 /* EssentialFeedAPIEndToEndTests */,
				4DDCD8A7274725A8001C124E /* EssentialFeedCacheIntegrationTests */,
				4DD9FD54274B187E003761C7 /* EssentialFeediOS */,
				4DD9FD5B274B187E003761C7 /* EssentialFeediOSTests */,
			);
		};
/* End PBXProject section */

/* Begin PBXResourcesBuildPhase section */
		4D9BDBF1272F9839006D6EC7 /* Resources */ = {
			isa = PBXResourcesBuildPhase;
			buildActionMask = 2147483647;
			files = (
			);
			runOnlyForDeploymentPostprocessing = 0;
		};
		4D9BDBFA272F983A006D6EC7 /* Resources */ = {
			isa = PBXResourcesBuildPhase;
			buildActionMask = 2147483647;
			files = (
			);
			runOnlyForDeploymentPostprocessing = 0;
		};
		4DB6FF07273B59F00016EBA4 /* Resources */ = {
			isa = PBXResourcesBuildPhase;
			buildActionMask = 2147483647;
			files = (
			);
			runOnlyForDeploymentPostprocessing = 0;
		};
		4DD9FD53274B187E003761C7 /* Resources */ = {
			isa = PBXResourcesBuildPhase;
			buildActionMask = 2147483647;
			files = (
				4DB8DE212761853E0091EF34 /* Feed.storyboard in Resources */,
				4DB8DE23276185B30091EF34 /* Feed.xcassets in Resources */,
				4D846D8B276834E90015052C /* Feed.strings in Resources */,
			);
			runOnlyForDeploymentPostprocessing = 0;
		};
		4DD9FD5A274B187E003761C7 /* Resources */ = {
			isa = PBXResourcesBuildPhase;
			buildActionMask = 2147483647;
			files = (
			);
			runOnlyForDeploymentPostprocessing = 0;
		};
		4DDCD8A6274725A8001C124E /* Resources */ = {
			isa = PBXResourcesBuildPhase;
			buildActionMask = 2147483647;
			files = (
			);
			runOnlyForDeploymentPostprocessing = 0;
		};
/* End PBXResourcesBuildPhase section */

/* Begin PBXSourcesBuildPhase section */
		4D9BDBEF272F9839006D6EC7 /* Sources */ = {
			isa = PBXSourcesBuildPhase;
			buildActionMask = 2147483647;
			files = (
				4D9E972F274606F700AF9B88 /* CoreDataHelpers.swift in Sources */,
				4D9E972A2745EAE500AF9B88 /* FeedStore.xcdatamodeld in Sources */,
				4D252A18272F991B00FE8982 /* FeedLoader.swift in Sources */,
				4DA00F7627360A54009496D6 /* FeedItemMapper.swift in Sources */,
				4DAF9E7A273F517E00D54018 /* RemoteFeedItem.swift in Sources */,
				4DA078892741FDF20087273A /* FeedCachePolicy.swift in Sources */,
				4D6C612A2730E60B00AB0C2F /* RemoteFeedLoader.swift in Sources */,
				4D9E972C2745F25A00AF9B88 /* CoreDataFeedStore.swift in Sources */,
				4DAF9E7E273F528600D54018 /* LocalFeedImage.swift in Sources */,
				4DAF9E78273F455300D54018 /* FeedStore.swift in Sources */,
				4DAF9E76273F445600D54018 /* LocalFeedLoader.swift in Sources */,
				4DB6FF04273B50AC0016EBA4 /* URLSessionHTTPClient.swift in Sources */,
				4DA00F7427360A0C009496D6 /* HTTPClient.swift in Sources */,
				4D9E97312746084B00AF9B88 /* ManagedCache.swift in Sources */,
				4D252A16272F98C700FE8982 /* FeedImage.swift in Sources */,
				4D9E97332746088900AF9B88 /* ManagedFeedImage.swift in Sources */,
			);
			runOnlyForDeploymentPostprocessing = 0;
		};
		4D9BDBF8272F983A006D6EC7 /* Sources */ = {
			isa = PBXSourcesBuildPhase;
			buildActionMask = 2147483647;
			files = (
				4D9E97232745D38800AF9B88 /* XCTestCase+FailableInsertionFeedStoreSpecs.swift in Sources */,
				4DA078832740A86E0087273A /* ValidateFeedCacheUseCaseTests.swift in Sources */,
				4D252A1B272F9A0700FE8982 /* LoadFeedFromRemoteUseCaseTests.swift in Sources */,
				4DB5F6C027376B75007425A4 /* URLSessionHTTPClientTests.swift in Sources */,
				4DAF9E83273F609500D54018 /* FeedStoreSpy.swift in Sources */,
				4DA078852741EB690087273A /* FeedCacheTestHelper.swift in Sources */,
				4DA078872741EC3E0087273A /* SharedTestHelpers.swift in Sources */,
				4D9E97252745D4DB00AF9B88 /* XCTestCase+FailableDeletionFeedStoreSpecs.swift in Sources */,
				4DC92DEB273DFBDC00DFE9EB /* CacheFeedUseCaseTests.swift in Sources */,
				4D9C2DC72744A8C2001EA560 /* XCTestCase+FailableRetrieveFeedStoreSpecs.swift in Sources */,
				4DAF9E80273F5EAF00D54018 /* LoadFeedFromCacheUseCaseTests.swift in Sources */,
				4D9C2DC127449E85001EA560 /* FeedStoreSpecs.swift in Sources */,
				4DA124FB2738E2570024ECCF /* XCTTestCase+MemoryLeakTracking.swift in Sources */,
				4D9E97272745E7C600AF9B88 /* CoreDataFeedStoreTests.swift in Sources */,
				4D9C2DC327449FAB001EA560 /* XCTestCase+FeedStoreSpecs.swift in Sources */,
			);
			runOnlyForDeploymentPostprocessing = 0;
		};
		4DB6FF05273B59F00016EBA4 /* Sources */ = {
			isa = PBXSourcesBuildPhase;
			buildActionMask = 2147483647;
			files = (
				4DB6FF13273B66B70016EBA4 /* XCTTestCase+MemoryLeakTracking.swift in Sources */,
				4DB6FF0C273B59F00016EBA4 /* EssentialFeedAPIEndToEndTests.swift in Sources */,
			);
			runOnlyForDeploymentPostprocessing = 0;
		};
		4DD9FD51274B187E003761C7 /* Sources */ = {
			isa = PBXSourcesBuildPhase;
			buildActionMask = 2147483647;
			files = (
				4DBDD7E8275DA803006887D7 /* FeedPresenter.swift in Sources */,
				4DA964812759B0A200652715 /* FeedImageDataLoader.swift in Sources */,
				4DAB3619276C29C500221D11 /* ErrorView.swift in Sources */,
				4DC08EEB276065C200B1358D /* FeedImageViewModel.swift in Sources */,
				4DB8DE252761983B0091EF34 /* UITableView+Dequeueing.swift in Sources */,
				4D9C6F9027697FBD00ECAD8B /* FeedViewAdapter.swift in Sources */,
				4D49A2042758686400260696 /* UIView+Shimmering.swift in Sources */,
				4DA658E3274B47AA004E8F78 /* FeedViewController.swift in Sources */,
				4DB6A39B275EFF2500206CCE /* FeedViewModel.swift in Sources */,
				4DB8DE2727619A6F0091EF34 /* UIImageView+Animations.swift in Sources */,
				4D9C6F8E27697F5900ECAD8B /* MainQueueDispatchDecorator.swift in Sources */,
				4DF6B76A27545F5E003A34FD /* FeedImageCell.swift in Sources */,
				4DB6A399275EFF1400206CCE /* FeedLoadingViewModel.swift in Sources */,
				4D9C6F962769801100ECAD8B /* FeedLoaderPresentationAdapter.swift in Sources */,
				4D9C6F9227697FE300ECAD8B /* FeedImageDataLoaderPresentationAdapter.swift in Sources */,
				4DA964852759BB5900652715 /* FeedImageCellController.swift in Sources */,
				4DB6A39D275F011100206CCE /* FeedImagePresenter.swift in Sources */,
				4D9C6F9427697FFC00ECAD8B /* WeakRefVirtualProxy.swift in Sources */,
				4DA964882759C1C200652715 /* FeedUIComposer.swift in Sources */,
			);
			runOnlyForDeploymentPostprocessing = 0;
		};
		4DD9FD58274B187E003761C7 /* Sources */ = {
			isa = PBXSourcesBuildPhase;
			buildActionMask = 2147483647;
			files = (
				4D846D842768318B0015052C /* FeedViewController+TestHelpers.swift in Sources */,
				4D846D882768326D0015052C /* FeedViewControllerTests+Assertions.swift in Sources */,
				4D846D92276837440015052C /* FeedLocalizationTests.swift in Sources */,
				4DA658E1274B381E004E8F78 /* XCTTestCase+MemoryLeakTracking.swift in Sources */,
				4D846D8A276832F90015052C /* UIControl+TestHelpers.swift in Sources */,
				4D846D8027682CA80015052C /* UIRefreshControl+TestHelpers.swift in Sources */,
				4D846D7E27682C700015052C /* UIButton+TestHelpers.swift in Sources */,
				4D846D86276831F80015052C /* FeedViewControllerTests+LoaderSpy.swift in Sources */,
				4DA658E0274B3182004E8F78 /* FeedUIIntegrationTests.swift in Sources */,
				4D846D7A27682B630015052C /* FeedViewControllerTests+Localization.swift in Sources */,
				4D846D82276831530015052C /* FeedImageCell+TestHelpers.swift in Sources */,
				4D846D7C27682C530015052C /* UIImage+TestHelpers.swift in Sources */,
			);
			runOnlyForDeploymentPostprocessing = 0;
		};
		4DDCD8A4274725A8001C124E /* Sources */ = {
			isa = PBXSourcesBuildPhase;
			buildActionMask = 2147483647;
			files = (
				4DDCD8B427472E38001C124E /* SharedTestHelpers.swift in Sources */,
				4DDCD8B327472E2D001C124E /* FeedCacheTestHelper.swift in Sources */,
				4DDCD8B227472988001C124E /* XCTTestCase+MemoryLeakTracking.swift in Sources */,
				4DDCD8AB274725A8001C124E /* EssentialFeedCacheIntegrationTests.swift in Sources */,
			);
			runOnlyForDeploymentPostprocessing = 0;
		};
/* End PBXSourcesBuildPhase section */

/* Begin PBXTargetDependency section */
		4D9BDBFF272F983A006D6EC7 /* PBXTargetDependency */ = {
			isa = PBXTargetDependency;
			target = 4D9BDBF2272F9839006D6EC7 /* EssentialFeed */;
			targetProxy = 4D9BDBFE272F983A006D6EC7 /* PBXContainerItemProxy */;
		};
		4DB6FF0F273B59F00016EBA4 /* PBXTargetDependency */ = {
			isa = PBXTargetDependency;
			target = 4D9BDBF2272F9839006D6EC7 /* EssentialFeed */;
			targetProxy = 4DB6FF0E273B59F00016EBA4 /* PBXContainerItemProxy */;
		};
		4DD9FD5F274B187E003761C7 /* PBXTargetDependency */ = {
			isa = PBXTargetDependency;
			target = 4DD9FD54274B187E003761C7 /* EssentialFeediOS */;
			targetProxy = 4DD9FD5E274B187E003761C7 /* PBXContainerItemProxy */;
		};
		4DDCD8AE274725A8001C124E /* PBXTargetDependency */ = {
			isa = PBXTargetDependency;
			target = 4D9BDBF2272F9839006D6EC7 /* EssentialFeed */;
			targetProxy = 4DDCD8AD274725A8001C124E /* PBXContainerItemProxy */;
		};
/* End PBXTargetDependency section */

/* Begin PBXVariantGroup section */
		4D846D8D276834E90015052C /* Feed.strings */ = {
			isa = PBXVariantGroup;
			children = (
				4D846D8C276834E90015052C /* en */,
				4D846D8E2768353E0015052C /* pt-BR */,
				4D846D8F2768358C0015052C /* el */,
			);
			name = Feed.strings;
			sourceTree = "<group>";
		};
/* End PBXVariantGroup section */

/* Begin XCBuildConfiguration section */
		4D9BDC05272F983A006D6EC7 /* Debug */ = {
			isa = XCBuildConfiguration;
			buildSettings = {
				ALWAYS_SEARCH_USER_PATHS = NO;
				CLANG_ANALYZER_LOCALIZABILITY_NONLOCALIZED = YES;
				CLANG_ANALYZER_NONNULL = YES;
				CLANG_ANALYZER_NUMBER_OBJECT_CONVERSION = YES_AGGRESSIVE;
				CLANG_CXX_LANGUAGE_STANDARD = "gnu++14";
				CLANG_CXX_LIBRARY = "libc++";
				CLANG_ENABLE_MODULES = YES;
				CLANG_ENABLE_OBJC_ARC = YES;
				CLANG_ENABLE_OBJC_WEAK = YES;
				CLANG_WARN_BLOCK_CAPTURE_AUTORELEASING = YES;
				CLANG_WARN_BOOL_CONVERSION = YES;
				CLANG_WARN_COMMA = YES;
				CLANG_WARN_CONSTANT_CONVERSION = YES;
				CLANG_WARN_DEPRECATED_OBJC_IMPLEMENTATIONS = YES;
				CLANG_WARN_DIRECT_OBJC_ISA_USAGE = YES_ERROR;
				CLANG_WARN_DOCUMENTATION_COMMENTS = YES;
				CLANG_WARN_EMPTY_BODY = YES;
				CLANG_WARN_ENUM_CONVERSION = YES;
				CLANG_WARN_INFINITE_RECURSION = YES;
				CLANG_WARN_INT_CONVERSION = YES;
				CLANG_WARN_NON_LITERAL_NULL_CONVERSION = YES;
				CLANG_WARN_OBJC_IMPLICIT_RETAIN_SELF = YES;
				CLANG_WARN_OBJC_LITERAL_CONVERSION = YES;
				CLANG_WARN_OBJC_ROOT_CLASS = YES_ERROR;
				CLANG_WARN_QUOTED_INCLUDE_IN_FRAMEWORK_HEADER = YES;
				CLANG_WARN_RANGE_LOOP_ANALYSIS = YES;
				CLANG_WARN_STRICT_PROTOTYPES = YES;
				CLANG_WARN_SUSPICIOUS_MOVE = YES;
				CLANG_WARN_UNGUARDED_AVAILABILITY = YES_AGGRESSIVE;
				CLANG_WARN_UNREACHABLE_CODE = YES;
				CLANG_WARN__DUPLICATE_METHOD_MATCH = YES;
				COPY_PHASE_STRIP = NO;
				CURRENT_PROJECT_VERSION = 1;
				DEBUG_INFORMATION_FORMAT = dwarf;
				ENABLE_STRICT_OBJC_MSGSEND = YES;
				ENABLE_TESTABILITY = YES;
				GCC_C_LANGUAGE_STANDARD = gnu11;
				GCC_DYNAMIC_NO_PIC = NO;
				GCC_NO_COMMON_BLOCKS = YES;
				GCC_OPTIMIZATION_LEVEL = 0;
				GCC_PREPROCESSOR_DEFINITIONS = (
					"DEBUG=1",
					"$(inherited)",
				);
				GCC_WARN_64_TO_32_BIT_CONVERSION = YES;
				GCC_WARN_ABOUT_RETURN_TYPE = YES_ERROR;
				GCC_WARN_UNDECLARED_SELECTOR = YES;
				GCC_WARN_UNINITIALIZED_AUTOS = YES_AGGRESSIVE;
				GCC_WARN_UNUSED_FUNCTION = YES;
				GCC_WARN_UNUSED_VARIABLE = YES;
				IPHONEOS_DEPLOYMENT_TARGET = 12.0;
				MACOSX_DEPLOYMENT_TARGET = 10.15;
				MTL_ENABLE_DEBUG_INFO = INCLUDE_SOURCE;
				MTL_FAST_MATH = YES;
				ONLY_ACTIVE_ARCH = YES;
				SDKROOT = macosx;
				SWIFT_ACTIVE_COMPILATION_CONDITIONS = DEBUG;
				SWIFT_OPTIMIZATION_LEVEL = "-Onone";
				VERSIONING_SYSTEM = "apple-generic";
				VERSION_INFO_PREFIX = "";
			};
			name = Debug;
		};
		4D9BDC06272F983A006D6EC7 /* Release */ = {
			isa = XCBuildConfiguration;
			buildSettings = {
				ALWAYS_SEARCH_USER_PATHS = NO;
				CLANG_ANALYZER_LOCALIZABILITY_NONLOCALIZED = YES;
				CLANG_ANALYZER_NONNULL = YES;
				CLANG_ANALYZER_NUMBER_OBJECT_CONVERSION = YES_AGGRESSIVE;
				CLANG_CXX_LANGUAGE_STANDARD = "gnu++14";
				CLANG_CXX_LIBRARY = "libc++";
				CLANG_ENABLE_MODULES = YES;
				CLANG_ENABLE_OBJC_ARC = YES;
				CLANG_ENABLE_OBJC_WEAK = YES;
				CLANG_WARN_BLOCK_CAPTURE_AUTORELEASING = YES;
				CLANG_WARN_BOOL_CONVERSION = YES;
				CLANG_WARN_COMMA = YES;
				CLANG_WARN_CONSTANT_CONVERSION = YES;
				CLANG_WARN_DEPRECATED_OBJC_IMPLEMENTATIONS = YES;
				CLANG_WARN_DIRECT_OBJC_ISA_USAGE = YES_ERROR;
				CLANG_WARN_DOCUMENTATION_COMMENTS = YES;
				CLANG_WARN_EMPTY_BODY = YES;
				CLANG_WARN_ENUM_CONVERSION = YES;
				CLANG_WARN_INFINITE_RECURSION = YES;
				CLANG_WARN_INT_CONVERSION = YES;
				CLANG_WARN_NON_LITERAL_NULL_CONVERSION = YES;
				CLANG_WARN_OBJC_IMPLICIT_RETAIN_SELF = YES;
				CLANG_WARN_OBJC_LITERAL_CONVERSION = YES;
				CLANG_WARN_OBJC_ROOT_CLASS = YES_ERROR;
				CLANG_WARN_QUOTED_INCLUDE_IN_FRAMEWORK_HEADER = YES;
				CLANG_WARN_RANGE_LOOP_ANALYSIS = YES;
				CLANG_WARN_STRICT_PROTOTYPES = YES;
				CLANG_WARN_SUSPICIOUS_MOVE = YES;
				CLANG_WARN_UNGUARDED_AVAILABILITY = YES_AGGRESSIVE;
				CLANG_WARN_UNREACHABLE_CODE = YES;
				CLANG_WARN__DUPLICATE_METHOD_MATCH = YES;
				COPY_PHASE_STRIP = NO;
				CURRENT_PROJECT_VERSION = 1;
				DEBUG_INFORMATION_FORMAT = "dwarf-with-dsym";
				ENABLE_NS_ASSERTIONS = NO;
				ENABLE_STRICT_OBJC_MSGSEND = YES;
				GCC_C_LANGUAGE_STANDARD = gnu11;
				GCC_NO_COMMON_BLOCKS = YES;
				GCC_WARN_64_TO_32_BIT_CONVERSION = YES;
				GCC_WARN_ABOUT_RETURN_TYPE = YES_ERROR;
				GCC_WARN_UNDECLARED_SELECTOR = YES;
				GCC_WARN_UNINITIALIZED_AUTOS = YES_AGGRESSIVE;
				GCC_WARN_UNUSED_FUNCTION = YES;
				GCC_WARN_UNUSED_VARIABLE = YES;
				IPHONEOS_DEPLOYMENT_TARGET = 12.0;
				MACOSX_DEPLOYMENT_TARGET = 10.15;
				MTL_ENABLE_DEBUG_INFO = NO;
				MTL_FAST_MATH = YES;
				SDKROOT = macosx;
				SWIFT_COMPILATION_MODE = wholemodule;
				SWIFT_OPTIMIZATION_LEVEL = "-O";
				VERSIONING_SYSTEM = "apple-generic";
				VERSION_INFO_PREFIX = "";
			};
			name = Release;
		};
		4D9BDC08272F983A006D6EC7 /* Debug */ = {
			isa = XCBuildConfiguration;
			buildSettings = {
				CLANG_ENABLE_MODULES = YES;
				CODE_SIGN_STYLE = Automatic;
				COMBINE_HIDPI_IMAGES = YES;
				DEFINES_MODULE = YES;
				DYLIB_COMPATIBILITY_VERSION = 1;
				DYLIB_CURRENT_VERSION = 1;
				DYLIB_INSTALL_NAME_BASE = "@rpath";
				INFOPLIST_FILE = EssentialFeed/Info.plist;
				INSTALL_PATH = "$(LOCAL_LIBRARY_DIR)/Frameworks";
				LD_RUNPATH_SEARCH_PATHS = (
					"$(inherited)",
					"@executable_path/../Frameworks",
					"@loader_path/Frameworks",
				);
				PRODUCT_BUNDLE_IDENTIFIER = milankamilya.EssentialFeed;
				PRODUCT_NAME = "$(TARGET_NAME:c99extidentifier)";
				SKIP_INSTALL = YES;
				SUPPORTED_PLATFORMS = "macosx iphoneos iphonesimulator";
				SWIFT_OPTIMIZATION_LEVEL = "-Onone";
				SWIFT_VERSION = 5.0;
			};
			name = Debug;
		};
		4D9BDC09272F983A006D6EC7 /* Release */ = {
			isa = XCBuildConfiguration;
			buildSettings = {
				CLANG_ENABLE_MODULES = YES;
				CODE_SIGN_STYLE = Automatic;
				COMBINE_HIDPI_IMAGES = YES;
				DEFINES_MODULE = YES;
				DYLIB_COMPATIBILITY_VERSION = 1;
				DYLIB_CURRENT_VERSION = 1;
				DYLIB_INSTALL_NAME_BASE = "@rpath";
				INFOPLIST_FILE = EssentialFeed/Info.plist;
				INSTALL_PATH = "$(LOCAL_LIBRARY_DIR)/Frameworks";
				LD_RUNPATH_SEARCH_PATHS = (
					"$(inherited)",
					"@executable_path/../Frameworks",
					"@loader_path/Frameworks",
				);
				PRODUCT_BUNDLE_IDENTIFIER = milankamilya.EssentialFeed;
				PRODUCT_NAME = "$(TARGET_NAME:c99extidentifier)";
				SKIP_INSTALL = YES;
				SUPPORTED_PLATFORMS = "macosx iphoneos iphonesimulator";
				SWIFT_VERSION = 5.0;
			};
			name = Release;
		};
		4D9BDC0B272F983A006D6EC7 /* Debug */ = {
			isa = XCBuildConfiguration;
			buildSettings = {
				ALWAYS_EMBED_SWIFT_STANDARD_LIBRARIES = YES;
				CODE_SIGN_STYLE = Automatic;
				COMBINE_HIDPI_IMAGES = YES;
				INFOPLIST_FILE = EssentialFeedTests/Info.plist;
				LD_RUNPATH_SEARCH_PATHS = (
					"$(inherited)",
					"@executable_path/../Frameworks",
					"@loader_path/../Frameworks",
				);
				PRODUCT_BUNDLE_IDENTIFIER = milankamilya.EssentialFeedTests;
				PRODUCT_NAME = "$(TARGET_NAME)";
				SUPPORTED_PLATFORMS = "macosx iphonesimulator iphoneos";
				SWIFT_VERSION = 5.0;
			};
			name = Debug;
		};
		4D9BDC0C272F983A006D6EC7 /* Release */ = {
			isa = XCBuildConfiguration;
			buildSettings = {
				ALWAYS_EMBED_SWIFT_STANDARD_LIBRARIES = YES;
				CODE_SIGN_STYLE = Automatic;
				COMBINE_HIDPI_IMAGES = YES;
				INFOPLIST_FILE = EssentialFeedTests/Info.plist;
				LD_RUNPATH_SEARCH_PATHS = (
					"$(inherited)",
					"@executable_path/../Frameworks",
					"@loader_path/../Frameworks",
				);
				PRODUCT_BUNDLE_IDENTIFIER = milankamilya.EssentialFeedTests;
				PRODUCT_NAME = "$(TARGET_NAME)";
				SUPPORTED_PLATFORMS = "macosx iphonesimulator iphoneos";
				SWIFT_VERSION = 5.0;
			};
			name = Release;
		};
		4DB6FF11273B59F00016EBA4 /* Debug */ = {
			isa = XCBuildConfiguration;
			buildSettings = {
				CLANG_CXX_LANGUAGE_STANDARD = "gnu++17";
				CODE_SIGN_STYLE = Automatic;
				COMBINE_HIDPI_IMAGES = YES;
				CURRENT_PROJECT_VERSION = 1;
				GENERATE_INFOPLIST_FILE = YES;
				LD_RUNPATH_SEARCH_PATHS = (
					"$(inherited)",
					"@executable_path/../Frameworks",
					"@loader_path/../Frameworks",
				);
				MARKETING_VERSION = 1.0;
				PRODUCT_BUNDLE_IDENTIFIER = milankamilya.EssentialFeedAPIEndToEndTests;
				PRODUCT_NAME = "$(TARGET_NAME)";
				SUPPORTED_PLATFORMS = "macosx iphonesimulator iphoneos";
				SWIFT_EMIT_LOC_STRINGS = NO;
				SWIFT_VERSION = 5.0;
			};
			name = Debug;
		};
		4DB6FF12273B59F00016EBA4 /* Release */ = {
			isa = XCBuildConfiguration;
			buildSettings = {
				CLANG_CXX_LANGUAGE_STANDARD = "gnu++17";
				CODE_SIGN_STYLE = Automatic;
				COMBINE_HIDPI_IMAGES = YES;
				CURRENT_PROJECT_VERSION = 1;
				GENERATE_INFOPLIST_FILE = YES;
				LD_RUNPATH_SEARCH_PATHS = (
					"$(inherited)",
					"@executable_path/../Frameworks",
					"@loader_path/../Frameworks",
				);
				MARKETING_VERSION = 1.0;
				PRODUCT_BUNDLE_IDENTIFIER = milankamilya.EssentialFeedAPIEndToEndTests;
				PRODUCT_NAME = "$(TARGET_NAME)";
				SUPPORTED_PLATFORMS = "macosx iphonesimulator iphoneos";
				SWIFT_EMIT_LOC_STRINGS = NO;
				SWIFT_VERSION = 5.0;
			};
			name = Release;
		};
		4DD9FD65274B187E003761C7 /* Debug */ = {
			isa = XCBuildConfiguration;
			buildSettings = {
				CLANG_CXX_LANGUAGE_STANDARD = "gnu++17";
				CLANG_ENABLE_MODULES = YES;
				CODE_SIGN_STYLE = Automatic;
				CURRENT_PROJECT_VERSION = 1;
				DEFINES_MODULE = YES;
				DYLIB_COMPATIBILITY_VERSION = 1;
				DYLIB_CURRENT_VERSION = 1;
				DYLIB_INSTALL_NAME_BASE = "@rpath";
				GENERATE_INFOPLIST_FILE = YES;
				INFOPLIST_KEY_NSHumanReadableCopyright = "";
				INSTALL_PATH = "$(LOCAL_LIBRARY_DIR)/Frameworks";
				LD_RUNPATH_SEARCH_PATHS = (
					"$(inherited)",
					"@executable_path/Frameworks",
					"@loader_path/Frameworks",
				);
				MARKETING_VERSION = 1.0;
				PRODUCT_BUNDLE_IDENTIFIER = milankamilya.EssentialFeediOS;
				PRODUCT_NAME = "$(TARGET_NAME:c99extidentifier)";
				SDKROOT = iphoneos;
				SKIP_INSTALL = YES;
				SWIFT_EMIT_LOC_STRINGS = YES;
				SWIFT_OPTIMIZATION_LEVEL = "-Onone";
				SWIFT_VERSION = 5.0;
				TARGETED_DEVICE_FAMILY = "1,2";
			};
			name = Debug;
		};
		4DD9FD66274B187E003761C7 /* Release */ = {
			isa = XCBuildConfiguration;
			buildSettings = {
				CLANG_CXX_LANGUAGE_STANDARD = "gnu++17";
				CLANG_ENABLE_MODULES = YES;
				CODE_SIGN_STYLE = Automatic;
				CURRENT_PROJECT_VERSION = 1;
				DEFINES_MODULE = YES;
				DYLIB_COMPATIBILITY_VERSION = 1;
				DYLIB_CURRENT_VERSION = 1;
				DYLIB_INSTALL_NAME_BASE = "@rpath";
				GENERATE_INFOPLIST_FILE = YES;
				INFOPLIST_KEY_NSHumanReadableCopyright = "";
				INSTALL_PATH = "$(LOCAL_LIBRARY_DIR)/Frameworks";
				LD_RUNPATH_SEARCH_PATHS = (
					"$(inherited)",
					"@executable_path/Frameworks",
					"@loader_path/Frameworks",
				);
				MARKETING_VERSION = 1.0;
				PRODUCT_BUNDLE_IDENTIFIER = milankamilya.EssentialFeediOS;
				PRODUCT_NAME = "$(TARGET_NAME:c99extidentifier)";
				SDKROOT = iphoneos;
				SKIP_INSTALL = YES;
				SWIFT_EMIT_LOC_STRINGS = YES;
				SWIFT_VERSION = 5.0;
				TARGETED_DEVICE_FAMILY = "1,2";
				VALIDATE_PRODUCT = YES;
			};
			name = Release;
		};
		4DD9FD68274B187E003761C7 /* Debug */ = {
			isa = XCBuildConfiguration;
			buildSettings = {
				ALWAYS_EMBED_SWIFT_STANDARD_LIBRARIES = YES;
				CLANG_CXX_LANGUAGE_STANDARD = "gnu++17";
				CLANG_ENABLE_MODULES = YES;
				"CODE_SIGN_IDENTITY[sdk=macosx*]" = "Apple Development";
				CODE_SIGN_STYLE = Automatic;
				CURRENT_PROJECT_VERSION = 1;
				DEVELOPMENT_TEAM = XF4ZFTBPZV;
				GENERATE_INFOPLIST_FILE = YES;
				LD_RUNPATH_SEARCH_PATHS = (
					"$(inherited)",
					"@executable_path/Frameworks",
					"@loader_path/Frameworks",
				);
				MARKETING_VERSION = 1.0;
				PRODUCT_BUNDLE_IDENTIFIER = milankamilya.EssentialFeediOSTests;
				PRODUCT_NAME = "$(TARGET_NAME)";
				SDKROOT = iphoneos;
				SWIFT_EMIT_LOC_STRINGS = NO;
				SWIFT_OPTIMIZATION_LEVEL = "-Onone";
				SWIFT_VERSION = 5.0;
				TARGETED_DEVICE_FAMILY = "1,2";
			};
			name = Debug;
		};
		4DD9FD69274B187E003761C7 /* Release */ = {
			isa = XCBuildConfiguration;
			buildSettings = {
				ALWAYS_EMBED_SWIFT_STANDARD_LIBRARIES = YES;
				CLANG_CXX_LANGUAGE_STANDARD = "gnu++17";
				CLANG_ENABLE_MODULES = YES;
				"CODE_SIGN_IDENTITY[sdk=macosx*]" = "Apple Development";
				CODE_SIGN_STYLE = Automatic;
				CURRENT_PROJECT_VERSION = 1;
				DEVELOPMENT_TEAM = XF4ZFTBPZV;
				GENERATE_INFOPLIST_FILE = YES;
				LD_RUNPATH_SEARCH_PATHS = (
					"$(inherited)",
					"@executable_path/Frameworks",
					"@loader_path/Frameworks",
				);
				MARKETING_VERSION = 1.0;
				PRODUCT_BUNDLE_IDENTIFIER = milankamilya.EssentialFeediOSTests;
				PRODUCT_NAME = "$(TARGET_NAME)";
				SDKROOT = iphoneos;
				SWIFT_EMIT_LOC_STRINGS = NO;
				SWIFT_VERSION = 5.0;
				TARGETED_DEVICE_FAMILY = "1,2";
				VALIDATE_PRODUCT = YES;
			};
			name = Release;
		};
		4DDCD8AF274725A8001C124E /* Debug */ = {
			isa = XCBuildConfiguration;
			buildSettings = {
				CLANG_CXX_LANGUAGE_STANDARD = "gnu++17";
				CODE_SIGN_STYLE = Automatic;
				COMBINE_HIDPI_IMAGES = YES;
				CURRENT_PROJECT_VERSION = 1;
				GENERATE_INFOPLIST_FILE = YES;
				LD_RUNPATH_SEARCH_PATHS = (
					"$(inherited)",
					"@executable_path/../Frameworks",
					"@loader_path/../Frameworks",
				);
				MARKETING_VERSION = 1.0;
				PRODUCT_BUNDLE_IDENTIFIER = milankamilya.EssentialFeedCacheIntegrationTests;
				PRODUCT_NAME = "$(TARGET_NAME)";
				SUPPORTED_PLATFORMS = "macosx iphoneos iphonesimulator";
				SWIFT_EMIT_LOC_STRINGS = NO;
				SWIFT_VERSION = 5.0;
			};
			name = Debug;
		};
		4DDCD8B0274725A8001C124E /* Release */ = {
			isa = XCBuildConfiguration;
			buildSettings = {
				CLANG_CXX_LANGUAGE_STANDARD = "gnu++17";
				CODE_SIGN_STYLE = Automatic;
				COMBINE_HIDPI_IMAGES = YES;
				CURRENT_PROJECT_VERSION = 1;
				GENERATE_INFOPLIST_FILE = YES;
				LD_RUNPATH_SEARCH_PATHS = (
					"$(inherited)",
					"@executable_path/../Frameworks",
					"@loader_path/../Frameworks",
				);
				MARKETING_VERSION = 1.0;
				PRODUCT_BUNDLE_IDENTIFIER = milankamilya.EssentialFeedCacheIntegrationTests;
				PRODUCT_NAME = "$(TARGET_NAME)";
				SUPPORTED_PLATFORMS = "macosx iphoneos iphonesimulator";
				SWIFT_EMIT_LOC_STRINGS = NO;
				SWIFT_VERSION = 5.0;
			};
			name = Release;
		};
/* End XCBuildConfiguration section */

/* Begin XCConfigurationList section */
		4D9BDBED272F9839006D6EC7 /* Build configuration list for PBXProject "EssentialFeed" */ = {
			isa = XCConfigurationList;
			buildConfigurations = (
				4D9BDC05272F983A006D6EC7 /* Debug */,
				4D9BDC06272F983A006D6EC7 /* Release */,
			);
			defaultConfigurationIsVisible = 0;
			defaultConfigurationName = Release;
		};
		4D9BDC07272F983A006D6EC7 /* Build configuration list for PBXNativeTarget "EssentialFeed" */ = {
			isa = XCConfigurationList;
			buildConfigurations = (
				4D9BDC08272F983A006D6EC7 /* Debug */,
				4D9BDC09272F983A006D6EC7 /* Release */,
			);
			defaultConfigurationIsVisible = 0;
			defaultConfigurationName = Release;
		};
		4D9BDC0A272F983A006D6EC7 /* Build configuration list for PBXNativeTarget "EssentialFeedTests" */ = {
			isa = XCConfigurationList;
			buildConfigurations = (
				4D9BDC0B272F983A006D6EC7 /* Debug */,
				4D9BDC0C272F983A006D6EC7 /* Release */,
			);
			defaultConfigurationIsVisible = 0;
			defaultConfigurationName = Release;
		};
		4DB6FF10273B59F00016EBA4 /* Build configuration list for PBXNativeTarget "EssentialFeedAPIEndToEndTests" */ = {
			isa = XCConfigurationList;
			buildConfigurations = (
				4DB6FF11273B59F00016EBA4 /* Debug */,
				4DB6FF12273B59F00016EBA4 /* Release */,
			);
			defaultConfigurationIsVisible = 0;
			defaultConfigurationName = Release;
		};
		4DD9FD64274B187E003761C7 /* Build configuration list for PBXNativeTarget "EssentialFeediOS" */ = {
			isa = XCConfigurationList;
			buildConfigurations = (
				4DD9FD65274B187E003761C7 /* Debug */,
				4DD9FD66274B187E003761C7 /* Release */,
			);
			defaultConfigurationIsVisible = 0;
			defaultConfigurationName = Release;
		};
		4DD9FD67274B187E003761C7 /* Build configuration list for PBXNativeTarget "EssentialFeediOSTests" */ = {
			isa = XCConfigurationList;
			buildConfigurations = (
				4DD9FD68274B187E003761C7 /* Debug */,
				4DD9FD69274B187E003761C7 /* Release */,
			);
			defaultConfigurationIsVisible = 0;
			defaultConfigurationName = Release;
		};
		4DDCD8B1274725A8001C124E /* Build configuration list for PBXNativeTarget "EssentialFeedCacheIntegrationTests" */ = {
			isa = XCConfigurationList;
			buildConfigurations = (
				4DDCD8AF274725A8001C124E /* Debug */,
				4DDCD8B0274725A8001C124E /* Release */,
			);
			defaultConfigurationIsVisible = 0;
			defaultConfigurationName = Release;
		};
/* End XCConfigurationList section */

/* Begin XCVersionGroup section */
		4D9E97282745EAE500AF9B88 /* FeedStore.xcdatamodeld */ = {
			isa = XCVersionGroup;
			children = (
				4D9E97292745EAE500AF9B88 /* FeedStore.xcdatamodel */,
			);
			currentVersion = 4D9E97292745EAE500AF9B88 /* FeedStore.xcdatamodel */;
			path = FeedStore.xcdatamodeld;
			sourceTree = "<group>";
			versionGroupType = wrapper.xcdatamodel;
		};
/* End XCVersionGroup section */
	};
	rootObject = 4D9BDBEA272F9839006D6EC7 /* Project object */;
}
