// !$*UTF8*$!
{
	archiveVersion = 1;
	classes = {
	};
	objectVersion = 50;
	objects = {

/* Begin PBXBuildFile section */
		4D18E02F281651F30067B33D /* RemoteImageCommentsLoader.swift in Sources */ = {isa = PBXBuildFile; fileRef = 4D18E02E281651F30067B33D /* RemoteImageCommentsLoader.swift */; };
		4D18E0312816530F0067B33D /* LoadFeedImageCommentsFromRemoteUseCaseTests.swift in Sources */ = {isa = PBXBuildFile; fileRef = 4D18E0302816530F0067B33D /* LoadFeedImageCommentsFromRemoteUseCaseTests.swift */; };
		4D18E033281654760067B33D /* ImageCommentsMapper.swift in Sources */ = {isa = PBXBuildFile; fileRef = 4D18E032281654760067B33D /* ImageCommentsMapper.swift */; };
		4D18E036281658360067B33D /* ImageComment.swift in Sources */ = {isa = PBXBuildFile; fileRef = 4D18E035281658360067B33D /* ImageComment.swift */; };
		4D23002F27DEE9B300C19EBD /* FeedCache.swift in Sources */ = {isa = PBXBuildFile; fileRef = 4D23002E27DEE9B300C19EBD /* FeedCache.swift */; };
		4D252A1B272F9A0700FE8982 /* LoadFeedFromRemoteUseCaseTests.swift in Sources */ = {isa = PBXBuildFile; fileRef = 4D252A1A272F9A0700FE8982 /* LoadFeedFromRemoteUseCaseTests.swift */; };
		4D3F70B927701F7400198F12 /* FeedPresenterTests.swift in Sources */ = {isa = PBXBuildFile; fileRef = 4D3F70B827701F7400198F12 /* FeedPresenterTests.swift */; };
		4D3F70C427702CA200198F12 /* FeedPresenter.swift in Sources */ = {isa = PBXBuildFile; fileRef = 4D3F70C327702CA200198F12 /* FeedPresenter.swift */; };
		4D3F70C527702D0C00198F12 /* Feed.strings in Resources */ = {isa = PBXBuildFile; fileRef = 4D3F70BE27702A5700198F12 /* Feed.strings */; };
		4D3F70C727702D6000198F12 /* FeedErrorViewModel.swift in Sources */ = {isa = PBXBuildFile; fileRef = 4D3F70C627702D6000198F12 /* FeedErrorViewModel.swift */; };
		4D3F70C927702D7C00198F12 /* FeedViewModel.swift in Sources */ = {isa = PBXBuildFile; fileRef = 4D3F70C827702D7C00198F12 /* FeedViewModel.swift */; };
		4D3F70CB27702D9E00198F12 /* FeedLoadingViewModel.swift in Sources */ = {isa = PBXBuildFile; fileRef = 4D3F70CA27702D9E00198F12 /* FeedLoadingViewModel.swift */; };
		4D3F70CC27702F9D00198F12 /* FeedLocalizationTests.swift in Sources */ = {isa = PBXBuildFile; fileRef = 4D846D91276837440015052C /* FeedLocalizationTests.swift */; };
		4D49A2042758686400260696 /* UIView+Shimmering.swift in Sources */ = {isa = PBXBuildFile; fileRef = 4D49A2032758686400260696 /* UIView+Shimmering.swift */; };
		4D6C612A2730E60B00AB0C2F /* RemoteFeedLoader.swift in Sources */ = {isa = PBXBuildFile; fileRef = 4D6C61292730E60B00AB0C2F /* RemoteFeedLoader.swift */; };
		4D832478277965CD00E4F0FB /* FeedImagePresenter.swift in Sources */ = {isa = PBXBuildFile; fileRef = 4D832477277965CD00E4F0FB /* FeedImagePresenter.swift */; };
		4D83247A277965EC00E4F0FB /* FeedImageView.swift in Sources */ = {isa = PBXBuildFile; fileRef = 4D832479277965EC00E4F0FB /* FeedImageView.swift */; };
		4D9BDBFD272F983A006D6EC7 /* EssentialFeed.framework in Frameworks */ = {isa = PBXBuildFile; fileRef = 4D9BDBF3272F9839006D6EC7 /* EssentialFeed.framework */; };
		4D9BDC04272F983A006D6EC7 /* EssentialFeed.h in Headers */ = {isa = PBXBuildFile; fileRef = 4D9BDBF6272F9839006D6EC7 /* EssentialFeed.h */; settings = {ATTRIBUTES = (Public, ); }; };
		4D9C2DC127449E85001EA560 /* FeedStoreSpecs.swift in Sources */ = {isa = PBXBuildFile; fileRef = 4D9C2DC027449E85001EA560 /* FeedStoreSpecs.swift */; };
		4D9C2DC327449FAB001EA560 /* XCTestCase+FeedStoreSpecs.swift in Sources */ = {isa = PBXBuildFile; fileRef = 4D9C2DC227449FAB001EA560 /* XCTestCase+FeedStoreSpecs.swift */; };
		4D9C2DC72744A8C2001EA560 /* XCTestCase+FailableRetrieveFeedStoreSpecs.swift in Sources */ = {isa = PBXBuildFile; fileRef = 4D9C2DC62744A8C2001EA560 /* XCTestCase+FailableRetrieveFeedStoreSpecs.swift */; };
		4D9E0B53274B55A000D676FF /* EssentialFeed.framework in Frameworks */ = {isa = PBXBuildFile; fileRef = 4D9BDBF3272F9839006D6EC7 /* EssentialFeed.framework */; };
		4D9E97232745D38800AF9B88 /* XCTestCase+FailableInsertionFeedStoreSpecs.swift in Sources */ = {isa = PBXBuildFile; fileRef = 4D9E97222745D38800AF9B88 /* XCTestCase+FailableInsertionFeedStoreSpecs.swift */; };
		4D9E97252745D4DB00AF9B88 /* XCTestCase+FailableDeletionFeedStoreSpecs.swift in Sources */ = {isa = PBXBuildFile; fileRef = 4D9E97242745D4DB00AF9B88 /* XCTestCase+FailableDeletionFeedStoreSpecs.swift */; };
		4D9E97272745E7C600AF9B88 /* CoreDataFeedStoreTests.swift in Sources */ = {isa = PBXBuildFile; fileRef = 4D9E97262745E7C600AF9B88 /* CoreDataFeedStoreTests.swift */; };
		4D9E972A2745EAE500AF9B88 /* FeedStore.xcdatamodeld in Sources */ = {isa = PBXBuildFile; fileRef = 4D9E97282745EAE500AF9B88 /* FeedStore.xcdatamodeld */; };
		4D9E972C2745F25A00AF9B88 /* CoreDataFeedStore.swift in Sources */ = {isa = PBXBuildFile; fileRef = 4D9E972B2745F25A00AF9B88 /* CoreDataFeedStore.swift */; };
		4D9E972F274606F700AF9B88 /* CoreDataHelpers.swift in Sources */ = {isa = PBXBuildFile; fileRef = 4D9E972E274606F700AF9B88 /* CoreDataHelpers.swift */; };
		4D9E97312746084B00AF9B88 /* ManagedCache.swift in Sources */ = {isa = PBXBuildFile; fileRef = 4D9E97302746084B00AF9B88 /* ManagedCache.swift */; };
		4D9E97332746088900AF9B88 /* ManagedFeedImage.swift in Sources */ = {isa = PBXBuildFile; fileRef = 4D9E97322746088900AF9B88 /* ManagedFeedImage.swift */; };
		4DA00F7427360A0C009496D6 /* HTTPClient.swift in Sources */ = {isa = PBXBuildFile; fileRef = 4DA00F7327360A0C009496D6 /* HTTPClient.swift */; };
		4DA00F7627360A54009496D6 /* FeedItemMapper.swift in Sources */ = {isa = PBXBuildFile; fileRef = 4DA00F7527360A54009496D6 /* FeedItemMapper.swift */; };
		4DA0124A27A8D01400562FA5 /* HTTPClientSpy.swift in Sources */ = {isa = PBXBuildFile; fileRef = 4DA0124927A8D01400562FA5 /* HTTPClientSpy.swift */; };
		4DA0124C27A8D10A00562FA5 /* RemoteFeedImageDataLoader.swift in Sources */ = {isa = PBXBuildFile; fileRef = 4DA0124B27A8D10A00562FA5 /* RemoteFeedImageDataLoader.swift */; };
		4DA0124F27A8DE8500562FA5 /* HTTPURLResponse+StatusCode.swift in Sources */ = {isa = PBXBuildFile; fileRef = 4DA0124E27A8DE8500562FA5 /* HTTPURLResponse+StatusCode.swift */; };
		4DA0125227A8DFC400562FA5 /* URLProtocolStub.swift in Sources */ = {isa = PBXBuildFile; fileRef = 4DA0125127A8DFC400562FA5 /* URLProtocolStub.swift */; };
		4DA078832740A86E0087273A /* ValidateFeedCacheUseCaseTests.swift in Sources */ = {isa = PBXBuildFile; fileRef = 4DA078822740A86E0087273A /* ValidateFeedCacheUseCaseTests.swift */; };
		4DA078852741EB690087273A /* FeedCacheTestHelper.swift in Sources */ = {isa = PBXBuildFile; fileRef = 4DA078842741EB690087273A /* FeedCacheTestHelper.swift */; };
		4DA078872741EC3E0087273A /* SharedTestHelpers.swift in Sources */ = {isa = PBXBuildFile; fileRef = 4DA078862741EC3E0087273A /* SharedTestHelpers.swift */; };
		4DA078892741FDF20087273A /* FeedCachePolicy.swift in Sources */ = {isa = PBXBuildFile; fileRef = 4DA078882741FDF20087273A /* FeedCachePolicy.swift */; };
		4DA124FB2738E2570024ECCF /* XCTTestCase+MemoryLeakTracking.swift in Sources */ = {isa = PBXBuildFile; fileRef = 4DA124FA2738E2570024ECCF /* XCTTestCase+MemoryLeakTracking.swift */; };
		4DA1B42327AB7C5C00552D3E /* FeedImageDataStore.swift in Sources */ = {isa = PBXBuildFile; fileRef = 4DA1B42227AB7C5C00552D3E /* FeedImageDataStore.swift */; };
		4DA1B42527AB7C9E00552D3E /* LocalFeedImageDataLoader.swift in Sources */ = {isa = PBXBuildFile; fileRef = 4DA1B42427AB7C9E00552D3E /* LocalFeedImageDataLoader.swift */; };
		4DA25DD02771780F00C5E2D4 /* FeedImagePresenterTests.swift in Sources */ = {isa = PBXBuildFile; fileRef = 4DA25DCF2771780F00C5E2D4 /* FeedImagePresenterTests.swift */; };
		4DA46E8C278D2C8D003A5B1A /* LoadFeedImageDataFromRemoteUseCaseTests.swift in Sources */ = {isa = PBXBuildFile; fileRef = 4DA46E8B278D2C8D003A5B1A /* LoadFeedImageDataFromRemoteUseCaseTests.swift */; };
		4DA4853327AA22F50053C1DE /* LocalFeedImageDataFromCacheUseCaseTests.swift in Sources */ = {isa = PBXBuildFile; fileRef = 4DA4853227AA22F50053C1DE /* LocalFeedImageDataFromCacheUseCaseTests.swift */; };
		4DA658E3274B47AA004E8F78 /* FeedViewController.swift in Sources */ = {isa = PBXBuildFile; fileRef = 4DA658E2274B47AA004E8F78 /* FeedViewController.swift */; };
		4DA964852759BB5900652715 /* FeedImageCellController.swift in Sources */ = {isa = PBXBuildFile; fileRef = 4DA964842759BB5900652715 /* FeedImageCellController.swift */; };
		4DAAA9D227ACC07C005E46D3 /* FeedImageDataStoreSpy.swift in Sources */ = {isa = PBXBuildFile; fileRef = 4DAAA9D127ACC07C005E46D3 /* FeedImageDataStoreSpy.swift */; };
		4DAAA9D427ACC293005E46D3 /* CacheFeedImageDataUseCaseTests.swift in Sources */ = {isa = PBXBuildFile; fileRef = 4DAAA9D327ACC293005E46D3 /* CacheFeedImageDataUseCaseTests.swift */; };
		4DAAA9D627ACD04D005E46D3 /* CoreDataFeedImageDataStoreTests.swift in Sources */ = {isa = PBXBuildFile; fileRef = 4DAAA9D527ACD04D005E46D3 /* CoreDataFeedImageDataStoreTests.swift */; };
		4DAB3619276C29C500221D11 /* ErrorView.swift in Sources */ = {isa = PBXBuildFile; fileRef = 4DAB3618276C29C500221D11 /* ErrorView.swift */; };
		4DAB361E276C31D700221D11 /* UIRefreshControl+Helpers.swift in Sources */ = {isa = PBXBuildFile; fileRef = 4DAB361D276C31D700221D11 /* UIRefreshControl+Helpers.swift */; };
		4DAF9E76273F445600D54018 /* LocalFeedLoader.swift in Sources */ = {isa = PBXBuildFile; fileRef = 4DAF9E75273F445600D54018 /* LocalFeedLoader.swift */; };
		4DAF9E78273F455300D54018 /* FeedStore.swift in Sources */ = {isa = PBXBuildFile; fileRef = 4DAF9E77273F455300D54018 /* FeedStore.swift */; };
		4DAF9E7A273F517E00D54018 /* RemoteFeedItem.swift in Sources */ = {isa = PBXBuildFile; fileRef = 4DAF9E79273F517E00D54018 /* RemoteFeedItem.swift */; };
		4DAF9E7E273F528600D54018 /* LocalFeedImage.swift in Sources */ = {isa = PBXBuildFile; fileRef = 4DAF9E7D273F528600D54018 /* LocalFeedImage.swift */; };
		4DAF9E80273F5EAF00D54018 /* LoadFeedFromCacheUseCaseTests.swift in Sources */ = {isa = PBXBuildFile; fileRef = 4DAF9E7F273F5EAF00D54018 /* LoadFeedFromCacheUseCaseTests.swift */; };
		4DAF9E83273F609500D54018 /* FeedStoreSpy.swift in Sources */ = {isa = PBXBuildFile; fileRef = 4DAF9E82273F609500D54018 /* FeedStoreSpy.swift */; };
		4DB5F6C027376B75007425A4 /* URLSessionHTTPClientTests.swift in Sources */ = {isa = PBXBuildFile; fileRef = 4DB5F6BF27376B75007425A4 /* URLSessionHTTPClientTests.swift */; };
		4DB6FF04273B50AC0016EBA4 /* URLSessionHTTPClient.swift in Sources */ = {isa = PBXBuildFile; fileRef = 4DB6FF03273B50AC0016EBA4 /* URLSessionHTTPClient.swift */; };
		4DB6FF0C273B59F00016EBA4 /* EssentialFeedAPIEndToEndTests.swift in Sources */ = {isa = PBXBuildFile; fileRef = 4DB6FF0B273B59F00016EBA4 /* EssentialFeedAPIEndToEndTests.swift */; };
		4DB6FF0D273B59F00016EBA4 /* EssentialFeed.framework in Frameworks */ = {isa = PBXBuildFile; fileRef = 4D9BDBF3272F9839006D6EC7 /* EssentialFeed.framework */; };
		4DB6FF13273B66B70016EBA4 /* XCTTestCase+MemoryLeakTracking.swift in Sources */ = {isa = PBXBuildFile; fileRef = 4DA124FA2738E2570024ECCF /* XCTTestCase+MemoryLeakTracking.swift */; };
		4DB8DE212761853E0091EF34 /* Feed.storyboard in Resources */ = {isa = PBXBuildFile; fileRef = 4DB8DE202761853E0091EF34 /* Feed.storyboard */; };
		4DB8DE23276185B30091EF34 /* Feed.xcassets in Resources */ = {isa = PBXBuildFile; fileRef = 4DB8DE22276185B30091EF34 /* Feed.xcassets */; };
		4DB8DE252761983B0091EF34 /* UITableView+Dequeueing.swift in Sources */ = {isa = PBXBuildFile; fileRef = 4DB8DE242761983B0091EF34 /* UITableView+Dequeueing.swift */; };
		4DB8DE2727619A6F0091EF34 /* UIImageView+Animations.swift in Sources */ = {isa = PBXBuildFile; fileRef = 4DB8DE2627619A6F0091EF34 /* UIImageView+Animations.swift */; };
		4DB9E33727B60AC9002C02E7 /* CoreDataFeedStore+FeedStore.swift in Sources */ = {isa = PBXBuildFile; fileRef = 4DB9E33627B60AC9002C02E7 /* CoreDataFeedStore+FeedStore.swift */; };
		4DB9FD4E27B0CBB700059DC9 /* CoreDataFeedStore+FeedImageDataStore.swift in Sources */ = {isa = PBXBuildFile; fileRef = 4DB9FD4D27B0CBB700059DC9 /* CoreDataFeedStore+FeedImageDataStore.swift */; };
		4DC92DEB273DFBDC00DFE9EB /* CacheFeedUseCaseTests.swift in Sources */ = {isa = PBXBuildFile; fileRef = 4DC92DEA273DFBDC00DFE9EB /* CacheFeedUseCaseTests.swift */; };
		4DD7852827F6AF5E0057EAA3 /* EssentialFeediOS.framework in Frameworks */ = {isa = PBXBuildFile; fileRef = 4DD9FD55274B187E003761C7 /* EssentialFeediOS.framework */; };
		4DD7853127F6AFCB0057EAA3 /* FeedSnapshotTests.swift in Sources */ = {isa = PBXBuildFile; fileRef = 4DD7853027F6AFCB0057EAA3 /* FeedSnapshotTests.swift */; };
		4DD7853427F6B6650057EAA3 /* UIImage+TestHelpers.swift in Sources */ = {isa = PBXBuildFile; fileRef = 4DD7853327F6B6650057EAA3 /* UIImage+TestHelpers.swift */; };
		4DD7853627F6B8220057EAA3 /* UITableView+HeaderSizing.swift in Sources */ = {isa = PBXBuildFile; fileRef = 4DD7853527F6B8220057EAA3 /* UITableView+HeaderSizing.swift */; };
		4DDCD8AB274725A8001C124E /* EssentialFeedCacheIntegrationTests.swift in Sources */ = {isa = PBXBuildFile; fileRef = 4DDCD8AA274725A8001C124E /* EssentialFeedCacheIntegrationTests.swift */; };
		4DDCD8AC274725A8001C124E /* EssentialFeed.framework in Frameworks */ = {isa = PBXBuildFile; fileRef = 4D9BDBF3272F9839006D6EC7 /* EssentialFeed.framework */; };
		4DDCD8B227472988001C124E /* XCTTestCase+MemoryLeakTracking.swift in Sources */ = {isa = PBXBuildFile; fileRef = 4DA124FA2738E2570024ECCF /* XCTTestCase+MemoryLeakTracking.swift */; };
		4DDCD8B327472E2D001C124E /* FeedCacheTestHelper.swift in Sources */ = {isa = PBXBuildFile; fileRef = 4DA078842741EB690087273A /* FeedCacheTestHelper.swift */; };
		4DDCD8B427472E38001C124E /* SharedTestHelpers.swift in Sources */ = {isa = PBXBuildFile; fileRef = 4DA078862741EC3E0087273A /* SharedTestHelpers.swift */; };
		4DE0F9B627A8E33900DA466F /* FeedImage.swift in Sources */ = {isa = PBXBuildFile; fileRef = 4DE0F9B327A8E33900DA466F /* FeedImage.swift */; };
		4DE0F9B727A8E33900DA466F /* FeedImageDataLoader.swift in Sources */ = {isa = PBXBuildFile; fileRef = 4DE0F9B427A8E33900DA466F /* FeedImageDataLoader.swift */; };
		4DE0F9B827A8E33900DA466F /* FeedLoader.swift in Sources */ = {isa = PBXBuildFile; fileRef = 4DE0F9B527A8E33900DA466F /* FeedLoader.swift */; };
		4DF6756727E043CD009A66AF /* FeedImageDataCache.swift in Sources */ = {isa = PBXBuildFile; fileRef = 4DF6756627E043CD009A66AF /* FeedImageDataCache.swift */; };
		4DF6B76A27545F5E003A34FD /* FeedImageCell.swift in Sources */ = {isa = PBXBuildFile; fileRef = 4DF6B76927545F5E003A34FD /* FeedImageCell.swift */; };
/* End PBXBuildFile section */

/* Begin PBXContainerItemProxy section */
		4D9BDBFE272F983A006D6EC7 /* PBXContainerItemProxy */ = {
			isa = PBXContainerItemProxy;
			containerPortal = 4D9BDBEA272F9839006D6EC7 /* Project object */;
			proxyType = 1;
			remoteGlobalIDString = 4D9BDBF2272F9839006D6EC7;
			remoteInfo = EssentialFeed;
		};
		4DB6FF0E273B59F00016EBA4 /* PBXContainerItemProxy */ = {
			isa = PBXContainerItemProxy;
			containerPortal = 4D9BDBEA272F9839006D6EC7 /* Project object */;
			proxyType = 1;
			remoteGlobalIDString = 4D9BDBF2272F9839006D6EC7;
			remoteInfo = EssentialFeed;
		};
		4DD7852927F6AF5E0057EAA3 /* PBXContainerItemProxy */ = {
			isa = PBXContainerItemProxy;
			containerPortal = 4D9BDBEA272F9839006D6EC7 /* Project object */;
			proxyType = 1;
			remoteGlobalIDString = 4DD9FD54274B187E003761C7;
			remoteInfo = EssentialFeediOS;
		};
		4DDCD8AD274725A8001C124E /* PBXContainerItemProxy */ = {
			isa = PBXContainerItemProxy;
			containerPortal = 4D9BDBEA272F9839006D6EC7 /* Project object */;
			proxyType = 1;
			remoteGlobalIDString = 4D9BDBF2272F9839006D6EC7;
			remoteInfo = EssentialFeed;
		};
/* End PBXContainerItemProxy section */

/* Begin PBXFileReference section */
		4D18E02E281651F30067B33D /* RemoteImageCommentsLoader.swift */ = {isa = PBXFileReference; lastKnownFileType = sourcecode.swift; path = RemoteImageCommentsLoader.swift; sourceTree = "<group>"; };
		4D18E0302816530F0067B33D /* LoadFeedImageCommentsFromRemoteUseCaseTests.swift */ = {isa = PBXFileReference; lastKnownFileType = sourcecode.swift; path = LoadFeedImageCommentsFromRemoteUseCaseTests.swift; sourceTree = "<group>"; };
		4D18E032281654760067B33D /* ImageCommentsMapper.swift */ = {isa = PBXFileReference; lastKnownFileType = sourcecode.swift; path = ImageCommentsMapper.swift; sourceTree = "<group>"; };
		4D18E035281658360067B33D /* ImageComment.swift */ = {isa = PBXFileReference; lastKnownFileType = sourcecode.swift; path = ImageComment.swift; sourceTree = "<group>"; };
		4D23002E27DEE9B300C19EBD /* FeedCache.swift */ = {isa = PBXFileReference; lastKnownFileType = sourcecode.swift; path = FeedCache.swift; sourceTree = "<group>"; };
		4D252A1A272F9A0700FE8982 /* LoadFeedFromRemoteUseCaseTests.swift */ = {isa = PBXFileReference; lastKnownFileType = sourcecode.swift; path = LoadFeedFromRemoteUseCaseTests.swift; sourceTree = "<group>"; };
		4D3F70B827701F7400198F12 /* FeedPresenterTests.swift */ = {isa = PBXFileReference; lastKnownFileType = sourcecode.swift; path = FeedPresenterTests.swift; sourceTree = "<group>"; };
		4D3F70BD27702A5700198F12 /* en */ = {isa = PBXFileReference; lastKnownFileType = text.plist.strings; name = en; path = en.lproj/Feed.strings; sourceTree = "<group>"; };
		4D3F70C027702A7A00198F12 /* el */ = {isa = PBXFileReference; lastKnownFileType = text.plist.strings; name = el; path = el.lproj/Feed.strings; sourceTree = "<group>"; };
		4D3F70C127702A7C00198F12 /* pt-BR */ = {isa = PBXFileReference; lastKnownFileType = text.plist.strings; name = "pt-BR"; path = "pt-BR.lproj/Feed.strings"; sourceTree = "<group>"; };
		4D3F70C327702CA200198F12 /* FeedPresenter.swift */ = {isa = PBXFileReference; lastKnownFileType = sourcecode.swift; path = FeedPresenter.swift; sourceTree = "<group>"; };
		4D3F70C627702D6000198F12 /* FeedErrorViewModel.swift */ = {isa = PBXFileReference; lastKnownFileType = sourcecode.swift; path = FeedErrorViewModel.swift; sourceTree = "<group>"; };
		4D3F70C827702D7C00198F12 /* FeedViewModel.swift */ = {isa = PBXFileReference; lastKnownFileType = sourcecode.swift; path = FeedViewModel.swift; sourceTree = "<group>"; };
		4D3F70CA27702D9E00198F12 /* FeedLoadingViewModel.swift */ = {isa = PBXFileReference; lastKnownFileType = sourcecode.swift; path = FeedLoadingViewModel.swift; sourceTree = "<group>"; };
		4D49A2032758686400260696 /* UIView+Shimmering.swift */ = {isa = PBXFileReference; lastKnownFileType = sourcecode.swift; path = "UIView+Shimmering.swift"; sourceTree = "<group>"; };
		4D6C61292730E60B00AB0C2F /* RemoteFeedLoader.swift */ = {isa = PBXFileReference; lastKnownFileType = sourcecode.swift; path = RemoteFeedLoader.swift; sourceTree = "<group>"; };
		4D832477277965CD00E4F0FB /* FeedImagePresenter.swift */ = {isa = PBXFileReference; lastKnownFileType = sourcecode.swift; path = FeedImagePresenter.swift; sourceTree = "<group>"; };
		4D832479277965EC00E4F0FB /* FeedImageView.swift */ = {isa = PBXFileReference; lastKnownFileType = sourcecode.swift; path = FeedImageView.swift; sourceTree = "<group>"; };
		4D846D91276837440015052C /* FeedLocalizationTests.swift */ = {isa = PBXFileReference; lastKnownFileType = sourcecode.swift; path = FeedLocalizationTests.swift; sourceTree = "<group>"; };
		4D9BDBF3272F9839006D6EC7 /* EssentialFeed.framework */ = {isa = PBXFileReference; explicitFileType = wrapper.framework; includeInIndex = 0; path = EssentialFeed.framework; sourceTree = BUILT_PRODUCTS_DIR; };
		4D9BDBF6272F9839006D6EC7 /* EssentialFeed.h */ = {isa = PBXFileReference; lastKnownFileType = sourcecode.c.h; path = EssentialFeed.h; sourceTree = "<group>"; };
		4D9BDBF7272F9839006D6EC7 /* Info.plist */ = {isa = PBXFileReference; lastKnownFileType = text.plist.xml; path = Info.plist; sourceTree = "<group>"; };
		4D9BDBFC272F983A006D6EC7 /* EssentialFeedTests.xctest */ = {isa = PBXFileReference; explicitFileType = wrapper.cfbundle; includeInIndex = 0; path = EssentialFeedTests.xctest; sourceTree = BUILT_PRODUCTS_DIR; };
		4D9BDC03272F983A006D6EC7 /* Info.plist */ = {isa = PBXFileReference; lastKnownFileType = text.plist.xml; path = Info.plist; sourceTree = "<group>"; };
		4D9C2DC027449E85001EA560 /* FeedStoreSpecs.swift */ = {isa = PBXFileReference; lastKnownFileType = sourcecode.swift; path = FeedStoreSpecs.swift; sourceTree = "<group>"; };
		4D9C2DC227449FAB001EA560 /* XCTestCase+FeedStoreSpecs.swift */ = {isa = PBXFileReference; lastKnownFileType = sourcecode.swift; path = "XCTestCase+FeedStoreSpecs.swift"; sourceTree = "<group>"; };
		4D9C2DC62744A8C2001EA560 /* XCTestCase+FailableRetrieveFeedStoreSpecs.swift */ = {isa = PBXFileReference; lastKnownFileType = sourcecode.swift; path = "XCTestCase+FailableRetrieveFeedStoreSpecs.swift"; sourceTree = "<group>"; };
		4D9E97222745D38800AF9B88 /* XCTestCase+FailableInsertionFeedStoreSpecs.swift */ = {isa = PBXFileReference; lastKnownFileType = sourcecode.swift; path = "XCTestCase+FailableInsertionFeedStoreSpecs.swift"; sourceTree = "<group>"; };
		4D9E97242745D4DB00AF9B88 /* XCTestCase+FailableDeletionFeedStoreSpecs.swift */ = {isa = PBXFileReference; lastKnownFileType = sourcecode.swift; path = "XCTestCase+FailableDeletionFeedStoreSpecs.swift"; sourceTree = "<group>"; };
		4D9E97262745E7C600AF9B88 /* CoreDataFeedStoreTests.swift */ = {isa = PBXFileReference; lastKnownFileType = sourcecode.swift; path = CoreDataFeedStoreTests.swift; sourceTree = "<group>"; };
		4D9E97292745EAE500AF9B88 /* FeedStore.xcdatamodel */ = {isa = PBXFileReference; lastKnownFileType = wrapper.xcdatamodel; path = FeedStore.xcdatamodel; sourceTree = "<group>"; };
		4D9E972B2745F25A00AF9B88 /* CoreDataFeedStore.swift */ = {isa = PBXFileReference; lastKnownFileType = sourcecode.swift; path = CoreDataFeedStore.swift; sourceTree = "<group>"; };
		4D9E972E274606F700AF9B88 /* CoreDataHelpers.swift */ = {isa = PBXFileReference; lastKnownFileType = sourcecode.swift; path = CoreDataHelpers.swift; sourceTree = "<group>"; };
		4D9E97302746084B00AF9B88 /* ManagedCache.swift */ = {isa = PBXFileReference; lastKnownFileType = sourcecode.swift; path = ManagedCache.swift; sourceTree = "<group>"; };
		4D9E97322746088900AF9B88 /* ManagedFeedImage.swift */ = {isa = PBXFileReference; lastKnownFileType = sourcecode.swift; path = ManagedFeedImage.swift; sourceTree = "<group>"; };
		4DA00F7327360A0C009496D6 /* HTTPClient.swift */ = {isa = PBXFileReference; lastKnownFileType = sourcecode.swift; path = HTTPClient.swift; sourceTree = "<group>"; };
		4DA00F7527360A54009496D6 /* FeedItemMapper.swift */ = {isa = PBXFileReference; lastKnownFileType = sourcecode.swift; path = FeedItemMapper.swift; sourceTree = "<group>"; };
		4DA0124927A8D01400562FA5 /* HTTPClientSpy.swift */ = {isa = PBXFileReference; lastKnownFileType = sourcecode.swift; path = HTTPClientSpy.swift; sourceTree = "<group>"; };
		4DA0124B27A8D10A00562FA5 /* RemoteFeedImageDataLoader.swift */ = {isa = PBXFileReference; lastKnownFileType = sourcecode.swift; path = RemoteFeedImageDataLoader.swift; sourceTree = "<group>"; };
		4DA0124E27A8DE8500562FA5 /* HTTPURLResponse+StatusCode.swift */ = {isa = PBXFileReference; lastKnownFileType = sourcecode.swift; path = "HTTPURLResponse+StatusCode.swift"; sourceTree = "<group>"; };
		4DA0125127A8DFC400562FA5 /* URLProtocolStub.swift */ = {isa = PBXFileReference; lastKnownFileType = sourcecode.swift; path = URLProtocolStub.swift; sourceTree = "<group>"; };
		4DA078822740A86E0087273A /* ValidateFeedCacheUseCaseTests.swift */ = {isa = PBXFileReference; lastKnownFileType = sourcecode.swift; path = ValidateFeedCacheUseCaseTests.swift; sourceTree = "<group>"; };
		4DA078842741EB690087273A /* FeedCacheTestHelper.swift */ = {isa = PBXFileReference; lastKnownFileType = sourcecode.swift; path = FeedCacheTestHelper.swift; sourceTree = "<group>"; };
		4DA078862741EC3E0087273A /* SharedTestHelpers.swift */ = {isa = PBXFileReference; lastKnownFileType = sourcecode.swift; path = SharedTestHelpers.swift; sourceTree = "<group>"; };
		4DA078882741FDF20087273A /* FeedCachePolicy.swift */ = {isa = PBXFileReference; lastKnownFileType = sourcecode.swift; path = FeedCachePolicy.swift; sourceTree = "<group>"; };
		4DA124FA2738E2570024ECCF /* XCTTestCase+MemoryLeakTracking.swift */ = {isa = PBXFileReference; lastKnownFileType = sourcecode.swift; path = "XCTTestCase+MemoryLeakTracking.swift"; sourceTree = "<group>"; };
		4DA1B42227AB7C5C00552D3E /* FeedImageDataStore.swift */ = {isa = PBXFileReference; lastKnownFileType = sourcecode.swift; path = FeedImageDataStore.swift; sourceTree = "<group>"; };
		4DA1B42427AB7C9E00552D3E /* LocalFeedImageDataLoader.swift */ = {isa = PBXFileReference; lastKnownFileType = sourcecode.swift; path = LocalFeedImageDataLoader.swift; sourceTree = "<group>"; };
		4DA25DCF2771780F00C5E2D4 /* FeedImagePresenterTests.swift */ = {isa = PBXFileReference; lastKnownFileType = sourcecode.swift; path = FeedImagePresenterTests.swift; sourceTree = "<group>"; };
		4DA46E8B278D2C8D003A5B1A /* LoadFeedImageDataFromRemoteUseCaseTests.swift */ = {isa = PBXFileReference; lastKnownFileType = sourcecode.swift; path = LoadFeedImageDataFromRemoteUseCaseTests.swift; sourceTree = "<group>"; };
		4DA4853227AA22F50053C1DE /* LocalFeedImageDataFromCacheUseCaseTests.swift */ = {isa = PBXFileReference; lastKnownFileType = sourcecode.swift; path = LocalFeedImageDataFromCacheUseCaseTests.swift; sourceTree = "<group>"; };
		4DA658E2274B47AA004E8F78 /* FeedViewController.swift */ = {isa = PBXFileReference; lastKnownFileType = sourcecode.swift; path = FeedViewController.swift; sourceTree = "<group>"; };
		4DA964842759BB5900652715 /* FeedImageCellController.swift */ = {isa = PBXFileReference; lastKnownFileType = sourcecode.swift; path = FeedImageCellController.swift; sourceTree = "<group>"; };
		4DAAA9D127ACC07C005E46D3 /* FeedImageDataStoreSpy.swift */ = {isa = PBXFileReference; lastKnownFileType = sourcecode.swift; path = FeedImageDataStoreSpy.swift; sourceTree = "<group>"; };
		4DAAA9D327ACC293005E46D3 /* CacheFeedImageDataUseCaseTests.swift */ = {isa = PBXFileReference; lastKnownFileType = sourcecode.swift; path = CacheFeedImageDataUseCaseTests.swift; sourceTree = "<group>"; };
		4DAAA9D527ACD04D005E46D3 /* CoreDataFeedImageDataStoreTests.swift */ = {isa = PBXFileReference; lastKnownFileType = sourcecode.swift; path = CoreDataFeedImageDataStoreTests.swift; sourceTree = "<group>"; };
		4DAB3618276C29C500221D11 /* ErrorView.swift */ = {isa = PBXFileReference; lastKnownFileType = sourcecode.swift; path = ErrorView.swift; sourceTree = "<group>"; };
		4DAB361D276C31D700221D11 /* UIRefreshControl+Helpers.swift */ = {isa = PBXFileReference; lastKnownFileType = sourcecode.swift; path = "UIRefreshControl+Helpers.swift"; sourceTree = "<group>"; };
		4DAF9E75273F445600D54018 /* LocalFeedLoader.swift */ = {isa = PBXFileReference; lastKnownFileType = sourcecode.swift; path = LocalFeedLoader.swift; sourceTree = "<group>"; };
		4DAF9E77273F455300D54018 /* FeedStore.swift */ = {isa = PBXFileReference; lastKnownFileType = sourcecode.swift; path = FeedStore.swift; sourceTree = "<group>"; };
		4DAF9E79273F517E00D54018 /* RemoteFeedItem.swift */ = {isa = PBXFileReference; lastKnownFileType = sourcecode.swift; path = RemoteFeedItem.swift; sourceTree = "<group>"; };
		4DAF9E7D273F528600D54018 /* LocalFeedImage.swift */ = {isa = PBXFileReference; lastKnownFileType = sourcecode.swift; path = LocalFeedImage.swift; sourceTree = "<group>"; };
		4DAF9E7F273F5EAF00D54018 /* LoadFeedFromCacheUseCaseTests.swift */ = {isa = PBXFileReference; lastKnownFileType = sourcecode.swift; path = LoadFeedFromCacheUseCaseTests.swift; sourceTree = "<group>"; };
		4DAF9E82273F609500D54018 /* FeedStoreSpy.swift */ = {isa = PBXFileReference; lastKnownFileType = sourcecode.swift; path = FeedStoreSpy.swift; sourceTree = "<group>"; };
		4DB5F6BF27376B75007425A4 /* URLSessionHTTPClientTests.swift */ = {isa = PBXFileReference; lastKnownFileType = sourcecode.swift; path = URLSessionHTTPClientTests.swift; sourceTree = "<group>"; };
		4DB6FF03273B50AC0016EBA4 /* URLSessionHTTPClient.swift */ = {isa = PBXFileReference; lastKnownFileType = sourcecode.swift; path = URLSessionHTTPClient.swift; sourceTree = "<group>"; };
		4DB6FF09273B59F00016EBA4 /* EssentialFeedAPIEndToEndTests.xctest */ = {isa = PBXFileReference; explicitFileType = wrapper.cfbundle; includeInIndex = 0; path = EssentialFeedAPIEndToEndTests.xctest; sourceTree = BUILT_PRODUCTS_DIR; };
		4DB6FF0B273B59F00016EBA4 /* EssentialFeedAPIEndToEndTests.swift */ = {isa = PBXFileReference; lastKnownFileType = sourcecode.swift; path = EssentialFeedAPIEndToEndTests.swift; sourceTree = "<group>"; };
		4DB6FF1A273B680A0016EBA4 /* EssentialFeedCITests.swift */ = {isa = PBXFileReference; lastKnownFileType = sourcecode.swift; path = EssentialFeedCITests.swift; sourceTree = "<group>"; };
		4DB8DE202761853E0091EF34 /* Feed.storyboard */ = {isa = PBXFileReference; lastKnownFileType = file.storyboard; path = Feed.storyboard; sourceTree = "<group>"; };
		4DB8DE22276185B30091EF34 /* Feed.xcassets */ = {isa = PBXFileReference; lastKnownFileType = folder.assetcatalog; path = Feed.xcassets; sourceTree = "<group>"; };
		4DB8DE242761983B0091EF34 /* UITableView+Dequeueing.swift */ = {isa = PBXFileReference; lastKnownFileType = sourcecode.swift; path = "UITableView+Dequeueing.swift"; sourceTree = "<group>"; };
		4DB8DE2627619A6F0091EF34 /* UIImageView+Animations.swift */ = {isa = PBXFileReference; lastKnownFileType = sourcecode.swift; path = "UIImageView+Animations.swift"; sourceTree = "<group>"; };
		4DB9E33627B60AC9002C02E7 /* CoreDataFeedStore+FeedStore.swift */ = {isa = PBXFileReference; lastKnownFileType = sourcecode.swift; path = "CoreDataFeedStore+FeedStore.swift"; sourceTree = "<group>"; };
		4DB9FD4A27B0CA0200059DC9 /* FeedStore2.xcdatamodel */ = {isa = PBXFileReference; lastKnownFileType = wrapper.xcdatamodel; path = FeedStore2.xcdatamodel; sourceTree = "<group>"; };
		4DB9FD4D27B0CBB700059DC9 /* CoreDataFeedStore+FeedImageDataStore.swift */ = {isa = PBXFileReference; lastKnownFileType = sourcecode.swift; path = "CoreDataFeedStore+FeedImageDataStore.swift"; sourceTree = "<group>"; };
		4DC92DEA273DFBDC00DFE9EB /* CacheFeedUseCaseTests.swift */ = {isa = PBXFileReference; lastKnownFileType = sourcecode.swift; path = CacheFeedUseCaseTests.swift; sourceTree = "<group>"; };
		4DD7852427F6AF5E0057EAA3 /* EssentialFeediOSTests.xctest */ = {isa = PBXFileReference; explicitFileType = wrapper.cfbundle; includeInIndex = 0; path = EssentialFeediOSTests.xctest; sourceTree = BUILT_PRODUCTS_DIR; };
		4DD7853027F6AFCB0057EAA3 /* FeedSnapshotTests.swift */ = {isa = PBXFileReference; lastKnownFileType = sourcecode.swift; path = FeedSnapshotTests.swift; sourceTree = "<group>"; };
		4DD7853327F6B6650057EAA3 /* UIImage+TestHelpers.swift */ = {isa = PBXFileReference; fileEncoding = 4; lastKnownFileType = sourcecode.swift; name = "UIImage+TestHelpers.swift"; path = "../../../EssentialApp/EssentialAppTests/Helpers/UIImage+TestHelpers.swift"; sourceTree = "<group>"; };
		4DD7853527F6B8220057EAA3 /* UITableView+HeaderSizing.swift */ = {isa = PBXFileReference; lastKnownFileType = sourcecode.swift; path = "UITableView+HeaderSizing.swift"; sourceTree = "<group>"; };
		4DD9FD55274B187E003761C7 /* EssentialFeediOS.framework */ = {isa = PBXFileReference; explicitFileType = wrapper.framework; includeInIndex = 0; path = EssentialFeediOS.framework; sourceTree = BUILT_PRODUCTS_DIR; };
		4DDCD8A8274725A8001C124E /* EssentialFeedCacheIntegrationTests.xctest */ = {isa = PBXFileReference; explicitFileType = wrapper.cfbundle; includeInIndex = 0; path = EssentialFeedCacheIntegrationTests.xctest; sourceTree = BUILT_PRODUCTS_DIR; };
		4DDCD8AA274725A8001C124E /* EssentialFeedCacheIntegrationTests.swift */ = {isa = PBXFileReference; lastKnownFileType = sourcecode.swift; path = EssentialFeedCacheIntegrationTests.swift; sourceTree = "<group>"; };
		4DE0F9B327A8E33900DA466F /* FeedImage.swift */ = {isa = PBXFileReference; fileEncoding = 4; lastKnownFileType = sourcecode.swift; path = FeedImage.swift; sourceTree = "<group>"; };
		4DE0F9B427A8E33900DA466F /* FeedImageDataLoader.swift */ = {isa = PBXFileReference; fileEncoding = 4; lastKnownFileType = sourcecode.swift; path = FeedImageDataLoader.swift; sourceTree = "<group>"; };
		4DE0F9B527A8E33900DA466F /* FeedLoader.swift */ = {isa = PBXFileReference; fileEncoding = 4; lastKnownFileType = sourcecode.swift; path = FeedLoader.swift; sourceTree = "<group>"; };
		4DF6756627E043CD009A66AF /* FeedImageDataCache.swift */ = {isa = PBXFileReference; lastKnownFileType = sourcecode.swift; path = FeedImageDataCache.swift; sourceTree = "<group>"; };
		4DF6B76927545F5E003A34FD /* FeedImageCell.swift */ = {isa = PBXFileReference; lastKnownFileType = sourcecode.swift; path = FeedImageCell.swift; sourceTree = "<group>"; };
/* End PBXFileReference section */

/* Begin PBXFrameworksBuildPhase section */
		4D9BDBF0272F9839006D6EC7 /* Frameworks */ = {
			isa = PBXFrameworksBuildPhase;
			buildActionMask = 2147483647;
			files = (
			);
			runOnlyForDeploymentPostprocessing = 0;
		};
		4D9BDBF9272F983A006D6EC7 /* Frameworks */ = {
			isa = PBXFrameworksBuildPhase;
			buildActionMask = 2147483647;
			files = (
				4D9BDBFD272F983A006D6EC7 /* EssentialFeed.framework in Frameworks */,
			);
			runOnlyForDeploymentPostprocessing = 0;
		};
		4DB6FF06273B59F00016EBA4 /* Frameworks */ = {
			isa = PBXFrameworksBuildPhase;
			buildActionMask = 2147483647;
			files = (
				4DB6FF0D273B59F00016EBA4 /* EssentialFeed.framework in Frameworks */,
			);
			runOnlyForDeploymentPostprocessing = 0;
		};
		4DD7852127F6AF5E0057EAA3 /* Frameworks */ = {
			isa = PBXFrameworksBuildPhase;
			buildActionMask = 2147483647;
			files = (
				4DD7852827F6AF5E0057EAA3 /* EssentialFeediOS.framework in Frameworks */,
			);
			runOnlyForDeploymentPostprocessing = 0;
		};
		4DD9FD52274B187E003761C7 /* Frameworks */ = {
			isa = PBXFrameworksBuildPhase;
			buildActionMask = 2147483647;
			files = (
				4D9E0B53274B55A000D676FF /* EssentialFeed.framework in Frameworks */,
			);
			runOnlyForDeploymentPostprocessing = 0;
		};
		4DDCD8A5274725A8001C124E /* Frameworks */ = {
			isa = PBXFrameworksBuildPhase;
			buildActionMask = 2147483647;
			files = (
				4DDCD8AC274725A8001C124E /* EssentialFeed.framework in Frameworks */,
			);
			runOnlyForDeploymentPostprocessing = 0;
		};
/* End PBXFrameworksBuildPhase section */

/* Begin PBXGroup section */
		4D186A3627BF4F1300387E14 /* CoreData */ = {
			isa = PBXGroup;
			children = (
				4D9E972E274606F700AF9B88 /* CoreDataHelpers.swift */,
				4D9E972B2745F25A00AF9B88 /* CoreDataFeedStore.swift */,
				4DB9E33627B60AC9002C02E7 /* CoreDataFeedStore+FeedStore.swift */,
				4DB9FD4D27B0CBB700059DC9 /* CoreDataFeedStore+FeedImageDataStore.swift */,
				4D9E97282745EAE500AF9B88 /* FeedStore.xcdatamodeld */,
			);
			path = CoreData;
			sourceTree = "<group>";
		};
		4D18E0342816582B0067B33D /* Image Comments Feature */ = {
			isa = PBXGroup;
			children = (
				4D18E035281658360067B33D /* ImageComment.swift */,
			);
			path = "Image Comments Feature";
			sourceTree = "<group>";
		};
		4D252A19272F999400FE8982 /* Feed Feature */ = {
			isa = PBXGroup;
			children = (
				4DE0F9B327A8E33900DA466F /* FeedImage.swift */,
				4DE0F9B427A8E33900DA466F /* FeedImageDataLoader.swift */,
				4DE0F9B527A8E33900DA466F /* FeedLoader.swift */,
				4D23002E27DEE9B300C19EBD /* FeedCache.swift */,
				4DF6756627E043CD009A66AF /* FeedImageDataCache.swift */,
			);
			path = "Feed Feature";
			sourceTree = "<group>";
		};
		4D3F70B727701F5000198F12 /* Feed Presentation */ = {
			isa = PBXGroup;
			children = (
				4D846D91276837440015052C /* FeedLocalizationTests.swift */,
				4D3F70B827701F7400198F12 /* FeedPresenterTests.swift */,
				4DA25DCF2771780F00C5E2D4 /* FeedImagePresenterTests.swift */,
			);
			path = "Feed Presentation";
			sourceTree = "<group>";
		};
		4D3F70C227702C9100198F12 /* Feed Presentation */ = {
			isa = PBXGroup;
			children = (
				4D3F70C327702CA200198F12 /* FeedPresenter.swift */,
				4D3F70CA27702D9E00198F12 /* FeedLoadingViewModel.swift */,
				4D3F70C827702D7C00198F12 /* FeedViewModel.swift */,
				4D3F70C627702D6000198F12 /* FeedErrorViewModel.swift */,
				4D3F70BE27702A5700198F12 /* Feed.strings */,
				4D832477277965CD00E4F0FB /* FeedImagePresenter.swift */,
				4D832479277965EC00E4F0FB /* FeedImageView.swift */,
			);
			path = "Feed Presentation";
			sourceTree = "<group>";
		};
		4D6C61282730E5E800AB0C2F /* Feed API */ = {
			isa = PBXGroup;
			children = (
				4DA0124D27A8DE6A00562FA5 /* Helpers */,
				4D6C61292730E60B00AB0C2F /* RemoteFeedLoader.swift */,
				4DA00F7327360A0C009496D6 /* HTTPClient.swift */,
				4DA00F7527360A54009496D6 /* FeedItemMapper.swift */,
				4DB6FF03273B50AC0016EBA4 /* URLSessionHTTPClient.swift */,
				4DAF9E79273F517E00D54018 /* RemoteFeedItem.swift */,
				4DA0124B27A8D10A00562FA5 /* RemoteFeedImageDataLoader.swift */,
				4D18E02E281651F30067B33D /* RemoteImageCommentsLoader.swift */,
				4D18E032281654760067B33D /* ImageCommentsMapper.swift */,
			);
			path = "Feed API";
			sourceTree = "<group>";
		};
		4D9BDBE9272F9839006D6EC7 = {
			isa = PBXGroup;
			children = (
				4D9BDBF5272F9839006D6EC7 /* EssentialFeed */,
				4D9BDC00272F983A006D6EC7 /* EssentialFeedTests */,
				4DB6FF0A273B59F00016EBA4 /* EssentialFeedAPIEndToEndTests */,
				4DB6FF19273B680A0016EBA4 /* EssentialFeedCITests */,
				4DDCD8A9274725A8001C124E /* EssentialFeedCacheIntegrationTests */,
				4DD9FD56274B187E003761C7 /* EssentialFeediOS */,
				4DD7852527F6AF5E0057EAA3 /* EssentialFeediOSTests */,
				4D9BDBF4272F9839006D6EC7 /* Products */,
				4D9E0B52274B55A000D676FF /* Frameworks */,
			);
			sourceTree = "<group>";
		};
		4D9BDBF4272F9839006D6EC7 /* Products */ = {
			isa = PBXGroup;
			children = (
				4D9BDBF3272F9839006D6EC7 /* EssentialFeed.framework */,
				4D9BDBFC272F983A006D6EC7 /* EssentialFeedTests.xctest */,
				4DB6FF09273B59F00016EBA4 /* EssentialFeedAPIEndToEndTests.xctest */,
				4DDCD8A8274725A8001C124E /* EssentialFeedCacheIntegrationTests.xctest */,
				4DD9FD55274B187E003761C7 /* EssentialFeediOS.framework */,
				4DD7852427F6AF5E0057EAA3 /* EssentialFeediOSTests.xctest */,
			);
			name = Products;
			sourceTree = "<group>";
		};
		4D9BDBF5272F9839006D6EC7 /* EssentialFeed */ = {
			isa = PBXGroup;
			children = (
				4D18E0342816582B0067B33D /* Image Comments Feature */,
				4DAF9E74273F444300D54018 /* Feed Cache */,
				4D252A19272F999400FE8982 /* Feed Feature */,
				4D6C61282730E5E800AB0C2F /* Feed API */,
				4D3F70C227702C9100198F12 /* Feed Presentation */,
				4D9BDBF6272F9839006D6EC7 /* EssentialFeed.h */,
				4D9BDBF7272F9839006D6EC7 /* Info.plist */,
			);
			path = EssentialFeed;
			sourceTree = "<group>";
		};
		4D9BDC00272F983A006D6EC7 /* EssentialFeedTests */ = {
			isa = PBXGroup;
			children = (
				4DA124F92738E2180024ECCF /* Helpers */,
				4DC92DE9273DFBBC00DFE9EB /* Feed Cache */,
				4DA00F77273612DF009496D6 /* Feed API */,
				4D3F70B727701F5000198F12 /* Feed Presentation */,
				4D9BDC03272F983A006D6EC7 /* Info.plist */,
			);
			path = EssentialFeedTests;
			sourceTree = "<group>";
		};
		4D9C2DC52744A898001EA560 /* FeedStoreSpecs */ = {
			isa = PBXGroup;
			children = (
				4D9C2DC027449E85001EA560 /* FeedStoreSpecs.swift */,
				4D9C2DC227449FAB001EA560 /* XCTestCase+FeedStoreSpecs.swift */,
				4D9C2DC62744A8C2001EA560 /* XCTestCase+FailableRetrieveFeedStoreSpecs.swift */,
				4D9E97222745D38800AF9B88 /* XCTestCase+FailableInsertionFeedStoreSpecs.swift */,
				4D9E97242745D4DB00AF9B88 /* XCTestCase+FailableDeletionFeedStoreSpecs.swift */,
			);
			path = FeedStoreSpecs;
			sourceTree = "<group>";
		};
		4D9E0B52274B55A000D676FF /* Frameworks */ = {
			isa = PBXGroup;
			children = (
			);
			name = Frameworks;
			sourceTree = "<group>";
		};
		4D9E972D2746063500AF9B88 /* Infrastructure */ = {
			isa = PBXGroup;
			children = (
				4D186A3627BF4F1300387E14 /* CoreData */,
			);
			path = Infrastructure;
			sourceTree = "<group>";
		};
		4DA00F77273612DF009496D6 /* Feed API */ = {
			isa = PBXGroup;
			children = (
				4DA0125027A8DFBC00562FA5 /* Helpers */,
				4DB5F6BF27376B75007425A4 /* URLSessionHTTPClientTests.swift */,
				4D252A1A272F9A0700FE8982 /* LoadFeedFromRemoteUseCaseTests.swift */,
				4DA46E8B278D2C8D003A5B1A /* LoadFeedImageDataFromRemoteUseCaseTests.swift */,
				4D18E0302816530F0067B33D /* LoadFeedImageCommentsFromRemoteUseCaseTests.swift */,
			);
			path = "Feed API";
			sourceTree = "<group>";
		};
		4DA0124D27A8DE6A00562FA5 /* Helpers */ = {
			isa = PBXGroup;
			children = (
				4DA0124E27A8DE8500562FA5 /* HTTPURLResponse+StatusCode.swift */,
			);
			path = Helpers;
			sourceTree = "<group>";
		};
		4DA0125027A8DFBC00562FA5 /* Helpers */ = {
			isa = PBXGroup;
			children = (
				4DA0125127A8DFC400562FA5 /* URLProtocolStub.swift */,
			);
			path = Helpers;
			sourceTree = "<group>";
		};
		4DA124F92738E2180024ECCF /* Helpers */ = {
			isa = PBXGroup;
			children = (
				4DA124FA2738E2570024ECCF /* XCTTestCase+MemoryLeakTracking.swift */,
				4DA078862741EC3E0087273A /* SharedTestHelpers.swift */,
				4DA0124927A8D01400562FA5 /* HTTPClientSpy.swift */,
			);
			path = Helpers;
			sourceTree = "<group>";
		};
		4DA9647D2759B04700652715 /* Feed UI */ = {
			isa = PBXGroup;
			children = (
				4DA9647E2759B05200652715 /* Controllers */,
				4DA9647F2759B06100652715 /* Views */,
				4DB8DE202761853E0091EF34 /* Feed.storyboard */,
				4DB8DE22276185B30091EF34 /* Feed.xcassets */,
			);
			path = "Feed UI";
			sourceTree = "<group>";
		};
		4DA9647E2759B05200652715 /* Controllers */ = {
			isa = PBXGroup;
			children = (
				4DA658E2274B47AA004E8F78 /* FeedViewController.swift */,
				4DA964842759BB5900652715 /* FeedImageCellController.swift */,
			);
			path = Controllers;
			sourceTree = "<group>";
		};
		4DA9647F2759B06100652715 /* Views */ = {
			isa = PBXGroup;
			children = (
				4DAB361A276C30CE00221D11 /* Helpers */,
				4DF6B76927545F5E003A34FD /* FeedImageCell.swift */,
				4DAB3618276C29C500221D11 /* ErrorView.swift */,
			);
			path = Views;
			sourceTree = "<group>";
		};
		4DAB361A276C30CE00221D11 /* Helpers */ = {
			isa = PBXGroup;
			children = (
				4D49A2032758686400260696 /* UIView+Shimmering.swift */,
				4DB8DE242761983B0091EF34 /* UITableView+Dequeueing.swift */,
				4DB8DE2627619A6F0091EF34 /* UIImageView+Animations.swift */,
				4DAB361D276C31D700221D11 /* UIRefreshControl+Helpers.swift */,
				4DD7853527F6B8220057EAA3 /* UITableView+HeaderSizing.swift */,
			);
			path = Helpers;
			sourceTree = "<group>";
		};
		4DAF9E74273F444300D54018 /* Feed Cache */ = {
			isa = PBXGroup;
			children = (
				4D9E972D2746063500AF9B88 /* Infrastructure */,
				4DAF9E75273F445600D54018 /* LocalFeedLoader.swift */,
				4DAF9E77273F455300D54018 /* FeedStore.swift */,
				4DA1B42227AB7C5C00552D3E /* FeedImageDataStore.swift */,
				4DAF9E7D273F528600D54018 /* LocalFeedImage.swift */,
				4DA078882741FDF20087273A /* FeedCachePolicy.swift */,
				4D9E97302746084B00AF9B88 /* ManagedCache.swift */,
				4D9E97322746088900AF9B88 /* ManagedFeedImage.swift */,
				4DA1B42427AB7C9E00552D3E /* LocalFeedImageDataLoader.swift */,
			);
			path = "Feed Cache";
			sourceTree = "<group>";
		};
		4DAF9E81273F608200D54018 /* Helpers */ = {
			isa = PBXGroup;
			children = (
				4DAF9E82273F609500D54018 /* FeedStoreSpy.swift */,
				4DA078842741EB690087273A /* FeedCacheTestHelper.swift */,
				4DAAA9D127ACC07C005E46D3 /* FeedImageDataStoreSpy.swift */,
			);
			path = Helpers;
			sourceTree = "<group>";
		};
		4DB6FF0A273B59F00016EBA4 /* EssentialFeedAPIEndToEndTests */ = {
			isa = PBXGroup;
			children = (
				4DB6FF0B273B59F00016EBA4 /* EssentialFeedAPIEndToEndTests.swift */,
			);
			path = EssentialFeedAPIEndToEndTests;
			sourceTree = "<group>";
		};
		4DB6FF19273B680A0016EBA4 /* EssentialFeedCITests */ = {
			isa = PBXGroup;
			children = (
				4DB6FF1A273B680A0016EBA4 /* EssentialFeedCITests.swift */,
			);
			path = EssentialFeedCITests;
			sourceTree = "<group>";
		};
		4DC92DE9273DFBBC00DFE9EB /* Feed Cache */ = {
			isa = PBXGroup;
			children = (
				4D9C2DC52744A898001EA560 /* FeedStoreSpecs */,
				4DAF9E81273F608200D54018 /* Helpers */,
				4DC92DEA273DFBDC00DFE9EB /* CacheFeedUseCaseTests.swift */,
				4DAF9E7F273F5EAF00D54018 /* LoadFeedFromCacheUseCaseTests.swift */,
				4DA078822740A86E0087273A /* ValidateFeedCacheUseCaseTests.swift */,
				4D9E97262745E7C600AF9B88 /* CoreDataFeedStoreTests.swift */,
				4DA4853227AA22F50053C1DE /* LocalFeedImageDataFromCacheUseCaseTests.swift */,
				4DAAA9D327ACC293005E46D3 /* CacheFeedImageDataUseCaseTests.swift */,
				4DAAA9D527ACD04D005E46D3 /* CoreDataFeedImageDataStoreTests.swift */,
			);
			path = "Feed Cache";
			sourceTree = "<group>";
		};
		4DD7852527F6AF5E0057EAA3 /* EssentialFeediOSTests */ = {
			isa = PBXGroup;
			children = (
				4DD7853227F6B6460057EAA3 /* Helpers */,
				4DD7853027F6AFCB0057EAA3 /* FeedSnapshotTests.swift */,
			);
			path = EssentialFeediOSTests;
			sourceTree = "<group>";
		};
		4DD7853227F6B6460057EAA3 /* Helpers */ = {
			isa = PBXGroup;
			children = (
				4DD7853327F6B6650057EAA3 /* UIImage+TestHelpers.swift */,
			);
			path = Helpers;
			sourceTree = "<group>";
		};
		4DD9FD56274B187E003761C7 /* EssentialFeediOS */ = {
			isa = PBXGroup;
			children = (
				4DA9647D2759B04700652715 /* Feed UI */,
			);
			path = EssentialFeediOS;
			sourceTree = "<group>";
		};
		4DDCD8A9274725A8001C124E /* EssentialFeedCacheIntegrationTests */ = {
			isa = PBXGroup;
			children = (
				4DDCD8AA274725A8001C124E /* EssentialFeedCacheIntegrationTests.swift */,
			);
			path = EssentialFeedCacheIntegrationTests;
			sourceTree = "<group>";
		};
/* End PBXGroup section */

/* Begin PBXHeadersBuildPhase section */
		4D9BDBEE272F9839006D6EC7 /* Headers */ = {
			isa = PBXHeadersBuildPhase;
			buildActionMask = 2147483647;
			files = (
				4D9BDC04272F983A006D6EC7 /* EssentialFeed.h in Headers */,
			);
			runOnlyForDeploymentPostprocessing = 0;
		};
		4DD9FD50274B187E003761C7 /* Headers */ = {
			isa = PBXHeadersBuildPhase;
			buildActionMask = 2147483647;
			files = (
			);
			runOnlyForDeploymentPostprocessing = 0;
		};
/* End PBXHeadersBuildPhase section */

/* Begin PBXNativeTarget section */
		4D9BDBF2272F9839006D6EC7 /* EssentialFeed */ = {
			isa = PBXNativeTarget;
			buildConfigurationList = 4D9BDC07272F983A006D6EC7 /* Build configuration list for PBXNativeTarget "EssentialFeed" */;
			buildPhases = (
				4D9BDBEE272F9839006D6EC7 /* Headers */,
				4D9BDBEF272F9839006D6EC7 /* Sources */,
				4D9BDBF0272F9839006D6EC7 /* Frameworks */,
				4D9BDBF1272F9839006D6EC7 /* Resources */,
			);
			buildRules = (
			);
			dependencies = (
			);
			name = EssentialFeed;
			productName = EssentialFeed;
			productReference = 4D9BDBF3272F9839006D6EC7 /* EssentialFeed.framework */;
			productType = "com.apple.product-type.framework";
		};
		4D9BDBFB272F983A006D6EC7 /* EssentialFeedTests */ = {
			isa = PBXNativeTarget;
			buildConfigurationList = 4D9BDC0A272F983A006D6EC7 /* Build configuration list for PBXNativeTarget "EssentialFeedTests" */;
			buildPhases = (
				4D9BDBF8272F983A006D6EC7 /* Sources */,
				4D9BDBF9272F983A006D6EC7 /* Frameworks */,
				4D9BDBFA272F983A006D6EC7 /* Resources */,
			);
			buildRules = (
			);
			dependencies = (
				4D9BDBFF272F983A006D6EC7 /* PBXTargetDependency */,
			);
			name = EssentialFeedTests;
			productName = EssentialFeedTests;
			productReference = 4D9BDBFC272F983A006D6EC7 /* EssentialFeedTests.xctest */;
			productType = "com.apple.product-type.bundle.unit-test";
		};
		4DB6FF08273B59F00016EBA4 /* EssentialFeedAPIEndToEndTests */ = {
			isa = PBXNativeTarget;
			buildConfigurationList = 4DB6FF10273B59F00016EBA4 /* Build configuration list for PBXNativeTarget "EssentialFeedAPIEndToEndTests" */;
			buildPhases = (
				4DB6FF05273B59F00016EBA4 /* Sources */,
				4DB6FF06273B59F00016EBA4 /* Frameworks */,
				4DB6FF07273B59F00016EBA4 /* Resources */,
			);
			buildRules = (
			);
			dependencies = (
				4DB6FF0F273B59F00016EBA4 /* PBXTargetDependency */,
			);
			name = EssentialFeedAPIEndToEndTests;
			productName = EssentialFeedAPIEndToEndTests;
			productReference = 4DB6FF09273B59F00016EBA4 /* EssentialFeedAPIEndToEndTests.xctest */;
			productType = "com.apple.product-type.bundle.unit-test";
		};
		4DD7852327F6AF5E0057EAA3 /* EssentialFeediOSTests */ = {
			isa = PBXNativeTarget;
			buildConfigurationList = 4DD7852B27F6AF5E0057EAA3 /* Build configuration list for PBXNativeTarget "EssentialFeediOSTests" */;
			buildPhases = (
				4DD7852027F6AF5E0057EAA3 /* Sources */,
				4DD7852127F6AF5E0057EAA3 /* Frameworks */,
				4DD7852227F6AF5E0057EAA3 /* Resources */,
			);
			buildRules = (
			);
			dependencies = (
				4DD7852A27F6AF5E0057EAA3 /* PBXTargetDependency */,
			);
			name = EssentialFeediOSTests;
			productName = EssentialFeediOSTests;
			productReference = 4DD7852427F6AF5E0057EAA3 /* EssentialFeediOSTests.xctest */;
			productType = "com.apple.product-type.bundle.unit-test";
		};
		4DD9FD54274B187E003761C7 /* EssentialFeediOS */ = {
			isa = PBXNativeTarget;
			buildConfigurationList = 4DD9FD64274B187E003761C7 /* Build configuration list for PBXNativeTarget "EssentialFeediOS" */;
			buildPhases = (
				4DD9FD50274B187E003761C7 /* Headers */,
				4DD9FD51274B187E003761C7 /* Sources */,
				4DD9FD52274B187E003761C7 /* Frameworks */,
				4DD9FD53274B187E003761C7 /* Resources */,
			);
			buildRules = (
			);
			dependencies = (
			);
			name = EssentialFeediOS;
			productName = EssentialFeediOS;
			productReference = 4DD9FD55274B187E003761C7 /* EssentialFeediOS.framework */;
			productType = "com.apple.product-type.framework";
		};
		4DDCD8A7274725A8001C124E /* EssentialFeedCacheIntegrationTests */ = {
			isa = PBXNativeTarget;
			buildConfigurationList = 4DDCD8B1274725A8001C124E /* Build configuration list for PBXNativeTarget "EssentialFeedCacheIntegrationTests" */;
			buildPhases = (
				4DDCD8A4274725A8001C124E /* Sources */,
				4DDCD8A5274725A8001C124E /* Frameworks */,
				4DDCD8A6274725A8001C124E /* Resources */,
			);
			buildRules = (
			);
			dependencies = (
				4DDCD8AE274725A8001C124E /* PBXTargetDependency */,
			);
			name = EssentialFeedCacheIntegrationTests;
			productName = EssentialFeedCacheIntegrationTests;
			productReference = 4DDCD8A8274725A8001C124E /* EssentialFeedCacheIntegrationTests.xctest */;
			productType = "com.apple.product-type.bundle.unit-test";
		};
/* End PBXNativeTarget section */

/* Begin PBXProject section */
		4D9BDBEA272F9839006D6EC7 /* Project object */ = {
			isa = PBXProject;
			attributes = {
				LastSwiftUpdateCheck = 1330;
				LastUpgradeCheck = 1310;
				TargetAttributes = {
					4D9BDBF2272F9839006D6EC7 = {
						CreatedOnToolsVersion = 12.5.1;
						LastSwiftMigration = 1300;
					};
					4D9BDBFB272F983A006D6EC7 = {
						CreatedOnToolsVersion = 12.5.1;
					};
					4DB6FF08273B59F00016EBA4 = {
						CreatedOnToolsVersion = 13.1;
					};
					4DD7852327F6AF5E0057EAA3 = {
						CreatedOnToolsVersion = 13.3;
					};
					4DD9FD54274B187E003761C7 = {
						CreatedOnToolsVersion = 13.1;
						LastSwiftMigration = 1310;
					};
					4DDCD8A7274725A8001C124E = {
						CreatedOnToolsVersion = 13.1;
					};
				};
			};
			buildConfigurationList = 4D9BDBED272F9839006D6EC7 /* Build configuration list for PBXProject "EssentialFeed" */;
			compatibilityVersion = "Xcode 9.3";
			developmentRegion = en;
			hasScannedForEncodings = 0;
			knownRegions = (
				en,
				Base,
				"pt-BR",
				el,
			);
			mainGroup = 4D9BDBE9272F9839006D6EC7;
			productRefGroup = 4D9BDBF4272F9839006D6EC7 /* Products */;
			projectDirPath = "";
			projectRoot = "";
			targets = (
				4D9BDBF2272F9839006D6EC7 /* EssentialFeed */,
				4D9BDBFB272F983A006D6EC7 /* EssentialFeedTests */,
				4DB6FF08273B59F00016EBA4 /* EssentialFeedAPIEndToEndTests */,
				4DDCD8A7274725A8001C124E /* EssentialFeedCacheIntegrationTests */,
				4DD9FD54274B187E003761C7 /* EssentialFeediOS */,
				4DD7852327F6AF5E0057EAA3 /* EssentialFeediOSTests */,
			);
		};
/* End PBXProject section */

/* Begin PBXResourcesBuildPhase section */
		4D9BDBF1272F9839006D6EC7 /* Resources */ = {
			isa = PBXResourcesBuildPhase;
			buildActionMask = 2147483647;
			files = (
				4D3F70C527702D0C00198F12 /* Feed.strings in Resources */,
			);
			runOnlyForDeploymentPostprocessing = 0;
		};
		4D9BDBFA272F983A006D6EC7 /* Resources */ = {
			isa = PBXResourcesBuildPhase;
			buildActionMask = 2147483647;
			files = (
			);
			runOnlyForDeploymentPostprocessing = 0;
		};
		4DB6FF07273B59F00016EBA4 /* Resources */ = {
			isa = PBXResourcesBuildPhase;
			buildActionMask = 2147483647;
			files = (
			);
			runOnlyForDeploymentPostprocessing = 0;
		};
		4DD7852227F6AF5E0057EAA3 /* Resources */ = {
			isa = PBXResourcesBuildPhase;
			buildActionMask = 2147483647;
			files = (
			);
			runOnlyForDeploymentPostprocessing = 0;
		};
		4DD9FD53274B187E003761C7 /* Resources */ = {
			isa = PBXResourcesBuildPhase;
			buildActionMask = 2147483647;
			files = (
				4DB8DE212761853E0091EF34 /* Feed.storyboard in Resources */,
				4DB8DE23276185B30091EF34 /* Feed.xcassets in Resources */,
			);
			runOnlyForDeploymentPostprocessing = 0;
		};
		4DDCD8A6274725A8001C124E /* Resources */ = {
			isa = PBXResourcesBuildPhase;
			buildActionMask = 2147483647;
			files = (
			);
			runOnlyForDeploymentPostprocessing = 0;
		};
/* End PBXResourcesBuildPhase section */

/* Begin PBXSourcesBuildPhase section */
		4D9BDBEF272F9839006D6EC7 /* Sources */ = {
			isa = PBXSourcesBuildPhase;
			buildActionMask = 2147483647;
			files = (
				4DA0124C27A8D10A00562FA5 /* RemoteFeedImageDataLoader.swift in Sources */,
				4D3F70C927702D7C00198F12 /* FeedViewModel.swift in Sources */,
				4D9E972F274606F700AF9B88 /* CoreDataHelpers.swift in Sources */,
				4DE0F9B727A8E33900DA466F /* FeedImageDataLoader.swift in Sources */,
				4D9E972A2745EAE500AF9B88 /* FeedStore.xcdatamodeld in Sources */,
				4DA00F7627360A54009496D6 /* FeedItemMapper.swift in Sources */,
				4D18E02F281651F30067B33D /* RemoteImageCommentsLoader.swift in Sources */,
				4DAF9E7A273F517E00D54018 /* RemoteFeedItem.swift in Sources */,
				4DA078892741FDF20087273A /* FeedCachePolicy.swift in Sources */,
				4D18E036281658360067B33D /* ImageComment.swift in Sources */,
				4D3F70CB27702D9E00198F12 /* FeedLoadingViewModel.swift in Sources */,
				4DE0F9B627A8E33900DA466F /* FeedImage.swift in Sources */,
				4DB9E33727B60AC9002C02E7 /* CoreDataFeedStore+FeedStore.swift in Sources */,
				4DB9FD4E27B0CBB700059DC9 /* CoreDataFeedStore+FeedImageDataStore.swift in Sources */,
				4D6C612A2730E60B00AB0C2F /* RemoteFeedLoader.swift in Sources */,
				4D9E972C2745F25A00AF9B88 /* CoreDataFeedStore.swift in Sources */,
				4DE0F9B827A8E33900DA466F /* FeedLoader.swift in Sources */,
				4D18E033281654760067B33D /* ImageCommentsMapper.swift in Sources */,
				4DAF9E7E273F528600D54018 /* LocalFeedImage.swift in Sources */,
				4DA0124F27A8DE8500562FA5 /* HTTPURLResponse+StatusCode.swift in Sources */,
				4DF6756727E043CD009A66AF /* FeedImageDataCache.swift in Sources */,
				4DA1B42327AB7C5C00552D3E /* FeedImageDataStore.swift in Sources */,
				4D3F70C727702D6000198F12 /* FeedErrorViewModel.swift in Sources */,
				4D83247A277965EC00E4F0FB /* FeedImageView.swift in Sources */,
				4DAF9E78273F455300D54018 /* FeedStore.swift in Sources */,
				4DAF9E76273F445600D54018 /* LocalFeedLoader.swift in Sources */,
				4DB6FF04273B50AC0016EBA4 /* URLSessionHTTPClient.swift in Sources */,
				4D3F70C427702CA200198F12 /* FeedPresenter.swift in Sources */,
				4DA00F7427360A0C009496D6 /* HTTPClient.swift in Sources */,
				4D9E97312746084B00AF9B88 /* ManagedCache.swift in Sources */,
				4DA1B42527AB7C9E00552D3E /* LocalFeedImageDataLoader.swift in Sources */,
				4D832478277965CD00E4F0FB /* FeedImagePresenter.swift in Sources */,
				4D23002F27DEE9B300C19EBD /* FeedCache.swift in Sources */,
				4D9E97332746088900AF9B88 /* ManagedFeedImage.swift in Sources */,
			);
			runOnlyForDeploymentPostprocessing = 0;
		};
		4D9BDBF8272F983A006D6EC7 /* Sources */ = {
			isa = PBXSourcesBuildPhase;
			buildActionMask = 2147483647;
			files = (
				4D9E97232745D38800AF9B88 /* XCTestCase+FailableInsertionFeedStoreSpecs.swift in Sources */,
				4DA0124A27A8D01400562FA5 /* HTTPClientSpy.swift in Sources */,
				4DA078832740A86E0087273A /* ValidateFeedCacheUseCaseTests.swift in Sources */,
				4D3F70B927701F7400198F12 /* FeedPresenterTests.swift in Sources */,
				4D252A1B272F9A0700FE8982 /* LoadFeedFromRemoteUseCaseTests.swift in Sources */,
				4DB5F6C027376B75007425A4 /* URLSessionHTTPClientTests.swift in Sources */,
				4D3F70CC27702F9D00198F12 /* FeedLocalizationTests.swift in Sources */,
				4DAF9E83273F609500D54018 /* FeedStoreSpy.swift in Sources */,
				4DAAA9D427ACC293005E46D3 /* CacheFeedImageDataUseCaseTests.swift in Sources */,
				4D18E0312816530F0067B33D /* LoadFeedImageCommentsFromRemoteUseCaseTests.swift in Sources */,
				4DA078852741EB690087273A /* FeedCacheTestHelper.swift in Sources */,
				4DA078872741EC3E0087273A /* SharedTestHelpers.swift in Sources */,
				4D9E97252745D4DB00AF9B88 /* XCTestCase+FailableDeletionFeedStoreSpecs.swift in Sources */,
				4DC92DEB273DFBDC00DFE9EB /* CacheFeedUseCaseTests.swift in Sources */,
				4D9C2DC72744A8C2001EA560 /* XCTestCase+FailableRetrieveFeedStoreSpecs.swift in Sources */,
				4DAF9E80273F5EAF00D54018 /* LoadFeedFromCacheUseCaseTests.swift in Sources */,
				4D9C2DC127449E85001EA560 /* FeedStoreSpecs.swift in Sources */,
				4DAAA9D227ACC07C005E46D3 /* FeedImageDataStoreSpy.swift in Sources */,
				4DAAA9D627ACD04D005E46D3 /* CoreDataFeedImageDataStoreTests.swift in Sources */,
				4DA0125227A8DFC400562FA5 /* URLProtocolStub.swift in Sources */,
				4DA46E8C278D2C8D003A5B1A /* LoadFeedImageDataFromRemoteUseCaseTests.swift in Sources */,
				4DA124FB2738E2570024ECCF /* XCTTestCase+MemoryLeakTracking.swift in Sources */,
				4D9E97272745E7C600AF9B88 /* CoreDataFeedStoreTests.swift in Sources */,
				4DA25DD02771780F00C5E2D4 /* FeedImagePresenterTests.swift in Sources */,
				4D9C2DC327449FAB001EA560 /* XCTestCase+FeedStoreSpecs.swift in Sources */,
				4DA4853327AA22F50053C1DE /* LocalFeedImageDataFromCacheUseCaseTests.swift in Sources */,
			);
			runOnlyForDeploymentPostprocessing = 0;
		};
		4DB6FF05273B59F00016EBA4 /* Sources */ = {
			isa = PBXSourcesBuildPhase;
			buildActionMask = 2147483647;
			files = (
				4DB6FF13273B66B70016EBA4 /* XCTTestCase+MemoryLeakTracking.swift in Sources */,
				4DB6FF0C273B59F00016EBA4 /* EssentialFeedAPIEndToEndTests.swift in Sources */,
			);
			runOnlyForDeploymentPostprocessing = 0;
		};
		4DD7852027F6AF5E0057EAA3 /* Sources */ = {
			isa = PBXSourcesBuildPhase;
			buildActionMask = 2147483647;
			files = (
				4DD7853127F6AFCB0057EAA3 /* FeedSnapshotTests.swift in Sources */,
				4DD7853427F6B6650057EAA3 /* UIImage+TestHelpers.swift in Sources */,
			);
			runOnlyForDeploymentPostprocessing = 0;
		};
		4DD9FD51274B187E003761C7 /* Sources */ = {
			isa = PBXSourcesBuildPhase;
			buildActionMask = 2147483647;
			files = (
				4DD7853627F6B8220057EAA3 /* UITableView+HeaderSizing.swift in Sources */,
				4DAB3619276C29C500221D11 /* ErrorView.swift in Sources */,
				4DAB361E276C31D700221D11 /* UIRefreshControl+Helpers.swift in Sources */,
				4DB8DE252761983B0091EF34 /* UITableView+Dequeueing.swift in Sources */,
				4D49A2042758686400260696 /* UIView+Shimmering.swift in Sources */,
				4DA658E3274B47AA004E8F78 /* FeedViewController.swift in Sources */,
				4DB8DE2727619A6F0091EF34 /* UIImageView+Animations.swift in Sources */,
				4DF6B76A27545F5E003A34FD /* FeedImageCell.swift in Sources */,
				4DA964852759BB5900652715 /* FeedImageCellController.swift in Sources */,
			);
			runOnlyForDeploymentPostprocessing = 0;
		};
		4DDCD8A4274725A8001C124E /* Sources */ = {
			isa = PBXSourcesBuildPhase;
			buildActionMask = 2147483647;
			files = (
				4DDCD8B427472E38001C124E /* SharedTestHelpers.swift in Sources */,
				4DDCD8B327472E2D001C124E /* FeedCacheTestHelper.swift in Sources */,
				4DDCD8B227472988001C124E /* XCTTestCase+MemoryLeakTracking.swift in Sources */,
				4DDCD8AB274725A8001C124E /* EssentialFeedCacheIntegrationTests.swift in Sources */,
			);
			runOnlyForDeploymentPostprocessing = 0;
		};
/* End PBXSourcesBuildPhase section */

/* Begin PBXTargetDependency section */
		4D9BDBFF272F983A006D6EC7 /* PBXTargetDependency */ = {
			isa = PBXTargetDependency;
			target = 4D9BDBF2272F9839006D6EC7 /* EssentialFeed */;
			targetProxy = 4D9BDBFE272F983A006D6EC7 /* PBXContainerItemProxy */;
		};
		4DB6FF0F273B59F00016EBA4 /* PBXTargetDependency */ = {
			isa = PBXTargetDependency;
			target = 4D9BDBF2272F9839006D6EC7 /* EssentialFeed */;
			targetProxy = 4DB6FF0E273B59F00016EBA4 /* PBXContainerItemProxy */;
		};
		4DD7852A27F6AF5E0057EAA3 /* PBXTargetDependency */ = {
			isa = PBXTargetDependency;
			target = 4DD9FD54274B187E003761C7 /* EssentialFeediOS */;
			targetProxy = 4DD7852927F6AF5E0057EAA3 /* PBXContainerItemProxy */;
		};
		4DDCD8AE274725A8001C124E /* PBXTargetDependency */ = {
			isa = PBXTargetDependency;
			target = 4D9BDBF2272F9839006D6EC7 /* EssentialFeed */;
			targetProxy = 4DDCD8AD274725A8001C124E /* PBXContainerItemProxy */;
		};
/* End PBXTargetDependency section */

/* Begin PBXVariantGroup section */
		4D3F70BE27702A5700198F12 /* Feed.strings */ = {
			isa = PBXVariantGroup;
			children = (
				4D3F70BD27702A5700198F12 /* en */,
				4D3F70C027702A7A00198F12 /* el */,
				4D3F70C127702A7C00198F12 /* pt-BR */,
			);
			name = Feed.strings;
			sourceTree = "<group>";
		};
/* End PBXVariantGroup section */

/* Begin XCBuildConfiguration section */
		4D9BDC05272F983A006D6EC7 /* Debug */ = {
			isa = XCBuildConfiguration;
			buildSettings = {
				ALWAYS_SEARCH_USER_PATHS = NO;
				CLANG_ANALYZER_LOCALIZABILITY_NONLOCALIZED = YES;
				CLANG_ANALYZER_NONNULL = YES;
				CLANG_ANALYZER_NUMBER_OBJECT_CONVERSION = YES_AGGRESSIVE;
				CLANG_CXX_LANGUAGE_STANDARD = "gnu++14";
				CLANG_CXX_LIBRARY = "libc++";
				CLANG_ENABLE_MODULES = YES;
				CLANG_ENABLE_OBJC_ARC = YES;
				CLANG_ENABLE_OBJC_WEAK = YES;
				CLANG_WARN_BLOCK_CAPTURE_AUTORELEASING = YES;
				CLANG_WARN_BOOL_CONVERSION = YES;
				CLANG_WARN_COMMA = YES;
				CLANG_WARN_CONSTANT_CONVERSION = YES;
				CLANG_WARN_DEPRECATED_OBJC_IMPLEMENTATIONS = YES;
				CLANG_WARN_DIRECT_OBJC_ISA_USAGE = YES_ERROR;
				CLANG_WARN_DOCUMENTATION_COMMENTS = YES;
				CLANG_WARN_EMPTY_BODY = YES;
				CLANG_WARN_ENUM_CONVERSION = YES;
				CLANG_WARN_INFINITE_RECURSION = YES;
				CLANG_WARN_INT_CONVERSION = YES;
				CLANG_WARN_NON_LITERAL_NULL_CONVERSION = YES;
				CLANG_WARN_OBJC_IMPLICIT_RETAIN_SELF = YES;
				CLANG_WARN_OBJC_LITERAL_CONVERSION = YES;
				CLANG_WARN_OBJC_ROOT_CLASS = YES_ERROR;
				CLANG_WARN_QUOTED_INCLUDE_IN_FRAMEWORK_HEADER = YES;
				CLANG_WARN_RANGE_LOOP_ANALYSIS = YES;
				CLANG_WARN_STRICT_PROTOTYPES = YES;
				CLANG_WARN_SUSPICIOUS_MOVE = YES;
				CLANG_WARN_UNGUARDED_AVAILABILITY = YES_AGGRESSIVE;
				CLANG_WARN_UNREACHABLE_CODE = YES;
				CLANG_WARN__DUPLICATE_METHOD_MATCH = YES;
				COPY_PHASE_STRIP = NO;
				CURRENT_PROJECT_VERSION = 1;
				DEBUG_INFORMATION_FORMAT = dwarf;
				ENABLE_STRICT_OBJC_MSGSEND = YES;
				ENABLE_TESTABILITY = YES;
				GCC_C_LANGUAGE_STANDARD = gnu11;
				GCC_DYNAMIC_NO_PIC = NO;
				GCC_NO_COMMON_BLOCKS = YES;
				GCC_OPTIMIZATION_LEVEL = 0;
				GCC_PREPROCESSOR_DEFINITIONS = (
					"DEBUG=1",
					"$(inherited)",
				);
				GCC_WARN_64_TO_32_BIT_CONVERSION = YES;
				GCC_WARN_ABOUT_RETURN_TYPE = YES_ERROR;
				GCC_WARN_UNDECLARED_SELECTOR = YES;
				GCC_WARN_UNINITIALIZED_AUTOS = YES_AGGRESSIVE;
				GCC_WARN_UNUSED_FUNCTION = YES;
				GCC_WARN_UNUSED_VARIABLE = YES;
				IPHONEOS_DEPLOYMENT_TARGET = 12.0;
				MACOSX_DEPLOYMENT_TARGET = 10.15;
				MTL_ENABLE_DEBUG_INFO = INCLUDE_SOURCE;
				MTL_FAST_MATH = YES;
				ONLY_ACTIVE_ARCH = YES;
				SDKROOT = macosx;
				SWIFT_ACTIVE_COMPILATION_CONDITIONS = DEBUG;
				SWIFT_OPTIMIZATION_LEVEL = "-Onone";
				VERSIONING_SYSTEM = "apple-generic";
				VERSION_INFO_PREFIX = "";
			};
			name = Debug;
		};
		4D9BDC06272F983A006D6EC7 /* Release */ = {
			isa = XCBuildConfiguration;
			buildSettings = {
				ALWAYS_SEARCH_USER_PATHS = NO;
				CLANG_ANALYZER_LOCALIZABILITY_NONLOCALIZED = YES;
				CLANG_ANALYZER_NONNULL = YES;
				CLANG_ANALYZER_NUMBER_OBJECT_CONVERSION = YES_AGGRESSIVE;
				CLANG_CXX_LANGUAGE_STANDARD = "gnu++14";
				CLANG_CXX_LIBRARY = "libc++";
				CLANG_ENABLE_MODULES = YES;
				CLANG_ENABLE_OBJC_ARC = YES;
				CLANG_ENABLE_OBJC_WEAK = YES;
				CLANG_WARN_BLOCK_CAPTURE_AUTORELEASING = YES;
				CLANG_WARN_BOOL_CONVERSION = YES;
				CLANG_WARN_COMMA = YES;
				CLANG_WARN_CONSTANT_CONVERSION = YES;
				CLANG_WARN_DEPRECATED_OBJC_IMPLEMENTATIONS = YES;
				CLANG_WARN_DIRECT_OBJC_ISA_USAGE = YES_ERROR;
				CLANG_WARN_DOCUMENTATION_COMMENTS = YES;
				CLANG_WARN_EMPTY_BODY = YES;
				CLANG_WARN_ENUM_CONVERSION = YES;
				CLANG_WARN_INFINITE_RECURSION = YES;
				CLANG_WARN_INT_CONVERSION = YES;
				CLANG_WARN_NON_LITERAL_NULL_CONVERSION = YES;
				CLANG_WARN_OBJC_IMPLICIT_RETAIN_SELF = YES;
				CLANG_WARN_OBJC_LITERAL_CONVERSION = YES;
				CLANG_WARN_OBJC_ROOT_CLASS = YES_ERROR;
				CLANG_WARN_QUOTED_INCLUDE_IN_FRAMEWORK_HEADER = YES;
				CLANG_WARN_RANGE_LOOP_ANALYSIS = YES;
				CLANG_WARN_STRICT_PROTOTYPES = YES;
				CLANG_WARN_SUSPICIOUS_MOVE = YES;
				CLANG_WARN_UNGUARDED_AVAILABILITY = YES_AGGRESSIVE;
				CLANG_WARN_UNREACHABLE_CODE = YES;
				CLANG_WARN__DUPLICATE_METHOD_MATCH = YES;
				COPY_PHASE_STRIP = NO;
				CURRENT_PROJECT_VERSION = 1;
				DEBUG_INFORMATION_FORMAT = "dwarf-with-dsym";
				ENABLE_NS_ASSERTIONS = NO;
				ENABLE_STRICT_OBJC_MSGSEND = YES;
				GCC_C_LANGUAGE_STANDARD = gnu11;
				GCC_NO_COMMON_BLOCKS = YES;
				GCC_WARN_64_TO_32_BIT_CONVERSION = YES;
				GCC_WARN_ABOUT_RETURN_TYPE = YES_ERROR;
				GCC_WARN_UNDECLARED_SELECTOR = YES;
				GCC_WARN_UNINITIALIZED_AUTOS = YES_AGGRESSIVE;
				GCC_WARN_UNUSED_FUNCTION = YES;
				GCC_WARN_UNUSED_VARIABLE = YES;
				IPHONEOS_DEPLOYMENT_TARGET = 12.0;
				MACOSX_DEPLOYMENT_TARGET = 10.15;
				MTL_ENABLE_DEBUG_INFO = NO;
				MTL_FAST_MATH = YES;
				SDKROOT = macosx;
				SWIFT_COMPILATION_MODE = wholemodule;
				SWIFT_OPTIMIZATION_LEVEL = "-O";
				VERSIONING_SYSTEM = "apple-generic";
				VERSION_INFO_PREFIX = "";
			};
			name = Release;
		};
		4D9BDC08272F983A006D6EC7 /* Debug */ = {
			isa = XCBuildConfiguration;
			buildSettings = {
				CLANG_ENABLE_MODULES = YES;
				CODE_SIGN_STYLE = Automatic;
				COMBINE_HIDPI_IMAGES = YES;
				DEFINES_MODULE = YES;
				DYLIB_COMPATIBILITY_VERSION = 1;
				DYLIB_CURRENT_VERSION = 1;
				DYLIB_INSTALL_NAME_BASE = "@rpath";
				INFOPLIST_FILE = EssentialFeed/Info.plist;
				INSTALL_PATH = "$(LOCAL_LIBRARY_DIR)/Frameworks";
				LD_RUNPATH_SEARCH_PATHS = (
					"$(inherited)",
					"@executable_path/../Frameworks",
					"@loader_path/Frameworks",
				);
				PRODUCT_BUNDLE_IDENTIFIER = milankamilya.EssentialFeed;
				PRODUCT_NAME = "$(TARGET_NAME:c99extidentifier)";
				SKIP_INSTALL = YES;
				SUPPORTED_PLATFORMS = "macosx iphoneos iphonesimulator";
				SWIFT_OPTIMIZATION_LEVEL = "-Onone";
				SWIFT_VERSION = 5.0;
			};
			name = Debug;
		};
		4D9BDC09272F983A006D6EC7 /* Release */ = {
			isa = XCBuildConfiguration;
			buildSettings = {
				CLANG_ENABLE_MODULES = YES;
				CODE_SIGN_STYLE = Automatic;
				COMBINE_HIDPI_IMAGES = YES;
				DEFINES_MODULE = YES;
				DYLIB_COMPATIBILITY_VERSION = 1;
				DYLIB_CURRENT_VERSION = 1;
				DYLIB_INSTALL_NAME_BASE = "@rpath";
				INFOPLIST_FILE = EssentialFeed/Info.plist;
				INSTALL_PATH = "$(LOCAL_LIBRARY_DIR)/Frameworks";
				LD_RUNPATH_SEARCH_PATHS = (
					"$(inherited)",
					"@executable_path/../Frameworks",
					"@loader_path/Frameworks",
				);
				PRODUCT_BUNDLE_IDENTIFIER = milankamilya.EssentialFeed;
				PRODUCT_NAME = "$(TARGET_NAME:c99extidentifier)";
				SKIP_INSTALL = YES;
				SUPPORTED_PLATFORMS = "macosx iphoneos iphonesimulator";
				SWIFT_VERSION = 5.0;
			};
			name = Release;
		};
		4D9BDC0B272F983A006D6EC7 /* Debug */ = {
			isa = XCBuildConfiguration;
			buildSettings = {
				ALWAYS_EMBED_SWIFT_STANDARD_LIBRARIES = YES;
				CODE_SIGN_STYLE = Automatic;
				COMBINE_HIDPI_IMAGES = YES;
				INFOPLIST_FILE = EssentialFeedTests/Info.plist;
				LD_RUNPATH_SEARCH_PATHS = (
					"$(inherited)",
					"@executable_path/../Frameworks",
					"@loader_path/../Frameworks",
				);
				PRODUCT_BUNDLE_IDENTIFIER = milankamilya.EssentialFeedTests;
				PRODUCT_NAME = "$(TARGET_NAME)";
				SUPPORTED_PLATFORMS = "macosx iphonesimulator iphoneos";
				SWIFT_VERSION = 5.0;
			};
			name = Debug;
		};
		4D9BDC0C272F983A006D6EC7 /* Release */ = {
			isa = XCBuildConfiguration;
			buildSettings = {
				ALWAYS_EMBED_SWIFT_STANDARD_LIBRARIES = YES;
				CODE_SIGN_STYLE = Automatic;
				COMBINE_HIDPI_IMAGES = YES;
				INFOPLIST_FILE = EssentialFeedTests/Info.plist;
				LD_RUNPATH_SEARCH_PATHS = (
					"$(inherited)",
					"@executable_path/../Frameworks",
					"@loader_path/../Frameworks",
				);
				PRODUCT_BUNDLE_IDENTIFIER = milankamilya.EssentialFeedTests;
				PRODUCT_NAME = "$(TARGET_NAME)";
				SUPPORTED_PLATFORMS = "macosx iphonesimulator iphoneos";
				SWIFT_VERSION = 5.0;
			};
			name = Release;
		};
		4DB6FF11273B59F00016EBA4 /* Debug */ = {
			isa = XCBuildConfiguration;
			buildSettings = {
				CLANG_CXX_LANGUAGE_STANDARD = "gnu++17";
				CODE_SIGN_STYLE = Automatic;
				COMBINE_HIDPI_IMAGES = YES;
				CURRENT_PROJECT_VERSION = 1;
				GENERATE_INFOPLIST_FILE = YES;
				LD_RUNPATH_SEARCH_PATHS = (
					"$(inherited)",
					"@executable_path/../Frameworks",
					"@loader_path/../Frameworks",
				);
				MARKETING_VERSION = 1.0;
				PRODUCT_BUNDLE_IDENTIFIER = milankamilya.EssentialFeedAPIEndToEndTests;
				PRODUCT_NAME = "$(TARGET_NAME)";
				SUPPORTED_PLATFORMS = "macosx iphonesimulator iphoneos";
				SWIFT_EMIT_LOC_STRINGS = NO;
				SWIFT_VERSION = 5.0;
			};
			name = Debug;
		};
		4DB6FF12273B59F00016EBA4 /* Release */ = {
			isa = XCBuildConfiguration;
			buildSettings = {
				CLANG_CXX_LANGUAGE_STANDARD = "gnu++17";
				CODE_SIGN_STYLE = Automatic;
				COMBINE_HIDPI_IMAGES = YES;
				CURRENT_PROJECT_VERSION = 1;
				GENERATE_INFOPLIST_FILE = YES;
				LD_RUNPATH_SEARCH_PATHS = (
					"$(inherited)",
					"@executable_path/../Frameworks",
					"@loader_path/../Frameworks",
				);
				MARKETING_VERSION = 1.0;
				PRODUCT_BUNDLE_IDENTIFIER = milankamilya.EssentialFeedAPIEndToEndTests;
				PRODUCT_NAME = "$(TARGET_NAME)";
				SUPPORTED_PLATFORMS = "macosx iphonesimulator iphoneos";
				SWIFT_EMIT_LOC_STRINGS = NO;
				SWIFT_VERSION = 5.0;
			};
			name = Release;
		};
		4DD7852C27F6AF5E0057EAA3 /* Debug */ = {
			isa = XCBuildConfiguration;
			buildSettings = {
				CLANG_CXX_LANGUAGE_STANDARD = "gnu++17";
				CODE_SIGN_STYLE = Automatic;
				CURRENT_PROJECT_VERSION = 1;
				DEVELOPMENT_TEAM = XF4ZFTBPZV;
				GENERATE_INFOPLIST_FILE = YES;
				IPHONEOS_DEPLOYMENT_TARGET = 15.4;
				MARKETING_VERSION = 1.0;
				PRODUCT_BUNDLE_IDENTIFIER = milankamilya.EssentialFeediOSTests;
				PRODUCT_NAME = "$(TARGET_NAME)";
				SDKROOT = iphoneos;
				SWIFT_EMIT_LOC_STRINGS = NO;
				SWIFT_VERSION = 5.0;
				TARGETED_DEVICE_FAMILY = "1,2";
			};
			name = Debug;
		};
		4DD7852D27F6AF5E0057EAA3 /* Release */ = {
			isa = XCBuildConfiguration;
			buildSettings = {
				CLANG_CXX_LANGUAGE_STANDARD = "gnu++17";
				CODE_SIGN_STYLE = Automatic;
				CURRENT_PROJECT_VERSION = 1;
				DEVELOPMENT_TEAM = XF4ZFTBPZV;
				GENERATE_INFOPLIST_FILE = YES;
				IPHONEOS_DEPLOYMENT_TARGET = 15.4;
				MARKETING_VERSION = 1.0;
				PRODUCT_BUNDLE_IDENTIFIER = milankamilya.EssentialFeediOSTests;
				PRODUCT_NAME = "$(TARGET_NAME)";
				SDKROOT = iphoneos;
				SWIFT_EMIT_LOC_STRINGS = NO;
				SWIFT_VERSION = 5.0;
				TARGETED_DEVICE_FAMILY = "1,2";
				VALIDATE_PRODUCT = YES;
			};
			name = Release;
		};
		4DD9FD65274B187E003761C7 /* Debug */ = {
			isa = XCBuildConfiguration;
			buildSettings = {
				CLANG_CXX_LANGUAGE_STANDARD = "gnu++17";
				CLANG_ENABLE_MODULES = YES;
				CODE_SIGN_STYLE = Automatic;
				CURRENT_PROJECT_VERSION = 1;
				DEFINES_MODULE = YES;
				DYLIB_COMPATIBILITY_VERSION = 1;
				DYLIB_CURRENT_VERSION = 1;
				DYLIB_INSTALL_NAME_BASE = "@rpath";
				GENERATE_INFOPLIST_FILE = YES;
				INFOPLIST_KEY_NSHumanReadableCopyright = "";
				INSTALL_PATH = "$(LOCAL_LIBRARY_DIR)/Frameworks";
				LD_RUNPATH_SEARCH_PATHS = (
					"$(inherited)",
					"@executable_path/Frameworks",
					"@loader_path/Frameworks",
				);
				MARKETING_VERSION = 1.0;
				PRODUCT_BUNDLE_IDENTIFIER = milankamilya.EssentialFeediOS;
				PRODUCT_NAME = "$(TARGET_NAME:c99extidentifier)";
				SDKROOT = iphoneos;
				SKIP_INSTALL = YES;
				SWIFT_EMIT_LOC_STRINGS = YES;
				SWIFT_OPTIMIZATION_LEVEL = "-Onone";
				SWIFT_VERSION = 5.0;
				TARGETED_DEVICE_FAMILY = "1,2";
			};
			name = Debug;
		};
		4DD9FD66274B187E003761C7 /* Release */ = {
			isa = XCBuildConfiguration;
			buildSettings = {
				CLANG_CXX_LANGUAGE_STANDARD = "gnu++17";
				CLANG_ENABLE_MODULES = YES;
				CODE_SIGN_STYLE = Automatic;
				CURRENT_PROJECT_VERSION = 1;
				DEFINES_MODULE = YES;
				DYLIB_COMPATIBILITY_VERSION = 1;
				DYLIB_CURRENT_VERSION = 1;
				DYLIB_INSTALL_NAME_BASE = "@rpath";
				GENERATE_INFOPLIST_FILE = YES;
				INFOPLIST_KEY_NSHumanReadableCopyright = "";
				INSTALL_PATH = "$(LOCAL_LIBRARY_DIR)/Frameworks";
				LD_RUNPATH_SEARCH_PATHS = (
					"$(inherited)",
					"@executable_path/Frameworks",
					"@loader_path/Frameworks",
				);
				MARKETING_VERSION = 1.0;
				PRODUCT_BUNDLE_IDENTIFIER = milankamilya.EssentialFeediOS;
				PRODUCT_NAME = "$(TARGET_NAME:c99extidentifier)";
				SDKROOT = iphoneos;
				SKIP_INSTALL = YES;
				SWIFT_EMIT_LOC_STRINGS = YES;
				SWIFT_VERSION = 5.0;
				TARGETED_DEVICE_FAMILY = "1,2";
				VALIDATE_PRODUCT = YES;
			};
			name = Release;
		};
		4DDCD8AF274725A8001C124E /* Debug */ = {
			isa = XCBuildConfiguration;
			buildSettings = {
				CLANG_CXX_LANGUAGE_STANDARD = "gnu++17";
				CODE_SIGN_STYLE = Automatic;
				COMBINE_HIDPI_IMAGES = YES;
				CURRENT_PROJECT_VERSION = 1;
				GENERATE_INFOPLIST_FILE = YES;
				LD_RUNPATH_SEARCH_PATHS = (
					"$(inherited)",
					"@executable_path/../Frameworks",
					"@loader_path/../Frameworks",
				);
				MARKETING_VERSION = 1.0;
				PRODUCT_BUNDLE_IDENTIFIER = milankamilya.EssentialFeedCacheIntegrationTests;
				PRODUCT_NAME = "$(TARGET_NAME)";
				SUPPORTED_PLATFORMS = "macosx iphoneos iphonesimulator";
				SWIFT_EMIT_LOC_STRINGS = NO;
				SWIFT_VERSION = 5.0;
			};
			name = Debug;
		};
		4DDCD8B0274725A8001C124E /* Release */ = {
			isa = XCBuildConfiguration;
			buildSettings = {
				CLANG_CXX_LANGUAGE_STANDARD = "gnu++17";
				CODE_SIGN_STYLE = Automatic;
				COMBINE_HIDPI_IMAGES = YES;
				CURRENT_PROJECT_VERSION = 1;
				GENERATE_INFOPLIST_FILE = YES;
				LD_RUNPATH_SEARCH_PATHS = (
					"$(inherited)",
					"@executable_path/../Frameworks",
					"@loader_path/../Frameworks",
				);
				MARKETING_VERSION = 1.0;
				PRODUCT_BUNDLE_IDENTIFIER = milankamilya.EssentialFeedCacheIntegrationTests;
				PRODUCT_NAME = "$(TARGET_NAME)";
				SUPPORTED_PLATFORMS = "macosx iphoneos iphonesimulator";
				SWIFT_EMIT_LOC_STRINGS = NO;
				SWIFT_VERSION = 5.0;
			};
			name = Release;
		};
/* End XCBuildConfiguration section */

/* Begin XCConfigurationList section */
		4D9BDBED272F9839006D6EC7 /* Build configuration list for PBXProject "EssentialFeed" */ = {
			isa = XCConfigurationList;
			buildConfigurations = (
				4D9BDC05272F983A006D6EC7 /* Debug */,
				4D9BDC06272F983A006D6EC7 /* Release */,
			);
			defaultConfigurationIsVisible = 0;
			defaultConfigurationName = Release;
		};
		4D9BDC07272F983A006D6EC7 /* Build configuration list for PBXNativeTarget "EssentialFeed" */ = {
			isa = XCConfigurationList;
			buildConfigurations = (
				4D9BDC08272F983A006D6EC7 /* Debug */,
				4D9BDC09272F983A006D6EC7 /* Release */,
			);
			defaultConfigurationIsVisible = 0;
			defaultConfigurationName = Release;
		};
		4D9BDC0A272F983A006D6EC7 /* Build configuration list for PBXNativeTarget "EssentialFeedTests" */ = {
			isa = XCConfigurationList;
			buildConfigurations = (
				4D9BDC0B272F983A006D6EC7 /* Debug */,
				4D9BDC0C272F983A006D6EC7 /* Release */,
			);
			defaultConfigurationIsVisible = 0;
			defaultConfigurationName = Release;
		};
		4DB6FF10273B59F00016EBA4 /* Build configuration list for PBXNativeTarget "EssentialFeedAPIEndToEndTests" */ = {
			isa = XCConfigurationList;
			buildConfigurations = (
				4DB6FF11273B59F00016EBA4 /* Debug */,
				4DB6FF12273B59F00016EBA4 /* Release */,
			);
			defaultConfigurationIsVisible = 0;
			defaultConfigurationName = Release;
		};
		4DD7852B27F6AF5E0057EAA3 /* Build configuration list for PBXNativeTarget "EssentialFeediOSTests" */ = {
			isa = XCConfigurationList;
			buildConfigurations = (
				4DD7852C27F6AF5E0057EAA3 /* Debug */,
				4DD7852D27F6AF5E0057EAA3 /* Release */,
			);
			defaultConfigurationIsVisible = 0;
			defaultConfigurationName = Release;
		};
		4DD9FD64274B187E003761C7 /* Build configuration list for PBXNativeTarget "EssentialFeediOS" */ = {
			isa = XCConfigurationList;
			buildConfigurations = (
				4DD9FD65274B187E003761C7 /* Debug */,
				4DD9FD66274B187E003761C7 /* Release */,
			);
			defaultConfigurationIsVisible = 0;
			defaultConfigurationName = Release;
		};
		4DDCD8B1274725A8001C124E /* Build configuration list for PBXNativeTarget "EssentialFeedCacheIntegrationTests" */ = {
			isa = XCConfigurationList;
			buildConfigurations = (
				4DDCD8AF274725A8001C124E /* Debug */,
				4DDCD8B0274725A8001C124E /* Release */,
			);
			defaultConfigurationIsVisible = 0;
			defaultConfigurationName = Release;
		};
/* End XCConfigurationList section */

/* Begin XCVersionGroup section */
		4D9E97282745EAE500AF9B88 /* FeedStore.xcdatamodeld */ = {
			isa = XCVersionGroup;
			children = (
				4DB9FD4A27B0CA0200059DC9 /* FeedStore2.xcdatamodel */,
				4D9E97292745EAE500AF9B88 /* FeedStore.xcdatamodel */,
			);
			currentVersion = 4DB9FD4A27B0CA0200059DC9 /* FeedStore2.xcdatamodel */;
			path = FeedStore.xcdatamodeld;
			sourceTree = "<group>";
			versionGroupType = wrapper.xcdatamodel;
		};
/* End XCVersionGroup section */
	};
	rootObject = 4D9BDBEA272F9839006D6EC7 /* Project object */;
}
