// !$*UTF8*$!
{
	archiveVersion = 1;
	classes = {
	};
	objectVersion = 55;
	objects = {

/* Begin PBXBuildFile section */
		4D82E02E27C48DCA002D5ABB /* AppDelegate.swift in Sources */ = {isa = PBXBuildFile; fileRef = 4D82E02D27C48DCA002D5ABB /* AppDelegate.swift */; };
		4D82E03027C48DCA002D5ABB /* SceneDelegate.swift in Sources */ = {isa = PBXBuildFile; fileRef = 4D82E02F27C48DCA002D5ABB /* SceneDelegate.swift */; };
		4D82E03227C48DCA002D5ABB /* ViewController.swift in Sources */ = {isa = PBXBuildFile; fileRef = 4D82E03127C48DCA002D5ABB /* ViewController.swift */; };
		4D82E03527C48DCA002D5ABB /* Main.storyboard in Resources */ = {isa = PBXBuildFile; fileRef = 4D82E03327C48DCA002D5ABB /* Main.storyboard */; };
		4D82E03727C48DCD002D5ABB /* Assets.xcassets in Resources */ = {isa = PBXBuildFile; fileRef = 4D82E03627C48DCD002D5ABB /* Assets.xcassets */; };
		4D82E03A27C48DCD002D5ABB /* LaunchScreen.storyboard in Resources */ = {isa = PBXBuildFile; fileRef = 4D82E03827C48DCD002D5ABB /* LaunchScreen.storyboard */; };
		4D82E06027C491B0002D5ABB /* EssentialFeed.framework in Frameworks */ = {isa = PBXBuildFile; fileRef = 4D82E05E27C491B0002D5ABB /* EssentialFeed.framework */; };
		4D82E06127C491B0002D5ABB /* EssentialFeed.framework in Embed Frameworks */ = {isa = PBXBuildFile; fileRef = 4D82E05E27C491B0002D5ABB /* EssentialFeed.framework */; settings = {ATTRIBUTES = (CodeSignOnCopy, RemoveHeadersOnCopy, ); }; };
		4D82E06227C491B0002D5ABB /* EssentialFeediOS.framework in Frameworks */ = {isa = PBXBuildFile; fileRef = 4D82E05F27C491B0002D5ABB /* EssentialFeediOS.framework */; };
		4D82E06327C491B0002D5ABB /* EssentialFeediOS.framework in Embed Frameworks */ = {isa = PBXBuildFile; fileRef = 4D82E05F27C491B0002D5ABB /* EssentialFeediOS.framework */; settings = {ATTRIBUTES = (CodeSignOnCopy, RemoveHeadersOnCopy, ); }; };
		4DB0ACB027C8811700015141 /* FeedLoaderWithFallbackCompositeTests.swift in Sources */ = {isa = PBXBuildFile; fileRef = 4DB0ACAF27C8811700015141 /* FeedLoaderWithFallbackCompositeTests.swift */; };
/* End PBXBuildFile section */

/* Begin PBXContainerItemProxy section */
		4D82E04127C48DCD002D5ABB /* PBXContainerItemProxy */ = {
			isa = PBXContainerItemProxy;
			containerPortal = 4D82E02227C48DCA002D5ABB /* Project object */;
			proxyType = 1;
			remoteGlobalIDString = 4D82E02927C48DCA002D5ABB;
			remoteInfo = EssentialApp;
		};
		4D82E04B27C48DCD002D5ABB /* PBXContainerItemProxy */ = {
			isa = PBXContainerItemProxy;
			containerPortal = 4D82E02227C48DCA002D5ABB /* Project object */;
			proxyType = 1;
			remoteGlobalIDString = 4D82E02927C48DCA002D5ABB;
			remoteInfo = EssentialApp;
		};
/* End PBXContainerItemProxy section */

/* Begin PBXCopyFilesBuildPhase section */
		4D82E06427C491B0002D5ABB /* Embed Frameworks */ = {
			isa = PBXCopyFilesBuildPhase;
			buildActionMask = 2147483647;
			dstPath = "";
			dstSubfolderSpec = 10;
			files = (
				4D82E06127C491B0002D5ABB /* EssentialFeed.framework in Embed Frameworks */,
				4D82E06327C491B0002D5ABB /* EssentialFeediOS.framework in Embed Frameworks */,
			);
			name = "Embed Frameworks";
			runOnlyForDeploymentPostprocessing = 0;
		};
/* End PBXCopyFilesBuildPhase section */

/* Begin PBXFileReference section */
		4D82E02A27C48DCA002D5ABB /* EssentialApp.app */ = {isa = PBXFileReference; explicitFileType = wrapper.application; includeInIndex = 0; path = EssentialApp.app; sourceTree = BUILT_PRODUCTS_DIR; };
		4D82E02D27C48DCA002D5ABB /* AppDelegate.swift */ = {isa = PBXFileReference; lastKnownFileType = sourcecode.swift; path = AppDelegate.swift; sourceTree = "<group>"; };
		4D82E02F27C48DCA002D5ABB /* SceneDelegate.swift */ = {isa = PBXFileReference; lastKnownFileType = sourcecode.swift; path = SceneDelegate.swift; sourceTree = "<group>"; };
		4D82E03127C48DCA002D5ABB /* ViewController.swift */ = {isa = PBXFileReference; lastKnownFileType = sourcecode.swift; path = ViewController.swift; sourceTree = "<group>"; };
		4D82E03427C48DCA002D5ABB /* Base */ = {isa = PBXFileReference; lastKnownFileType = file.storyboard; name = Base; path = Base.lproj/Main.storyboard; sourceTree = "<group>"; };
		4D82E03627C48DCD002D5ABB /* Assets.xcassets */ = {isa = PBXFileReference; lastKnownFileType = folder.assetcatalog; path = Assets.xcassets; sourceTree = "<group>"; };
		4D82E03927C48DCD002D5ABB /* Base */ = {isa = PBXFileReference; lastKnownFileType = file.storyboard; name = Base; path = Base.lproj/LaunchScreen.storyboard; sourceTree = "<group>"; };
		4D82E03B27C48DCD002D5ABB /* Info.plist */ = {isa = PBXFileReference; lastKnownFileType = text.plist.xml; path = Info.plist; sourceTree = "<group>"; };
		4D82E04027C48DCD002D5ABB /* EssentialAppTests.xctest */ = {isa = PBXFileReference; explicitFileType = wrapper.cfbundle; includeInIndex = 0; path = EssentialAppTests.xctest; sourceTree = BUILT_PRODUCTS_DIR; };
		4D82E04A27C48DCD002D5ABB /* EssentialAppUITests.xctest */ = {isa = PBXFileReference; explicitFileType = wrapper.cfbundle; includeInIndex = 0; path = EssentialAppUITests.xctest; sourceTree = BUILT_PRODUCTS_DIR; };
		4D82E05E27C491B0002D5ABB /* EssentialFeed.framework */ = {isa = PBXFileReference; explicitFileType = wrapper.framework; path = EssentialFeed.framework; sourceTree = BUILT_PRODUCTS_DIR; };
		4D82E05F27C491B0002D5ABB /* EssentialFeediOS.framework */ = {isa = PBXFileReference; explicitFileType = wrapper.framework; path = EssentialFeediOS.framework; sourceTree = BUILT_PRODUCTS_DIR; };
		4DB0ACAE27C8811700015141 /* EssentialAppTests-Bridging-Header.h */ = {isa = PBXFileReference; lastKnownFileType = sourcecode.c.h; path = "EssentialAppTests-Bridging-Header.h"; sourceTree = "<group>"; };
		4DB0ACAF27C8811700015141 /* FeedLoaderWithFallbackCompositeTests.swift */ = {isa = PBXFileReference; lastKnownFileType = sourcecode.swift; path = FeedLoaderWithFallbackCompositeTests.swift; sourceTree = "<group>"; };
/* End PBXFileReference section */

/* Begin PBXFrameworksBuildPhase section */
		4D82E02727C48DCA002D5ABB /* Frameworks */ = {
			isa = PBXFrameworksBuildPhase;
			buildActionMask = 2147483647;
			files = (
				4D82E06027C491B0002D5ABB /* EssentialFeed.framework in Frameworks */,
				4D82E06227C491B0002D5ABB /* EssentialFeediOS.framework in Frameworks */,
			);
			runOnlyForDeploymentPostprocessing = 0;
		};
		4D82E03D27C48DCD002D5ABB /* Frameworks */ = {
			isa = PBXFrameworksBuildPhase;
			buildActionMask = 2147483647;
			files = (
			);
			runOnlyForDeploymentPostprocessing = 0;
		};
		4D82E04727C48DCD002D5ABB /* Frameworks */ = {
			isa = PBXFrameworksBuildPhase;
			buildActionMask = 2147483647;
			files = (
			);
			runOnlyForDeploymentPostprocessing = 0;
		};
/* End PBXFrameworksBuildPhase section */

/* Begin PBXGroup section */
		4D82E02127C48DCA002D5ABB = {
			isa = PBXGroup;
			children = (
				4D82E02C27C48DCA002D5ABB /* EssentialApp */,
				4D82E04327C48DCD002D5ABB /* EssentialAppTests */,
				4D82E04D27C48DCD002D5ABB /* EssentialAppUITests */,
				4D82E02B27C48DCA002D5ABB /* Products */,
				4D82E05D27C491B0002D5ABB /* Frameworks */,
			);
			sourceTree = "<group>";
		};
		4D82E02B27C48DCA002D5ABB /* Products */ = {
			isa = PBXGroup;
			children = (
				4D82E02A27C48DCA002D5ABB /* EssentialApp.app */,
				4D82E04027C48DCD002D5ABB /* EssentialAppTests.xctest */,
				4D82E04A27C48DCD002D5ABB /* EssentialAppUITests.xctest */,
			);
			name = Products;
			sourceTree = "<group>";
		};
		4D82E02C27C48DCA002D5ABB /* EssentialApp */ = {
			isa = PBXGroup;
			children = (
				4D82E02D27C48DCA002D5ABB /* AppDelegate.swift */,
				4D82E02F27C48DCA002D5ABB /* SceneDelegate.swift */,
				4D82E03127C48DCA002D5ABB /* ViewController.swift */,
				4D82E03327C48DCA002D5ABB /* Main.storyboard */,
				4D82E03627C48DCD002D5ABB /* Assets.xcassets */,
				4D82E03827C48DCD002D5ABB /* LaunchScreen.storyboard */,
				4D82E03B27C48DCD002D5ABB /* Info.plist */,
			);
			path = EssentialApp;
			sourceTree = "<group>";
		};
		4D82E04327C48DCD002D5ABB /* EssentialAppTests */ = {
			isa = PBXGroup;
			children = (
				4DB0ACAF27C8811700015141 /* FeedLoaderWithFallbackCompositeTests.swift */,
				4DB0ACAE27C8811700015141 /* EssentialAppTests-Bridging-Header.h */,
			);
			path = EssentialAppTests;
			sourceTree = "<group>";
		};
		4D82E04D27C48DCD002D5ABB /* EssentialAppUITests */ = {
			isa = PBXGroup;
			children = (
			);
			path = EssentialAppUITests;
			sourceTree = "<group>";
		};
		4D82E05D27C491B0002D5ABB /* Frameworks */ = {
			isa = PBXGroup;
			children = (
				4D82E05E27C491B0002D5ABB /* EssentialFeed.framework */,
				4D82E05F27C491B0002D5ABB /* EssentialFeediOS.framework */,
			);
			name = Frameworks;
			sourceTree = "<group>";
		};
/* End PBXGroup section */

/* Begin PBXNativeTarget section */
		4D82E02927C48DCA002D5ABB /* EssentialApp */ = {
			isa = PBXNativeTarget;
			buildConfigurationList = 4D82E05427C48DCD002D5ABB /* Build configuration list for PBXNativeTarget "EssentialApp" */;
			buildPhases = (
				4D82E02627C48DCA002D5ABB /* Sources */,
				4D82E02727C48DCA002D5ABB /* Frameworks */,
				4D82E02827C48DCA002D5ABB /* Resources */,
				4D82E06427C491B0002D5ABB /* Embed Frameworks */,
			);
			buildRules = (
			);
			dependencies = (
			);
			name = EssentialApp;
			productName = EssentialApp;
			productReference = 4D82E02A27C48DCA002D5ABB /* EssentialApp.app */;
			productType = "com.apple.product-type.application";
		};
		4D82E03F27C48DCD002D5ABB /* EssentialAppTests */ = {
			isa = PBXNativeTarget;
			buildConfigurationList = 4D82E05727C48DCD002D5ABB /* Build configuration list for PBXNativeTarget "EssentialAppTests" */;
			buildPhases = (
				4D82E03C27C48DCD002D5ABB /* Sources */,
				4D82E03D27C48DCD002D5ABB /* Frameworks */,
				4D82E03E27C48DCD002D5ABB /* Resources */,
			);
			buildRules = (
			);
			dependencies = (
				4D82E04227C48DCD002D5ABB /* PBXTargetDependency */,
			);
			name = EssentialAppTests;
			productName = EssentialAppTests;
			productReference = 4D82E04027C48DCD002D5ABB /* EssentialAppTests.xctest */;
			productType = "com.apple.product-type.bundle.unit-test";
		};
		4D82E04927C48DCD002D5ABB /* EssentialAppUITests */ = {
			isa = PBXNativeTarget;
			buildConfigurationList = 4D82E05A27C48DCD002D5ABB /* Build configuration list for PBXNativeTarget "EssentialAppUITests" */;
			buildPhases = (
				4D82E04627C48DCD002D5ABB /* Sources */,
				4D82E04727C48DCD002D5ABB /* Frameworks */,
				4D82E04827C48DCD002D5ABB /* Resources */,
			);
			buildRules = (
			);
			dependencies = (
				4D82E04C27C48DCD002D5ABB /* PBXTargetDependency */,
			);
			name = EssentialAppUITests;
			productName = EssentialAppUITests;
			productReference = 4D82E04A27C48DCD002D5ABB /* EssentialAppUITests.xctest */;
			productType = "com.apple.product-type.bundle.ui-testing";
		};
/* End PBXNativeTarget section */

/* Begin PBXProject section */
		4D82E02227C48DCA002D5ABB /* Project object */ = {
			isa = PBXProject;
			attributes = {
				BuildIndependentTargetsInParallel = 1;
				LastSwiftUpdateCheck = 1320;
				LastUpgradeCheck = 1320;
				TargetAttributes = {
					4D82E02927C48DCA002D5ABB = {
						CreatedOnToolsVersion = 13.2.1;
					};
					4D82E03F27C48DCD002D5ABB = {
						CreatedOnToolsVersion = 13.2.1;
						LastSwiftMigration = 1320;
						TestTargetID = 4D82E02927C48DCA002D5ABB;
					};
					4D82E04927C48DCD002D5ABB = {
						CreatedOnToolsVersion = 13.2.1;
						TestTargetID = 4D82E02927C48DCA002D5ABB;
					};
				};
			};
			buildConfigurationList = 4D82E02527C48DCA002D5ABB /* Build configuration list for PBXProject "EssentialApp" */;
			compatibilityVersion = "Xcode 13.0";
			developmentRegion = en;
			hasScannedForEncodings = 0;
			knownRegions = (
				en,
				Base,
			);
			mainGroup = 4D82E02127C48DCA002D5ABB;
			productRefGroup = 4D82E02B27C48DCA002D5ABB /* Products */;
			projectDirPath = "";
			projectRoot = "";
			targets = (
				4D82E02927C48DCA002D5ABB /* EssentialApp */,
				4D82E03F27C48DCD002D5ABB /* EssentialAppTests */,
				4D82E04927C48DCD002D5ABB /* EssentialAppUITests */,
			);
		};
/* End PBXProject section */

/* Begin PBXResourcesBuildPhase section */
		4D82E02827C48DCA002D5ABB /* Resources */ = {
			isa = PBXResourcesBuildPhase;
			buildActionMask = 2147483647;
			files = (
				4D82E03A27C48DCD002D5ABB /* LaunchScreen.storyboard in Resources */,
				4D82E03727C48DCD002D5ABB /* Assets.xcassets in Resources */,
				4D82E03527C48DCA002D5ABB /* Main.storyboard in Resources */,
			);
			runOnlyForDeploymentPostprocessing = 0;
		};
		4D82E03E27C48DCD002D5ABB /* Resources */ = {
			isa = PBXResourcesBuildPhase;
			buildActionMask = 2147483647;
			files = (
			);
			runOnlyForDeploymentPostprocessing = 0;
		};
		4D82E04827C48DCD002D5ABB /* Resources */ = {
			isa = PBXResourcesBuildPhase;
			buildActionMask = 2147483647;
			files = (
			);
			runOnlyForDeploymentPostprocessing = 0;
		};
/* End PBXResourcesBuildPhase section */

/* Begin PBXSourcesBuildPhase section */
		4D82E02627C48DCA002D5ABB /* Sources */ = {
			isa = PBXSourcesBuildPhase;
			buildActionMask = 2147483647;
			files = (
				4D82E03227C48DCA002D5ABB /* ViewController.swift in Sources */,
				4D82E02E27C48DCA002D5ABB /* AppDelegate.swift in Sources */,
				4D82E03027C48DCA002D5ABB /* SceneDelegate.swift in Sources */,
			);
			runOnlyForDeploymentPostprocessing = 0;
		};
		4D82E03C27C48DCD002D5ABB /* Sources */ = {
			isa = PBXSourcesBuildPhase;
			buildActionMask = 2147483647;
			files = (
				4DB0ACB027C8811700015141 /* FeedLoaderWithFallbackCompositeTests.swift in Sources */,
			);
			runOnlyForDeploymentPostprocessing = 0;
		};
		4D82E04627C48DCD002D5ABB /* Sources */ = {
			isa = PBXSourcesBuildPhase;
			buildActionMask = 2147483647;
			files = (
			);
			runOnlyForDeploymentPostprocessing = 0;
		};
/* End PBXSourcesBuildPhase section */

/* Begin PBXTargetDependency section */
		4D82E04227C48DCD002D5ABB /* PBXTargetDependency */ = {
			isa = PBXTargetDependency;
			target = 4D82E02927C48DCA002D5ABB /* EssentialApp */;
			targetProxy = 4D82E04127C48DCD002D5ABB /* PBXContainerItemProxy */;
		};
		4D82E04C27C48DCD002D5ABB /* PBXTargetDependency */ = {
			isa = PBXTargetDependency;
			target = 4D82E02927C48DCA002D5ABB /* EssentialApp */;
			targetProxy = 4D82E04B27C48DCD002D5ABB /* PBXContainerItemProxy */;
		};
/* End PBXTargetDependency section */

/* Begin PBXVariantGroup section */
		4D82E03327C48DCA002D5ABB /* Main.storyboard */ = {
			isa = PBXVariantGroup;
			children = (
				4D82E03427C48DCA002D5ABB /* Base */,
			);
			name = Main.storyboard;
			sourceTree = "<group>";
		};
		4D82E03827C48DCD002D5ABB /* LaunchScreen.storyboard */ = {
			isa = PBXVariantGroup;
			children = (
				4D82E03927C48DCD002D5ABB /* Base */,
			);
			name = LaunchScreen.storyboard;
			sourceTree = "<group>";
		};
/* End PBXVariantGroup section */

/* Begin XCBuildConfiguration section */
		4D82E05227C48DCD002D5ABB /* Debug */ = {
			isa = XCBuildConfiguration;
			buildSettings = {
				ALWAYS_SEARCH_USER_PATHS = NO;
				CLANG_ANALYZER_NONNULL = YES;
				CLANG_ANALYZER_NUMBER_OBJECT_CONVERSION = YES_AGGRESSIVE;
				CLANG_CXX_LANGUAGE_STANDARD = "gnu++17";
				CLANG_CXX_LIBRARY = "libc++";
				CLANG_ENABLE_MODULES = YES;
				CLANG_ENABLE_OBJC_ARC = YES;
				CLANG_ENABLE_OBJC_WEAK = YES;
				CLANG_WARN_BLOCK_CAPTURE_AUTORELEASING = YES;
				CLANG_WARN_BOOL_CONVERSION = YES;
				CLANG_WARN_COMMA = YES;
				CLANG_WARN_CONSTANT_CONVERSION = YES;
				CLANG_WARN_DEPRECATED_OBJC_IMPLEMENTATIONS = YES;
				CLANG_WARN_DIRECT_OBJC_ISA_USAGE = YES_ERROR;
				CLANG_WARN_DOCUMENTATION_COMMENTS = YES;
				CLANG_WARN_EMPTY_BODY = YES;
				CLANG_WARN_ENUM_CONVERSION = YES;
				CLANG_WARN_INFINITE_RECURSION = YES;
				CLANG_WARN_INT_CONVERSION = YES;
				CLANG_WARN_NON_LITERAL_NULL_CONVERSION = YES;
				CLANG_WARN_OBJC_IMPLICIT_RETAIN_SELF = YES;
				CLANG_WARN_OBJC_LITERAL_CONVERSION = YES;
				CLANG_WARN_OBJC_ROOT_CLASS = YES_ERROR;
				CLANG_WARN_QUOTED_INCLUDE_IN_FRAMEWORK_HEADER = YES;
				CLANG_WARN_RANGE_LOOP_ANALYSIS = YES;
				CLANG_WARN_STRICT_PROTOTYPES = YES;
				CLANG_WARN_SUSPICIOUS_MOVE = YES;
				CLANG_WARN_UNGUARDED_AVAILABILITY = YES_AGGRESSIVE;
				CLANG_WARN_UNREACHABLE_CODE = YES;
				CLANG_WARN__DUPLICATE_METHOD_MATCH = YES;
				COPY_PHASE_STRIP = NO;
				DEBUG_INFORMATION_FORMAT = dwarf;
				ENABLE_STRICT_OBJC_MSGSEND = YES;
				ENABLE_TESTABILITY = YES;
				GCC_C_LANGUAGE_STANDARD = gnu11;
				GCC_DYNAMIC_NO_PIC = NO;
				GCC_NO_COMMON_BLOCKS = YES;
				GCC_OPTIMIZATION_LEVEL = 0;
				GCC_PREPROCESSOR_DEFINITIONS = (
					"DEBUG=1",
					"$(inherited)",
				);
				GCC_WARN_64_TO_32_BIT_CONVERSION = YES;
				GCC_WARN_ABOUT_RETURN_TYPE = YES_ERROR;
				GCC_WARN_UNDECLARED_SELECTOR = YES;
				GCC_WARN_UNINITIALIZED_AUTOS = YES_AGGRESSIVE;
				GCC_WARN_UNUSED_FUNCTION = YES;
				GCC_WARN_UNUSED_VARIABLE = YES;
				IPHONEOS_DEPLOYMENT_TARGET = 15.2;
				MTL_ENABLE_DEBUG_INFO = INCLUDE_SOURCE;
				MTL_FAST_MATH = YES;
				ONLY_ACTIVE_ARCH = YES;
				SDKROOT = iphoneos;
				SWIFT_ACTIVE_COMPILATION_CONDITIONS = DEBUG;
				SWIFT_OPTIMIZATION_LEVEL = "-Onone";
			};
			name = Debug;
		};
		4D82E05327C48DCD002D5ABB /* Release */ = {
			isa = XCBuildConfiguration;
			buildSettings = {
				ALWAYS_SEARCH_USER_PATHS = NO;
				CLANG_ANALYZER_NONNULL = YES;
				CLANG_ANALYZER_NUMBER_OBJECT_CONVERSION = YES_AGGRESSIVE;
				CLANG_CXX_LANGUAGE_STANDARD = "gnu++17";
				CLANG_CXX_LIBRARY = "libc++";
				CLANG_ENABLE_MODULES = YES;
				CLANG_ENABLE_OBJC_ARC = YES;
				CLANG_ENABLE_OBJC_WEAK = YES;
				CLANG_WARN_BLOCK_CAPTURE_AUTORELEASING = YES;
				CLANG_WARN_BOOL_CONVERSION = YES;
				CLANG_WARN_COMMA = YES;
				CLANG_WARN_CONSTANT_CONVERSION = YES;
				CLANG_WARN_DEPRECATED_OBJC_IMPLEMENTATIONS = YES;
				CLANG_WARN_DIRECT_OBJC_ISA_USAGE = YES_ERROR;
				CLANG_WARN_DOCUMENTATION_COMMENTS = YES;
				CLANG_WARN_EMPTY_BODY = YES;
				CLANG_WARN_ENUM_CONVERSION = YES;
				CLANG_WARN_INFINITE_RECURSION = YES;
				CLANG_WARN_INT_CONVERSION = YES;
				CLANG_WARN_NON_LITERAL_NULL_CONVERSION = YES;
				CLANG_WARN_OBJC_IMPLICIT_RETAIN_SELF = YES;
				CLANG_WARN_OBJC_LITERAL_CONVERSION = YES;
				CLANG_WARN_OBJC_ROOT_CLASS = YES_ERROR;
				CLANG_WARN_QUOTED_INCLUDE_IN_FRAMEWORK_HEADER = YES;
				CLANG_WARN_RANGE_LOOP_ANALYSIS = YES;
				CLANG_WARN_STRICT_PROTOTYPES = YES;
				CLANG_WARN_SUSPICIOUS_MOVE = YES;
				CLANG_WARN_UNGUARDED_AVAILABILITY = YES_AGGRESSIVE;
				CLANG_WARN_UNREACHABLE_CODE = YES;
				CLANG_WARN__DUPLICATE_METHOD_MATCH = YES;
				COPY_PHASE_STRIP = NO;
				DEBUG_INFORMATION_FORMAT = "dwarf-with-dsym";
				ENABLE_NS_ASSERTIONS = NO;
				ENABLE_STRICT_OBJC_MSGSEND = YES;
				GCC_C_LANGUAGE_STANDARD = gnu11;
				GCC_NO_COMMON_BLOCKS = YES;
				GCC_WARN_64_TO_32_BIT_CONVERSION = YES;
				GCC_WARN_ABOUT_RETURN_TYPE = YES_ERROR;
				GCC_WARN_UNDECLARED_SELECTOR = YES;
				GCC_WARN_UNINITIALIZED_AUTOS = YES_AGGRESSIVE;
				GCC_WARN_UNUSED_FUNCTION = YES;
				GCC_WARN_UNUSED_VARIABLE = YES;
				IPHONEOS_DEPLOYMENT_TARGET = 15.2;
				MTL_ENABLE_DEBUG_INFO = NO;
				MTL_FAST_MATH = YES;
				SDKROOT = iphoneos;
				SWIFT_COMPILATION_MODE = wholemodule;
				SWIFT_OPTIMIZATION_LEVEL = "-O";
				VALIDATE_PRODUCT = YES;
			};
			name = Release;
		};
		4D82E05527C48DCD002D5ABB /* Debug */ = {
			isa = XCBuildConfiguration;
			buildSettings = {
				ASSETCATALOG_COMPILER_APPICON_NAME = AppIcon;
				ASSETCATALOG_COMPILER_GLOBAL_ACCENT_COLOR_NAME = AccentColor;
				CODE_SIGN_STYLE = Automatic;
				CURRENT_PROJECT_VERSION = 1;
				GENERATE_INFOPLIST_FILE = YES;
				INFOPLIST_FILE = EssentialApp/Info.plist;
				INFOPLIST_KEY_UIApplicationSupportsIndirectInputEvents = YES;
				INFOPLIST_KEY_UILaunchStoryboardName = LaunchScreen;
				INFOPLIST_KEY_UIMainStoryboardFile = Main;
				INFOPLIST_KEY_UISupportedInterfaceOrientations = UIInterfaceOrientationPortrait;
				INFOPLIST_KEY_UISupportedInterfaceOrientations_iPad = "UIInterfaceOrientationPortrait UIInterfaceOrientationPortraitUpsideDown UIInterfaceOrientationLandscapeLeft UIInterfaceOrientationLandscapeRight";
				INFOPLIST_KEY_UISupportedInterfaceOrientations_iPhone = "UIInterfaceOrientationPortrait UIInterfaceOrientationLandscapeLeft UIInterfaceOrientationLandscapeRight";
				LD_RUNPATH_SEARCH_PATHS = (
					"$(inherited)",
					"@executable_path/Frameworks",
				);
				MARKETING_VERSION = 1.0;
				PRODUCT_BUNDLE_IDENTIFIER = milankamilya.EssentialApp;
				PRODUCT_NAME = "$(TARGET_NAME)";
				SWIFT_EMIT_LOC_STRINGS = YES;
				SWIFT_VERSION = 5.0;
				TARGETED_DEVICE_FAMILY = "1,2";
			};
			name = Debug;
		};
		4D82E05627C48DCD002D5ABB /* Release */ = {
			isa = XCBuildConfiguration;
			buildSettings = {
				ASSETCATALOG_COMPILER_APPICON_NAME = AppIcon;
				ASSETCATALOG_COMPILER_GLOBAL_ACCENT_COLOR_NAME = AccentColor;
				CODE_SIGN_STYLE = Automatic;
				CURRENT_PROJECT_VERSION = 1;
				GENERATE_INFOPLIST_FILE = YES;
				INFOPLIST_FILE = EssentialApp/Info.plist;
				INFOPLIST_KEY_UIApplicationSupportsIndirectInputEvents = YES;
				INFOPLIST_KEY_UILaunchStoryboardName = LaunchScreen;
				INFOPLIST_KEY_UIMainStoryboardFile = Main;
				INFOPLIST_KEY_UISupportedInterfaceOrientations = UIInterfaceOrientationPortrait;
				INFOPLIST_KEY_UISupportedInterfaceOrientations_iPad = "UIInterfaceOrientationPortrait UIInterfaceOrientationPortraitUpsideDown UIInterfaceOrientationLandscapeLeft UIInterfaceOrientationLandscapeRight";
				INFOPLIST_KEY_UISupportedInterfaceOrientations_iPhone = "UIInterfaceOrientationPortrait UIInterfaceOrientationLandscapeLeft UIInterfaceOrientationLandscapeRight";
				LD_RUNPATH_SEARCH_PATHS = (
					"$(inherited)",
					"@executable_path/Frameworks",
				);
				MARKETING_VERSION = 1.0;
				PRODUCT_BUNDLE_IDENTIFIER = milankamilya.EssentialApp;
				PRODUCT_NAME = "$(TARGET_NAME)";
				SWIFT_EMIT_LOC_STRINGS = YES;
				SWIFT_VERSION = 5.0;
				TARGETED_DEVICE_FAMILY = "1,2";
			};
			name = Release;
		};
		4D82E05827C48DCD002D5ABB /* Debug */ = {
			isa = XCBuildConfiguration;
			buildSettings = {
				ALWAYS_EMBED_SWIFT_STANDARD_LIBRARIES = YES;
				BUNDLE_LOADER = "$(TEST_HOST)";
				CLANG_ENABLE_MODULES = YES;
				CODE_SIGN_STYLE = Automatic;
				CURRENT_PROJECT_VERSION = 1;
				GENERATE_INFOPLIST_FILE = YES;
				IPHONEOS_DEPLOYMENT_TARGET = 15.2;
				LD_RUNPATH_SEARCH_PATHS = (
					"$(inherited)",
					"@executable_path/Frameworks",
					"@loader_path/Frameworks",
				);
				MARKETING_VERSION = 1.0;
				PRODUCT_BUNDLE_IDENTIFIER = milankamilya.EssentialAppTests;
				PRODUCT_NAME = "$(TARGET_NAME)";
				SWIFT_EMIT_LOC_STRINGS = NO;
				SWIFT_OBJC_BRIDGING_HEADER = "EssentialAppTests/EssentialAppTests-Bridging-Header.h";
				SWIFT_OPTIMIZATION_LEVEL = "-Onone";
				SWIFT_VERSION = 5.0;
				TARGETED_DEVICE_FAMILY = "1,2";
				TEST_HOST = "$(BUILT_PRODUCTS_DIR)/EssentialApp.app/EssentialApp";
			};
			name = Debug;
		};
		4D82E05927C48DCD002D5ABB /* Release */ = {
			isa = XCBuildConfiguration;
			buildSettings = {
				ALWAYS_EMBED_SWIFT_STANDARD_LIBRARIES = YES;
				BUNDLE_LOADER = "$(TEST_HOST)";
				CLANG_ENABLE_MODULES = YES;
				CODE_SIGN_STYLE = Automatic;
				CURRENT_PROJECT_VERSION = 1;
				GENERATE_INFOPLIST_FILE = YES;
				IPHONEOS_DEPLOYMENT_TARGET = 15.2;
				LD_RUNPATH_SEARCH_PATHS = (
					"$(inherited)",
					"@executable_path/Frameworks",
					"@loader_path/Frameworks",
				);
				MARKETING_VERSION = 1.0;
				PRODUCT_BUNDLE_IDENTIFIER = milankamilya.EssentialAppTests;
				PRODUCT_NAME = "$(TARGET_NAME)";
				SWIFT_EMIT_LOC_STRINGS = NO;
				SWIFT_OBJC_BRIDGING_HEADER = "EssentialAppTests/EssentialAppTests-Bridging-Header.h";
				SWIFT_VERSION = 5.0;
				TARGETED_DEVICE_FAMILY = "1,2";
				TEST_HOST = "$(BUILT_PRODUCTS_DIR)/EssentialApp.app/EssentialApp";
			};
			name = Release;
		};
		4D82E05B27C48DCD002D5ABB /* Debug */ = {
			isa = XCBuildConfiguration;
			buildSettings = {
				ALWAYS_EMBED_SWIFT_STANDARD_LIBRARIES = YES;
				CODE_SIGN_STYLE = Automatic;
				CURRENT_PROJECT_VERSION = 1;
				GENERATE_INFOPLIST_FILE = YES;
				MARKETING_VERSION = 1.0;
				PRODUCT_BUNDLE_IDENTIFIER = milankamilya.EssentialAppUITests;
				PRODUCT_NAME = "$(TARGET_NAME)";
				SWIFT_EMIT_LOC_STRINGS = NO;
				SWIFT_VERSION = 5.0;
				TARGETED_DEVICE_FAMILY = "1,2";
				TEST_TARGET_NAME = EssentialApp;
			};
			name = Debug;
		};
		4D82E05C27C48DCD002D5ABB /* Release */ = {
			isa = XCBuildConfiguration;
			buildSettings = {
				ALWAYS_EMBED_SWIFT_STANDARD_LIBRARIES = YES;
				CODE_SIGN_STYLE = Automatic;
				CURRENT_PROJECT_VERSION = 1;
				GENERATE_INFOPLIST_FILE = YES;
				MARKETING_VERSION = 1.0;
				PRODUCT_BUNDLE_IDENTIFIER = milankamilya.EssentialAppUITests;
				PRODUCT_NAME = "$(TARGET_NAME)";
				SWIFT_EMIT_LOC_STRINGS = NO;
				SWIFT_VERSION = 5.0;
				TARGETED_DEVICE_FAMILY = "1,2";
				TEST_TARGET_NAME = EssentialApp;
			};
			name = Release;
		};
/* End XCBuildConfiguration section */

/* Begin XCConfigurationList section */
		4D82E02527C48DCA002D5ABB /* Build configuration list for PBXProject "EssentialApp" */ = {
			isa = XCConfigurationList;
			buildConfigurations = (
				4D82E05227C48DCD002D5ABB /* Debug */,
				4D82E05327C48DCD002D5ABB /* Release */,
			);
			defaultConfigurationIsVisible = 0;
			defaultConfigurationName = Release;
		};
		4D82E05427C48DCD002D5ABB /* Build configuration list for PBXNativeTarget "EssentialApp" */ = {
			isa = XCConfigurationList;
			buildConfigurations = (
				4D82E05527C48DCD002D5ABB /* Debug */,
				4D82E05627C48DCD002D5ABB /* Release */,
			);
			defaultConfigurationIsVisible = 0;
			defaultConfigurationName = Release;
		};
		4D82E05727C48DCD002D5ABB /* Build configuration list for PBXNativeTarget "EssentialAppTests" */ = {
			isa = XCConfigurationList;
			buildConfigurations = (
				4D82E05827C48DCD002D5ABB /* Debug */,
				4D82E05927C48DCD002D5ABB /* Release */,
			);
			defaultConfigurationIsVisible = 0;
			defaultConfigurationName = Release;
		};
		4D82E05A27C48DCD002D5ABB /* Build configuration list for PBXNativeTarget "EssentialAppUITests" */ = {
			isa = XCConfigurationList;
			buildConfigurations = (
				4D82E05B27C48DCD002D5ABB /* Debug */,
				4D82E05C27C48DCD002D5ABB /* Release */,
			);
			defaultConfigurationIsVisible = 0;
			defaultConfigurationName = Release;
		};
/* End XCConfigurationList section */
	};
	rootObject = 4D82E02227C48DCA002D5ABB /* Project object */;
}
